
Microsoft Visual Studio Solution File, Format Version 12.00
Project("{FAE04EC0-301F-11D3-BF4B-00C04F79EFBC}") = "Chimera.API", "src\Chimera.API\Chimera.API.csproj", "{B1C2D3E4-F5A6-4B7C-8D9E-0F1A2B3C4D5E}"
EndProject
Project("{FAE04EC0-301F-11D3-BF4B-00C04F79EFBC}") = "Chimera.API.Core", "src\Chimera.API.Core\Chimera.API.Core.csproj", "{C2D3E4F5-A6B7-4C8D-9E0F-1A2B3C4D5E6F}"
EndProject
Project("{2150E333-8FDC-42A3-9474-1A3956D46DE8}") = "Chimera.API.Identify", "Chimera.API.Identify", "{0FA77081-E661-8E90-A1A9-88E1157E1C74}"
EndProject
Project("{2150E333-8FDC-42A3-9474-1A3956D46DE8}") = "DDD", "DDD", "{BC86583D-BEE8-6528-9A3D-8D6D2EB761B1}"
EndProject
Project("{FAE04EC0-301F-11D3-BF4B-00C04F79EFBC}") = "Chimera.API.Identify.Application", "src\Chimera.API.Identify\Chimera.API.Identify.Application\Chimera.API.Identify.Application.csproj", "{E59957D2-FBC0-43B7-BEF1-2C7354548E31}"
EndProject
Project("{FAE04EC0-301F-11D3-BF4B-00C04F79EFBC}") = "Chimera.API.Identify.Domain", "src\Chimera.API.Identify\Chimera.API.Identify.Domain\Chimera.API.Identify.Domain.csproj", "{452AFEC7-D46E-4FF9-8F19-58B046C48FFC}"
EndProject
Project("{FAE04EC0-301F-11D3-BF4B-00C04F79EFBC}") = "Chimera.API.Identify.Infrastructure", "src\Chimera.API.Identify\Chimera.API.Identify.Infrastructure\Chimera.API.Identify.Infrastructure.csproj", "{90B0C4C4-0441-4CDF-89CA-AC8686FBE4A5}"
EndProject
Project("{2150E333-8FDC-42A3-9474-1A3956D46DE8}") = "Transport", "Transport", "{EEC5429F-3BC1-805C-EC0B-6D4E6D254122}"
EndProject
Project("{FAE04EC0-301F-11D3-BF4B-00C04F79EFBC}") = "Chimera.API.Identify.REST", "src\Chimera.API.Identify\Chimera.API.Identify.REST\Chimera.API.Identify.REST.csproj", "{5CD702D4-CAA4-42AA-BF20-D331EFCB6A7C}"
EndProject
Project("{FAE04EC0-301F-11D3-BF4B-00C04F79EFBC}") = "Chimera.API.Identify.REST.Models", "src\Chimera.API.Identify\Chimera.API.Identify.REST.Models\Chimera.API.Identify.REST.Models.csproj", "{E022C6EF-3021-449C-A200-ECFE81359384}"
EndProject
Project("{FAE04EC0-301F-11D3-BF4B-00C04F79EFBC}") = "Chimera.API.Identify.Grpc", "src\Chimera.API.Identify\Chimera.API.Identify.Grpc\Chimera.API.Identify.Grpc.csproj", "{9C24533A-792F-4784-8535-B7B3B9BDA0FE}"
EndProject
Project("{FAE04EC0-301F-11D3-BF4B-00C04F79EFBC}") = "Chimera.API.Identify.Grpc.Contracts", "src\Chimera.API.Identify\Chimera.API.Identify.Grpc.Contracts\Chimera.API.Identify.Grpc.Contracts.csproj", "{6AF5A6C0-7C5D-4484-ABE2-065CC11A17DB}"
EndProject
Project("{FAE04EC0-301F-11D3-BF4B-00C04F79EFBC}") = "Chimera.API.Identify.Grpc.Auth.Service", "src\Chimera.API.Identify\Chimera.API.Identify.Grpc.Auth.Service\Chimera.API.Identify.Grpc.Auth.Service.csproj", "{9C4ED714-2965-4346-AEF3-1DE184486F3A}"
EndProject
Project("{2150E333-8FDC-42A3-9474-1A3956D46DE8}") = "Chimera.API.Connector", "Chimera.API.Connector", "{A1B2C3D4-E5F6-4A5B-8C9D-0E1F2A3B4C5D}"
EndProject
Project("{FAE04EC0-301F-11D3-BF4B-00C04F79EFBC}") = "Chimera.API.Connector.Application", "src\Chimera.API.Connector\Chimera.API.Connector.Application\Chimera.API.Connector.Application.csproj", "{D1E2F3A4-B5C6-4D7E-8F9A-0B1C2D3E4F5A}"
EndProject
Project("{FAE04EC0-301F-11D3-BF4B-00C04F79EFBC}") = "Chimera.API.Connector.Infrastructure", "src\Chimera.API.Connector\Chimera.API.Connector.Infrastructure\Chimera.API.Connector.Infrastructure.csproj", "{E2F3A4B5-C6D7-4E8F-9A0B-1C2D3E4F5A6B}"
EndProject
Project("{FAE04EC0-301F-11D3-BF4B-00C04F79EFBC}") = "Chimera.API.Connector.Discord", "src\Chimera.API.Connector\Chimera.API.Connector.Discord\Chimera.API.Connector.Discord.csproj", "{F3A4B5C6-D7E8-4F9A-0B1C-2D3E4F5A6B7C}"
EndProject
Project("{2150E333-8FDC-42A3-9474-1A3956D46DE8}") = "Chimera.API.Synapse", "Chimera.API.Synapse", "{7A8B9C0D-1E2F-4A3B-8C9D-0E1F2A3B4C5D}"
EndProject
Project("{FAE04EC0-301F-11D3-BF4B-00C04F79EFBC}") = "Chimera.API.Synapse.Application", "src\Chimera.API.Synapse\Chimera.API.Synapse.Application\Chimera.API.Synapse.Application.csproj", "{4D5E6F7A-8B9C-4D0E-1F2A-3B4C5D6E7F8A}"
EndProject
Project("{FAE04EC0-301F-11D3-BF4B-00C04F79EFBC}") = "Chimera.API.Synapse.Infrastructure", "src\Chimera.API.Synapse\Chimera.API.Synapse.Infrastructure\Chimera.API.Synapse.Infrastructure.csproj", "{3C4D5E6F-7A8B-4C9D-0E1F-2A3B4C5D6E7F}"
EndProject
Project("{2150E333-8FDC-42A3-9474-1A3956D46DE8}") = "Chimera.API.Soul", "Chimera.API.Soul", "{8B9C0D1E-2F3A-4B5C-9D0E-1F2A3B4C5D6E}"
EndProject
Project("{FAE04EC0-301F-11D3-BF4B-00C04F79EFBC}") = "Chimera.API.Soul.Application", "src\Chimera.API.Soul\Chimera.API.Soul.Application\Chimera.API.Soul.Application.csproj", "{B2C3D4E5-F6A7-4B8C-9D0E-1F2A3B4C5D6E}"
EndProject
Project("{FAE04EC0-301F-11D3-BF4B-00C04F79EFBC}") = "Chimera.API.Soul.Infrastructure", "src\Chimera.API.Soul\Chimera.API.Soul.Infrastructure\Chimera.API.Soul.Infrastructure.csproj", "{C3D4E5F6-A7B8-4C9D-0E1F-2A3B4C5D6E7F}"
EndProject
Global
	GlobalSection(SolutionConfigurationPlatforms) = preSolution
		Debug|Any CPU = Debug|Any CPU
		Debug|x64 = Debug|x64
		Debug|x86 = Debug|x86
		Release|Any CPU = Release|Any CPU
		Release|x64 = Release|x64
		Release|x86 = Release|x86
	EndGlobalSection
	GlobalSection(ProjectConfigurationPlatforms) = postSolution
		{B1C2D3E4-F5A6-4B7C-8D9E-0F1A2B3C4D5E}.Debug|Any CPU.ActiveCfg = Debug|Any CPU
		{B1C2D3E4-F5A6-4B7C-8D9E-0F1A2B3C4D5E}.Debug|Any CPU.Build.0 = Debug|Any CPU
		{B1C2D3E4-F5A6-4B7C-8D9E-0F1A2B3C4D5E}.Debug|x64.ActiveCfg = Debug|Any CPU
		{B1C2D3E4-F5A6-4B7C-8D9E-0F1A2B3C4D5E}.Debug|x64.Build.0 = Debug|Any CPU
		{B1C2D3E4-F5A6-4B7C-8D9E-0F1A2B3C4D5E}.Debug|x86.ActiveCfg = Debug|Any CPU
		{B1C2D3E4-F5A6-4B7C-8D9E-0F1A2B3C4D5E}.Debug|x86.Build.0 = Debug|Any CPU
		{B1C2D3E4-F5A6-4B7C-8D9E-0F1A2B3C4D5E}.Release|Any CPU.ActiveCfg = Release|Any CPU
		{B1C2D3E4-F5A6-4B7C-8D9E-0F1A2B3C4D5E}.Release|Any CPU.Build.0 = Release|Any CPU
		{B1C2D3E4-F5A6-4B7C-8D9E-0F1A2B3C4D5E}.Release|x64.ActiveCfg = Release|Any CPU
		{B1C2D3E4-F5A6-4B7C-8D9E-0F1A2B3C4D5E}.Release|x64.Build.0 = Release|Any CPU
		{B1C2D3E4-F5A6-4B7C-8D9E-0F1A2B3C4D5E}.Release|x86.ActiveCfg = Release|Any CPU
		{B1C2D3E4-F5A6-4B7C-8D9E-0F1A2B3C4D5E}.Release|x86.Build.0 = Release|Any CPU
		{C2D3E4F5-A6B7-4C8D-9E0F-1A2B3C4D5E6F}.Debug|Any CPU.ActiveCfg = Debug|Any CPU
		{C2D3E4F5-A6B7-4C8D-9E0F-1A2B3C4D5E6F}.Debug|Any CPU.Build.0 = Debug|Any CPU
		{C2D3E4F5-A6B7-4C8D-9E0F-1A2B3C4D5E6F}.Debug|x64.ActiveCfg = Debug|Any CPU
		{C2D3E4F5-A6B7-4C8D-9E0F-1A2B3C4D5E6F}.Debug|x64.Build.0 = Debug|Any CPU
		{C2D3E4F5-A6B7-4C8D-9E0F-1A2B3C4D5E6F}.Debug|x86.ActiveCfg = Debug|Any CPU
		{C2D3E4F5-A6B7-4C8D-9E0F-1A2B3C4D5E6F}.Debug|x86.Build.0 = Debug|Any CPU
		{C2D3E4F5-A6B7-4C8D-9E0F-1A2B3C4D5E6F}.Release|Any CPU.ActiveCfg = Release|Any CPU
		{C2D3E4F5-A6B7-4C8D-9E0F-1A2B3C4D5E6F}.Release|Any CPU.Build.0 = Release|Any CPU
		{C2D3E4F5-A6B7-4C8D-9E0F-1A2B3C4D5E6F}.Release|x64.ActiveCfg = Release|Any CPU
		{C2D3E4F5-A6B7-4C8D-9E0F-1A2B3C4D5E6F}.Release|x64.Build.0 = Release|Any CPU
		{C2D3E4F5-A6B7-4C8D-9E0F-1A2B3C4D5E6F}.Release|x86.ActiveCfg = Release|Any CPU
		{C2D3E4F5-A6B7-4C8D-9E0F-1A2B3C4D5E6F}.Release|x86.Build.0 = Release|Any CPU
		{E59957D2-FBC0-43B7-BEF1-2C7354548E31}.Debug|Any CPU.ActiveCfg = Debug|Any CPU
		{E59957D2-FBC0-43B7-BEF1-2C7354548E31}.Debug|Any CPU.Build.0 = Debug|Any CPU
		{E59957D2-FBC0-43B7-BEF1-2C7354548E31}.Debug|x64.ActiveCfg = Debug|Any CPU
		{E59957D2-FBC0-43B7-BEF1-2C7354548E31}.Debug|x64.Build.0 = Debug|Any CPU
		{E59957D2-FBC0-43B7-BEF1-2C7354548E31}.Debug|x86.ActiveCfg = Debug|Any CPU
		{E59957D2-FBC0-43B7-BEF1-2C7354548E31}.Debug|x86.Build.0 = Debug|Any CPU
		{E59957D2-FBC0-43B7-BEF1-2C7354548E31}.Release|Any CPU.ActiveCfg = Release|Any CPU
		{E59957D2-FBC0-43B7-BEF1-2C7354548E31}.Release|Any CPU.Build.0 = Release|Any CPU
		{E59957D2-FBC0-43B7-BEF1-2C7354548E31}.Release|x64.ActiveCfg = Release|Any CPU
		{E59957D2-FBC0-43B7-BEF1-2C7354548E31}.Release|x64.Build.0 = Release|Any CPU
		{E59957D2-FBC0-43B7-BEF1-2C7354548E31}.Release|x86.ActiveCfg = Release|Any CPU
		{E59957D2-FBC0-43B7-BEF1-2C7354548E31}.Release|x86.Build.0 = Release|Any CPU
		{452AFEC7-D46E-4FF9-8F19-58B046C48FFC}.Debug|Any CPU.ActiveCfg = Debug|Any CPU
		{452AFEC7-D46E-4FF9-8F19-58B046C48FFC}.Debug|Any CPU.Build.0 = Debug|Any CPU
		{452AFEC7-D46E-4FF9-8F19-58B046C48FFC}.Debug|x64.ActiveCfg = Debug|Any CPU
		{452AFEC7-D46E-4FF9-8F19-58B046C48FFC}.Debug|x64.Build.0 = Debug|Any CPU
		{452AFEC7-D46E-4FF9-8F19-58B046C48FFC}.Debug|x86.ActiveCfg = Debug|Any CPU
		{452AFEC7-D46E-4FF9-8F19-58B046C48FFC}.Debug|x86.Build.0 = Debug|Any CPU
		{452AFEC7-D46E-4FF9-8F19-58B046C48FFC}.Release|Any CPU.ActiveCfg = Release|Any CPU
		{452AFEC7-D46E-4FF9-8F19-58B046C48FFC}.Release|Any CPU.Build.0 = Release|Any CPU
		{452AFEC7-D46E-4FF9-8F19-58B046C48FFC}.Release|x64.ActiveCfg = Release|Any CPU
		{452AFEC7-D46E-4FF9-8F19-58B046C48FFC}.Release|x64.Build.0 = Release|Any CPU
		{452AFEC7-D46E-4FF9-8F19-58B046C48FFC}.Release|x86.ActiveCfg = Release|Any CPU
		{452AFEC7-D46E-4FF9-8F19-58B046C48FFC}.Release|x86.Build.0 = Release|Any CPU
		{90B0C4C4-0441-4CDF-89CA-AC8686FBE4A5}.Debug|Any CPU.ActiveCfg = Debug|Any CPU
		{90B0C4C4-0441-4CDF-89CA-AC8686FBE4A5}.Debug|Any CPU.Build.0 = Debug|Any CPU
		{90B0C4C4-0441-4CDF-89CA-AC8686FBE4A5}.Debug|x64.ActiveCfg = Debug|Any CPU
		{90B0C4C4-0441-4CDF-89CA-AC8686FBE4A5}.Debug|x64.Build.0 = Debug|Any CPU
		{90B0C4C4-0441-4CDF-89CA-AC8686FBE4A5}.Debug|x86.ActiveCfg = Debug|Any CPU
		{90B0C4C4-0441-4CDF-89CA-AC8686FBE4A5}.Debug|x86.Build.0 = Debug|Any CPU
		{90B0C4C4-0441-4CDF-89CA-AC8686FBE4A5}.Release|Any CPU.ActiveCfg = Release|Any CPU
		{90B0C4C4-0441-4CDF-89CA-AC8686FBE4A5}.Release|Any CPU.Build.0 = Release|Any CPU
		{90B0C4C4-0441-4CDF-89CA-AC8686FBE4A5}.Release|x64.ActiveCfg = Release|Any CPU
		{90B0C4C4-0441-4CDF-89CA-AC8686FBE4A5}.Release|x64.Build.0 = Release|Any CPU
		{90B0C4C4-0441-4CDF-89CA-AC8686FBE4A5}.Release|x86.ActiveCfg = Release|Any CPU
		{90B0C4C4-0441-4CDF-89CA-AC8686FBE4A5}.Release|x86.Build.0 = Release|Any CPU
		{5CD702D4-CAA4-42AA-BF20-D331EFCB6A7C}.Debug|Any CPU.ActiveCfg = Debug|Any CPU
		{5CD702D4-CAA4-42AA-BF20-D331EFCB6A7C}.Debug|Any CPU.Build.0 = Debug|Any CPU
		{5CD702D4-CAA4-42AA-BF20-D331EFCB6A7C}.Debug|x64.ActiveCfg = Debug|Any CPU
		{5CD702D4-CAA4-42AA-BF20-D331EFCB6A7C}.Debug|x64.Build.0 = Debug|Any CPU
		{5CD702D4-CAA4-42AA-BF20-D331EFCB6A7C}.Debug|x86.ActiveCfg = Debug|Any CPU
		{5CD702D4-CAA4-42AA-BF20-D331EFCB6A7C}.Debug|x86.Build.0 = Debug|Any CPU
		{5CD702D4-CAA4-42AA-BF20-D331EFCB6A7C}.Release|Any CPU.ActiveCfg = Release|Any CPU
		{5CD702D4-CAA4-42AA-BF20-D331EFCB6A7C}.Release|Any CPU.Build.0 = Release|Any CPU
		{5CD702D4-CAA4-42AA-BF20-D331EFCB6A7C}.Release|x64.ActiveCfg = Release|Any CPU
		{5CD702D4-CAA4-42AA-BF20-D331EFCB6A7C}.Release|x64.Build.0 = Release|Any CPU
		{5CD702D4-CAA4-42AA-BF20-D331EFCB6A7C}.Release|x86.ActiveCfg = Release|Any CPU
		{5CD702D4-CAA4-42AA-BF20-D331EFCB6A7C}.Release|x86.Build.0 = Release|Any CPU
		{E022C6EF-3021-449C-A200-ECFE81359384}.Debug|Any CPU.ActiveCfg = Debug|Any CPU
		{E022C6EF-3021-449C-A200-ECFE81359384}.Debug|Any CPU.Build.0 = Debug|Any CPU
		{E022C6EF-3021-449C-A200-ECFE81359384}.Debug|x64.ActiveCfg = Debug|Any CPU
		{E022C6EF-3021-449C-A200-ECFE81359384}.Debug|x64.Build.0 = Debug|Any CPU
		{E022C6EF-3021-449C-A200-ECFE81359384}.Debug|x86.ActiveCfg = Debug|Any CPU
		{E022C6EF-3021-449C-A200-ECFE81359384}.Debug|x86.Build.0 = Debug|Any CPU
		{E022C6EF-3021-449C-A200-ECFE81359384}.Release|Any CPU.ActiveCfg = Release|Any CPU
		{E022C6EF-3021-449C-A200-ECFE81359384}.Release|Any CPU.Build.0 = Release|Any CPU
		{E022C6EF-3021-449C-A200-ECFE81359384}.Release|x64.ActiveCfg = Release|Any CPU
		{E022C6EF-3021-449C-A200-ECFE81359384}.Release|x64.Build.0 = Release|Any CPU
		{E022C6EF-3021-449C-A200-ECFE81359384}.Release|x86.ActiveCfg = Release|Any CPU
		{E022C6EF-3021-449C-A200-ECFE81359384}.Release|x86.Build.0 = Release|Any CPU
		{9C24533A-792F-4784-8535-B7B3B9BDA0FE}.Debug|Any CPU.ActiveCfg = Debug|Any CPU
		{9C24533A-792F-4784-8535-B7B3B9BDA0FE}.Debug|Any CPU.Build.0 = Debug|Any CPU
		{9C24533A-792F-4784-8535-B7B3B9BDA0FE}.Debug|x64.ActiveCfg = Debug|Any CPU
		{9C24533A-792F-4784-8535-B7B3B9BDA0FE}.Debug|x64.Build.0 = Debug|Any CPU
		{9C24533A-792F-4784-8535-B7B3B9BDA0FE}.Debug|x86.ActiveCfg = Debug|Any CPU
		{9C24533A-792F-4784-8535-B7B3B9BDA0FE}.Debug|x86.Build.0 = Debug|Any CPU
		{9C24533A-792F-4784-8535-B7B3B9BDA0FE}.Release|Any CPU.ActiveCfg = Release|Any CPU
		{9C24533A-792F-4784-8535-B7B3B9BDA0FE}.Release|Any CPU.Build.0 = Release|Any CPU
		{9C24533A-792F-4784-8535-B7B3B9BDA0FE}.Release|x64.ActiveCfg = Release|Any CPU
		{9C24533A-792F-4784-8535-B7B3B9BDA0FE}.Release|x64.Build.0 = Release|Any CPU
		{9C24533A-792F-4784-8535-B7B3B9BDA0FE}.Release|x86.ActiveCfg = Release|Any CPU
		{9C24533A-792F-4784-8535-B7B3B9BDA0FE}.Release|x86.Build.0 = Release|Any CPU
		{6AF5A6C0-7C5D-4484-ABE2-065CC11A17DB}.Debug|Any CPU.ActiveCfg = Debug|Any CPU
		{6AF5A6C0-7C5D-4484-ABE2-065CC11A17DB}.Debug|Any CPU.Build.0 = Debug|Any CPU
		{6AF5A6C0-7C5D-4484-ABE2-065CC11A17DB}.Debug|x64.ActiveCfg = Debug|Any CPU
		{6AF5A6C0-7C5D-4484-ABE2-065CC11A17DB}.Debug|x64.Build.0 = Debug|Any CPU
		{6AF5A6C0-7C5D-4484-ABE2-065CC11A17DB}.Debug|x86.ActiveCfg = Debug|Any CPU
		{6AF5A6C0-7C5D-4484-ABE2-065CC11A17DB}.Debug|x86.Build.0 = Debug|Any CPU
		{6AF5A6C0-7C5D-4484-ABE2-065CC11A17DB}.Release|Any CPU.ActiveCfg = Release|Any CPU
		{6AF5A6C0-7C5D-4484-ABE2-065CC11A17DB}.Release|Any CPU.Build.0 = Release|Any CPU
		{6AF5A6C0-7C5D-4484-ABE2-065CC11A17DB}.Release|x64.ActiveCfg = Release|Any CPU
		{6AF5A6C0-7C5D-4484-ABE2-065CC11A17DB}.Release|x64.Build.0 = Release|Any CPU
		{6AF5A6C0-7C5D-4484-ABE2-065CC11A17DB}.Release|x86.ActiveCfg = Release|Any CPU
		{6AF5A6C0-7C5D-4484-ABE2-065CC11A17DB}.Release|x86.Build.0 = Release|Any CPU
		{9C4ED714-2965-4346-AEF3-1DE184486F3A}.Debug|Any CPU.ActiveCfg = Debug|Any CPU
		{9C4ED714-2965-4346-AEF3-1DE184486F3A}.Debug|Any CPU.Build.0 = Debug|Any CPU
		{9C4ED714-2965-4346-AEF3-1DE184486F3A}.Debug|x64.ActiveCfg = Debug|Any CPU
		{9C4ED714-2965-4346-AEF3-1DE184486F3A}.Debug|x64.Build.0 = Debug|Any CPU
		{9C4ED714-2965-4346-AEF3-1DE184486F3A}.Debug|x86.ActiveCfg = Debug|Any CPU
		{9C4ED714-2965-4346-AEF3-1DE184486F3A}.Debug|x86.Build.0 = Debug|Any CPU
		{9C4ED714-2965-4346-AEF3-1DE184486F3A}.Release|Any CPU.ActiveCfg = Release|Any CPU
		{9C4ED714-2965-4346-AEF3-1DE184486F3A}.Release|Any CPU.Build.0 = Release|Any CPU
		{9C4ED714-2965-4346-AEF3-1DE184486F3A}.Release|x64.ActiveCfg = Release|Any CPU
		{9C4ED714-2965-4346-AEF3-1DE184486F3A}.Release|x64.Build.0 = Release|Any CPU
		{9C4ED714-2965-4346-AEF3-1DE184486F3A}.Release|x86.ActiveCfg = Release|Any CPU
		{9C4ED714-2965-4346-AEF3-1DE184486F3A}.Release|x86.Build.0 = Release|Any CPU
		{D1E2F3A4-B5C6-4D7E-8F9A-0B1C2D3E4F5A}.Debug|Any CPU.ActiveCfg = Debug|Any CPU
		{D1E2F3A4-B5C6-4D7E-8F9A-0B1C2D3E4F5A}.Debug|Any CPU.Build.0 = Debug|Any CPU
		{D1E2F3A4-B5C6-4D7E-8F9A-0B1C2D3E4F5A}.Debug|x64.ActiveCfg = Debug|Any CPU
		{D1E2F3A4-B5C6-4D7E-8F9A-0B1C2D3E4F5A}.Debug|x64.Build.0 = Debug|Any CPU
		{D1E2F3A4-B5C6-4D7E-8F9A-0B1C2D3E4F5A}.Debug|x86.ActiveCfg = Debug|Any CPU
		{D1E2F3A4-B5C6-4D7E-8F9A-0B1C2D3E4F5A}.Debug|x86.Build.0 = Debug|Any CPU
		{D1E2F3A4-B5C6-4D7E-8F9A-0B1C2D3E4F5A}.Release|Any CPU.ActiveCfg = Release|Any CPU
		{D1E2F3A4-B5C6-4D7E-8F9A-0B1C2D3E4F5A}.Release|Any CPU.Build.0 = Release|Any CPU
		{D1E2F3A4-B5C6-4D7E-8F9A-0B1C2D3E4F5A}.Release|x64.ActiveCfg = Release|Any CPU
		{D1E2F3A4-B5C6-4D7E-8F9A-0B1C2D3E4F5A}.Release|x64.Build.0 = Release|Any CPU
		{D1E2F3A4-B5C6-4D7E-8F9A-0B1C2D3E4F5A}.Release|x86.ActiveCfg = Release|Any CPU
		{D1E2F3A4-B5C6-4D7E-8F9A-0B1C2D3E4F5A}.Release|x86.Build.0 = Release|Any CPU
		{E2F3A4B5-C6D7-4E8F-9A0B-1C2D3E4F5A6B}.Debug|Any CPU.ActiveCfg = Debug|Any CPU
		{E2F3A4B5-C6D7-4E8F-9A0B-1C2D3E4F5A6B}.Debug|Any CPU.Build.0 = Debug|Any CPU
		{E2F3A4B5-C6D7-4E8F-9A0B-1C2D3E4F5A6B}.Debug|x64.ActiveCfg = Debug|Any CPU
		{E2F3A4B5-C6D7-4E8F-9A0B-1C2D3E4F5A6B}.Debug|x64.Build.0 = Debug|Any CPU
		{E2F3A4B5-C6D7-4E8F-9A0B-1C2D3E4F5A6B}.Debug|x86.ActiveCfg = Debug|Any CPU
		{E2F3A4B5-C6D7-4E8F-9A0B-1C2D3E4F5A6B}.Debug|x86.Build.0 = Debug|Any CPU
		{E2F3A4B5-C6D7-4E8F-9A0B-1C2D3E4F5A6B}.Release|Any CPU.ActiveCfg = Release|Any CPU
		{E2F3A4B5-C6D7-4E8F-9A0B-1C2D3E4F5A6B}.Release|Any CPU.Build.0 = Release|Any CPU
		{E2F3A4B5-C6D7-4E8F-9A0B-1C2D3E4F5A6B}.Release|x64.ActiveCfg = Release|Any CPU
		{E2F3A4B5-C6D7-4E8F-9A0B-1C2D3E4F5A6B}.Release|x64.Build.0 = Release|Any CPU
		{E2F3A4B5-C6D7-4E8F-9A0B-1C2D3E4F5A6B}.Release|x86.ActiveCfg = Release|Any CPU
		{E2F3A4B5-C6D7-4E8F-9A0B-1C2D3E4F5A6B}.Release|x86.Build.0 = Release|Any CPU
		{F3A4B5C6-D7E8-4F9A-0B1C-2D3E4F5A6B7C}.Debug|Any CPU.ActiveCfg = Debug|Any CPU
		{F3A4B5C6-D7E8-4F9A-0B1C-2D3E4F5A6B7C}.Debug|Any CPU.Build.0 = Debug|Any CPU
		{F3A4B5C6-D7E8-4F9A-0B1C-2D3E4F5A6B7C}.Debug|x64.ActiveCfg = Debug|Any CPU
		{F3A4B5C6-D7E8-4F9A-0B1C-2D3E4F5A6B7C}.Debug|x64.Build.0 = Debug|Any CPU
		{F3A4B5C6-D7E8-4F9A-0B1C-2D3E4F5A6B7C}.Debug|x86.ActiveCfg = Debug|Any CPU
		{F3A4B5C6-D7E8-4F9A-0B1C-2D3E4F5A6B7C}.Debug|x86.Build.0 = Debug|Any CPU
		{F3A4B5C6-D7E8-4F9A-0B1C-2D3E4F5A6B7C}.Release|Any CPU.ActiveCfg = Release|Any CPU
		{F3A4B5C6-D7E8-4F9A-0B1C-2D3E4F5A6B7C}.Release|Any CPU.Build.0 = Release|Any CPU
		{F3A4B5C6-D7E8-4F9A-0B1C-2D3E4F5A6B7C}.Release|x64.ActiveCfg = Release|Any CPU
		{F3A4B5C6-D7E8-4F9A-0B1C-2D3E4F5A6B7C}.Release|x64.Build.0 = Release|Any CPU
		{F3A4B5C6-D7E8-4F9A-0B1C-2D3E4F5A6B7C}.Release|x86.ActiveCfg = Release|Any CPU
		{F3A4B5C6-D7E8-4F9A-0B1C-2D3E4F5A6B7C}.Release|x86.Build.0 = Release|Any CPU
		{4D5E6F7A-8B9C-4D0E-1F2A-3B4C5D6E7F8A}.Debug|Any CPU.ActiveCfg = Debug|Any CPU
		{4D5E6F7A-8B9C-4D0E-1F2A-3B4C5D6E7F8A}.Debug|Any CPU.Build.0 = Debug|Any CPU
		{4D5E6F7A-8B9C-4D0E-1F2A-3B4C5D6E7F8A}.Debug|x64.ActiveCfg = Debug|Any CPU
		{4D5E6F7A-8B9C-4D0E-1F2A-3B4C5D6E7F8A}.Debug|x64.Build.0 = Debug|Any CPU
		{4D5E6F7A-8B9C-4D0E-1F2A-3B4C5D6E7F8A}.Debug|x86.ActiveCfg = Debug|Any CPU
		{4D5E6F7A-8B9C-4D0E-1F2A-3B4C5D6E7F8A}.Debug|x86.Build.0 = Debug|Any CPU
		{4D5E6F7A-8B9C-4D0E-1F2A-3B4C5D6E7F8A}.Release|Any CPU.ActiveCfg = Release|Any CPU
		{4D5E6F7A-8B9C-4D0E-1F2A-3B4C5D6E7F8A}.Release|Any CPU.Build.0 = Release|Any CPU
		{4D5E6F7A-8B9C-4D0E-1F2A-3B4C5D6E7F8A}.Release|x64.ActiveCfg = Release|Any CPU
		{4D5E6F7A-8B9C-4D0E-1F2A-3B4C5D6E7F8A}.Release|x64.Build.0 = Release|Any CPU
		{4D5E6F7A-8B9C-4D0E-1F2A-3B4C5D6E7F8A}.Release|x86.ActiveCfg = Release|Any CPU
		{4D5E6F7A-8B9C-4D0E-1F2A-3B4C5D6E7F8A}.Release|x86.Build.0 = Release|Any CPU
		{3C4D5E6F-7A8B-4C9D-0E1F-2A3B4C5D6E7F}.Debug|Any CPU.ActiveCfg = Debug|Any CPU
		{3C4D5E6F-7A8B-4C9D-0E1F-2A3B4C5D6E7F}.Debug|Any CPU.Build.0 = Debug|Any CPU
		{3C4D5E6F-7A8B-4C9D-0E1F-2A3B4C5D6E7F}.Debug|x64.ActiveCfg = Debug|Any CPU
		{3C4D5E6F-7A8B-4C9D-0E1F-2A3B4C5D6E7F}.Debug|x64.Build.0 = Debug|Any CPU
		{3C4D5E6F-7A8B-4C9D-0E1F-2A3B4C5D6E7F}.Debug|x86.ActiveCfg = Debug|Any CPU
		{3C4D5E6F-7A8B-4C9D-0E1F-2A3B4C5D6E7F}.Debug|x86.Build.0 = Debug|Any CPU
		{3C4D5E6F-7A8B-4C9D-0E1F-2A3B4C5D6E7F}.Release|Any CPU.ActiveCfg = Release|Any CPU
		{3C4D5E6F-7A8B-4C9D-0E1F-2A3B4C5D6E7F}.Release|Any CPU.Build.0 = Release|Any CPU
		{3C4D5E6F-7A8B-4C9D-0E1F-2A3B4C5D6E7F}.Release|x64.ActiveCfg = Release|Any CPU
		{3C4D5E6F-7A8B-4C9D-0E1F-2A3B4C5D6E7F}.Release|x64.Build.0 = Release|Any CPU
		{3C4D5E6F-7A8B-4C9D-0E1F-2A3B4C5D6E7F}.Release|x86.ActiveCfg = Release|Any CPU
		{3C4D5E6F-7A8B-4C9D-0E1F-2A3B4C5D6E7F}.Release|x86.Build.0 = Release|Any CPU
		{B2C3D4E5-F6A7-4B8C-9D0E-1F2A3B4C5D6E}.Debug|Any CPU.ActiveCfg = Debug|Any CPU
		{B2C3D4E5-F6A7-4B8C-9D0E-1F2A3B4C5D6E}.Debug|Any CPU.Build.0 = Debug|Any CPU
		{B2C3D4E5-F6A7-4B8C-9D0E-1F2A3B4C5D6E}.Debug|x64.ActiveCfg = Debug|Any CPU
		{B2C3D4E5-F6A7-4B8C-9D0E-1F2A3B4C5D6E}.Debug|x64.Build.0 = Debug|Any CPU
		{B2C3D4E5-F6A7-4B8C-9D0E-1F2A3B4C5D6E}.Debug|x86.ActiveCfg = Debug|Any CPU
		{B2C3D4E5-F6A7-4B8C-9D0E-1F2A3B4C5D6E}.Debug|x86.Build.0 = Debug|Any CPU
		{B2C3D4E5-F6A7-4B8C-9D0E-1F2A3B4C5D6E}.Release|Any CPU.ActiveCfg = Release|Any CPU
		{B2C3D4E5-F6A7-4B8C-9D0E-1F2A3B4C5D6E}.Release|Any CPU.Build.0 = Release|Any CPU
		{B2C3D4E5-F6A7-4B8C-9D0E-1F2A3B4C5D6E}.Release|x64.ActiveCfg = Release|Any CPU
		{B2C3D4E5-F6A7-4B8C-9D0E-1F2A3B4C5D6E}.Release|x64.Build.0 = Release|Any CPU
		{B2C3D4E5-F6A7-4B8C-9D0E-1F2A3B4C5D6E}.Release|x86.ActiveCfg = Release|Any CPU
		{B2C3D4E5-F6A7-4B8C-9D0E-1F2A3B4C5D6E}.Release|x86.Build.0 = Release|Any CPU
		{C3D4E5F6-A7B8-4C9D-0E1F-2A3B4C5D6E7F}.Debug|Any CPU.ActiveCfg = Debug|Any CPU
		{C3D4E5F6-A7B8-4C9D-0E1F-2A3B4C5D6E7F}.Debug|Any CPU.Build.0 = Debug|Any CPU
		{C3D4E5F6-A7B8-4C9D-0E1F-2A3B4C5D6E7F}.Debug|x64.ActiveCfg = Debug|Any CPU
		{C3D4E5F6-A7B8-4C9D-0E1F-2A3B4C5D6E7F}.Debug|x64.Build.0 = Debug|Any CPU
		{C3D4E5F6-A7B8-4C9D-0E1F-2A3B4C5D6E7F}.Debug|x86.ActiveCfg = Debug|Any CPU
		{C3D4E5F6-A7B8-4C9D-0E1F-2A3B4C5D6E7F}.Debug|x86.Build.0 = Debug|Any CPU
		{C3D4E5F6-A7B8-4C9D-0E1F-2A3B4C5D6E7F}.Release|Any CPU.ActiveCfg = Release|Any CPU
		{C3D4E5F6-A7B8-4C9D-0E1F-2A3B4C5D6E7F}.Release|Any CPU.Build.0 = Release|Any CPU
		{C3D4E5F6-A7B8-4C9D-0E1F-2A3B4C5D6E7F}.Release|x64.ActiveCfg = Release|Any CPU
		{C3D4E5F6-A7B8-4C9D-0E1F-2A3B4C5D6E7F}.Release|x64.Build.0 = Release|Any CPU
		{C3D4E5F6-A7B8-4C9D-0E1F-2A3B4C5D6E7F}.Release|x86.ActiveCfg = Release|Any CPU
		{C3D4E5F6-A7B8-4C9D-0E1F-2A3B4C5D6E7F}.Release|x86.Build.0 = Release|Any CPU
	EndGlobalSection
	GlobalSection(SolutionProperties) = preSolution
		HideSolutionNode = FALSE
	EndGlobalSection
	GlobalSection(NestedProjects) = preSolution
		{BC86583D-BEE8-6528-9A3D-8D6D2EB761B1} = {0FA77081-E661-8E90-A1A9-88E1157E1C74}
		{E59957D2-FBC0-43B7-BEF1-2C7354548E31} = {BC86583D-BEE8-6528-9A3D-8D6D2EB761B1}
		{452AFEC7-D46E-4FF9-8F19-58B046C48FFC} = {BC86583D-BEE8-6528-9A3D-8D6D2EB761B1}
		{90B0C4C4-0441-4CDF-89CA-AC8686FBE4A5} = {BC86583D-BEE8-6528-9A3D-8D6D2EB761B1}
		{EEC5429F-3BC1-805C-EC0B-6D4E6D254122} = {0FA77081-E661-8E90-A1A9-88E1157E1C74}
		{5CD702D4-CAA4-42AA-BF20-D331EFCB6A7C} = {EEC5429F-3BC1-805C-EC0B-6D4E6D254122}
		{E022C6EF-3021-449C-A200-ECFE81359384} = {EEC5429F-3BC1-805C-EC0B-6D4E6D254122}
		{9C24533A-792F-4784-8535-B7B3B9BDA0FE} = {EEC5429F-3BC1-805C-EC0B-6D4E6D254122}
		{6AF5A6C0-7C5D-4484-ABE2-065CC11A17DB} = {EEC5429F-3BC1-805C-EC0B-6D4E6D254122}
		{9C4ED714-2965-4346-AEF3-1DE184486F3A} = {EEC5429F-3BC1-805C-EC0B-6D4E6D254122}
		{D1E2F3A4-B5C6-4D7E-8F9A-0B1C2D3E4F5A} = {A1B2C3D4-E5F6-4A5B-8C9D-0E1F2A3B4C5D}
		{E2F3A4B5-C6D7-4E8F-9A0B-1C2D3E4F5A6B} = {A1B2C3D4-E5F6-4A5B-8C9D-0E1F2A3B4C5D}
		{F3A4B5C6-D7E8-4F9A-0B1C-2D3E4F5A6B7C} = {A1B2C3D4-E5F6-4A5B-8C9D-0E1F2A3B4C5D}
		{4D5E6F7A-8B9C-4D0E-1F2A-3B4C5D6E7F8A} = {7A8B9C0D-1E2F-4A3B-8C9D-0E1F2A3B4C5D}
		{3C4D5E6F-7A8B-4C9D-0E1F-2A3B4C5D6E7F} = {7A8B9C0D-1E2F-4A3B-8C9D-0E1F2A3B4C5D}
		{B2C3D4E5-F6A7-4B8C-9D0E-1F2A3B4C5D6E} = {8B9C0D1E-2F3A-4B5C-9D0E-1F2A3B4C5D6E}
		{C3D4E5F6-A7B8-4C9D-0E1F-2A3B4C5D6E7F} = {8B9C0D1E-2F3A-4B5C-9D0E-1F2A3B4C5D6E}
	EndGlobalSection
EndGlobal
