
Microsoft Visual Studio Solution File, Format Version 12.00
Project("{FAE04EC0-301F-11D3-BF4B-00C04F79EFBC}") = "Chimera.API", "src\Chimera.API\Chimera.API.csproj", "{B1C2D3E4-F5A6-4B7C-8D9E-0F1A2B3C4D5E}"
EndProject
Project("{FAE04EC0-301F-11D3-BF4B-00C04F79EFBC}") = "Chimera.API.Core", "src\Chimera.API.Core\Chimera.API.Core.csproj", "{C2D3E4F5-A6B7-4C8D-9E0F-1A2B3C4D5E6F}"
EndProject
Project("{2150E333-8FDC-42A3-9474-1A3956D46DE8}") = "Chimera.API.Connector", "Chimera.API.Connector", "{A1B2C3D4-E5F6-4A5B-8C9D-0E1F2A3B4C5D}"
EndProject
Project("{FAE04EC0-301F-11D3-BF4B-00C04F79EFBC}") = "Chimera.API.Connector.Application", "src\Chimera.API.Connector\Chimera.API.Connector.Application\Chimera.API.Connector.Application.csproj", "{D1E2F3A4-B5C6-4D7E-8F9A-0B1C2D3E4F5A}"
EndProject
Project("{FAE04EC0-301F-11D3-BF4B-00C04F79EFBC}") = "Chimera.API.Connector.Infrastructure", "src\Chimera.API.Connector\Chimera.API.Connector.Infrastructure\Chimera.API.Connector.Infrastructure.csproj", "{E2F3A4B5-C6D7-4E8F-9A0B-1C2D3E4F5A6B}"
EndProject
Project("{FAE04EC0-301F-11D3-BF4B-00C04F79EFBC}") = "Chimera.API.Connector.Discord", "src\Chimera.API.Connector\Chimera.API.Connector.Discord\Chimera.API.Connector.Discord.csproj", "{F3A4B5C6-D7E8-4F9A-0B1C-2D3E4F5A6B7C}"
EndProject
Project("{2150E333-8FDC-42A3-9474-1A3956D46DE8}") = "Chimera.API.Synapse", "Chimera.API.Synapse", "{7A8B9C0D-1E2F-4A3B-8C9D-0E1F2A3B4C5D}"
EndProject
Project("{FAE04EC0-301F-11D3-BF4B-00C04F79EFBC}") = "Chimera.API.Synapse.Application", "src\Chimera.API.Synapse\Chimera.API.Synapse.Application\Chimera.API.Synapse.Application.csproj", "{4D5E6F7A-8B9C-4D0E-1F2A-3B4C5D6E7F8A}"
EndProject
Project("{FAE04EC0-301F-11D3-BF4B-00C04F79EFBC}") = "Chimera.API.Synapse.Infrastructure", "src\Chimera.API.Synapse\Chimera.API.Synapse.Infrastructure\Chimera.API.Synapse.Infrastructure.csproj", "{3C4D5E6F-7A8B-4C9D-0E1F-2A3B4C5D6E7F}"
EndProject
Project("{2150E333-8FDC-42A3-9474-1A3956D46DE8}") = "Chimera.API.Soul", "Chimera.API.Soul", "{8B9C0D1E-2F3A-4B5C-9D0E-1F2A3B4C5D6E}"
EndProject
Project("{FAE04EC0-301F-11D3-BF4B-00C04F79EFBC}") = "Chimera.API.Soul.Application", "src\Chimera.API.Soul\Chimera.API.Soul.Application\Chimera.API.Soul.Application.csproj", "{B2C3D4E5-F6A7-4B8C-9D0E-1F2A3B4C5D6E}"
EndProject
Project("{FAE04EC0-301F-11D3-BF4B-00C04F79EFBC}") = "Chimera.API.Soul.Infrastructure", "src\Chimera.API.Soul\Chimera.API.Soul.Infrastructure\Chimera.API.Soul.Infrastructure.csproj", "{C3D4E5F6-A7B8-4C9D-0E1F-2A3B4C5D6E7F}"
EndProject
Project("{FAE04EC0-301F-11D3-BF4B-00C04F79EFBC}") = "Chimera.API.Soul.Domain", "src\Chimera.API.Soul\Chimera.API.Soul.Domain\Chimera.API.Soul.Domain.csproj", "{3D0B8DC7-1462-471E-BAA3-67618AE2FFC6}"
EndProject
Project("{FAE04EC0-301F-11D3-BF4B-00C04F79EFBC}") = "Chimera.API.Soul.REST", "src\Chimera.API.Soul\Chimera.API.Soul.REST\Chimera.API.Soul.REST.csproj", "{3CB2CE0C-E8FA-45E4-AFD1-479C7EAA710F}"
EndProject
Project("{FAE04EC0-301F-11D3-BF4B-00C04F79EFBC}") = "Chimera.API.Soul.REST.Models", "src\Chimera.API.Soul\Chimera.API.Soul.REST.Models\Chimera.API.Soul.REST.Models.csproj", "{F30A8B85-6BA8-4A40-A5DF-4099C3E1A2EF}"
EndProject
Project("{2150E333-8FDC-42A3-9474-1A3956D46DE8}") = "src", "src", "{827E0CD3-B72D-47B6-A68D-7590B98EB39B}"
EndProject
Project("{2150E333-8FDC-42A3-9474-1A3956D46DE8}") = "Chimera.API.Soul", "Chimera.API.Soul", "{DABFCBC0-2140-9246-7A49-9C641327044F}"
EndProject
Project("{FAE04EC0-301F-11D3-BF4B-00C04F79EFBC}") = "Chimera.API.Soul.Grpc.Contracts", "src\Chimera.API.Soul\Chimera.API.Soul.Grpc.Contracts\Chimera.API.Soul.Grpc.Contracts.csproj", "{61669234-4ED0-40A8-AF04-99D447760A49}"
EndProject
Project("{FAE04EC0-301F-11D3-BF4B-00C04F79EFBC}") = "Chimera.API.Soul.Grpc", "src\Chimera.API.Soul\Chimera.API.Soul.Grpc\Chimera.API.Soul.Grpc.csproj", "{F0FA6A5A-B6A0-40F4-A887-3ADCDE60A6FE}"
EndProject
Project("{FAE04EC0-301F-11D3-BF4B-00C04F79EFBC}") = "Chimera.API.Soul.Grpc.AiCards.Service", "src\Chimera.API.Soul\Chimera.API.Soul.Grpc.AiCards.Service\Chimera.API.Soul.Grpc.AiCards.Service.csproj", "{15B86793-8D91-4124-A641-9CE774CAB5F8}"
EndProject
Global
	GlobalSection(SolutionConfigurationPlatforms) = preSolution
		Debug|Any CPU = Debug|Any CPU
		Debug|x64 = Debug|x64
		Debug|x86 = Debug|x86
		Release|Any CPU = Release|Any CPU
		Release|x64 = Release|x64
		Release|x86 = Release|x86
	EndGlobalSection
	GlobalSection(ProjectConfigurationPlatforms) = postSolution
		{B1C2D3E4-F5A6-4B7C-8D9E-0F1A2B3C4D5E}.Debug|Any CPU.ActiveCfg = Debug|Any CPU
		{B1C2D3E4-F5A6-4B7C-8D9E-0F1A2B3C4D5E}.Debug|Any CPU.Build.0 = Debug|Any CPU
		{B1C2D3E4-F5A6-4B7C-8D9E-0F1A2B3C4D5E}.Debug|x64.ActiveCfg = Debug|Any CPU
		{B1C2D3E4-F5A6-4B7C-8D9E-0F1A2B3C4D5E}.Debug|x64.Build.0 = Debug|Any CPU
		{B1C2D3E4-F5A6-4B7C-8D9E-0F1A2B3C4D5E}.Debug|x86.ActiveCfg = Debug|Any CPU
		{B1C2D3E4-F5A6-4B7C-8D9E-0F1A2B3C4D5E}.Debug|x86.Build.0 = Debug|Any CPU
		{B1C2D3E4-F5A6-4B7C-8D9E-0F1A2B3C4D5E}.Release|Any CPU.ActiveCfg = Release|Any CPU
		{B1C2D3E4-F5A6-4B7C-8D9E-0F1A2B3C4D5E}.Release|Any CPU.Build.0 = Release|Any CPU
		{B1C2D3E4-F5A6-4B7C-8D9E-0F1A2B3C4D5E}.Release|x64.ActiveCfg = Release|Any CPU
		{B1C2D3E4-F5A6-4B7C-8D9E-0F1A2B3C4D5E}.Release|x64.Build.0 = Release|Any CPU
		{B1C2D3E4-F5A6-4B7C-8D9E-0F1A2B3C4D5E}.Release|x86.ActiveCfg = Release|Any CPU
		{B1C2D3E4-F5A6-4B7C-8D9E-0F1A2B3C4D5E}.Release|x86.Build.0 = Release|Any CPU
		{C2D3E4F5-A6B7-4C8D-9E0F-1A2B3C4D5E6F}.Debug|Any CPU.ActiveCfg = Debug|Any CPU
		{C2D3E4F5-A6B7-4C8D-9E0F-1A2B3C4D5E6F}.Debug|Any CPU.Build.0 = Debug|Any CPU
		{C2D3E4F5-A6B7-4C8D-9E0F-1A2B3C4D5E6F}.Debug|x64.ActiveCfg = Debug|Any CPU
		{C2D3E4F5-A6B7-4C8D-9E0F-1A2B3C4D5E6F}.Debug|x64.Build.0 = Debug|Any CPU
		{C2D3E4F5-A6B7-4C8D-9E0F-1A2B3C4D5E6F}.Debug|x86.ActiveCfg = Debug|Any CPU
		{C2D3E4F5-A6B7-4C8D-9E0F-1A2B3C4D5E6F}.Debug|x86.Build.0 = Debug|Any CPU
		{C2D3E4F5-A6B7-4C8D-9E0F-1A2B3C4D5E6F}.Release|Any CPU.ActiveCfg = Release|Any CPU
		{C2D3E4F5-A6B7-4C8D-9E0F-1A2B3C4D5E6F}.Release|Any CPU.Build.0 = Release|Any CPU
		{C2D3E4F5-A6B7-4C8D-9E0F-1A2B3C4D5E6F}.Release|x64.ActiveCfg = Release|Any CPU
		{C2D3E4F5-A6B7-4C8D-9E0F-1A2B3C4D5E6F}.Release|x64.Build.0 = Release|Any CPU
		{C2D3E4F5-A6B7-4C8D-9E0F-1A2B3C4D5E6F}.Release|x86.ActiveCfg = Release|Any CPU
		{C2D3E4F5-A6B7-4C8D-9E0F-1A2B3C4D5E6F}.Release|x86.Build.0 = Release|Any CPU
		{D1E2F3A4-B5C6-4D7E-8F9A-0B1C2D3E4F5A}.Debug|Any CPU.ActiveCfg = Debug|Any CPU
		{D1E2F3A4-B5C6-4D7E-8F9A-0B1C2D3E4F5A}.Debug|Any CPU.Build.0 = Debug|Any CPU
		{D1E2F3A4-B5C6-4D7E-8F9A-0B1C2D3E4F5A}.Debug|x64.ActiveCfg = Debug|Any CPU
		{D1E2F3A4-B5C6-4D7E-8F9A-0B1C2D3E4F5A}.Debug|x64.Build.0 = Debug|Any CPU
		{D1E2F3A4-B5C6-4D7E-8F9A-0B1C2D3E4F5A}.Debug|x86.ActiveCfg = Debug|Any CPU
		{D1E2F3A4-B5C6-4D7E-8F9A-0B1C2D3E4F5A}.Debug|x86.Build.0 = Debug|Any CPU
		{D1E2F3A4-B5C6-4D7E-8F9A-0B1C2D3E4F5A}.Release|Any CPU.ActiveCfg = Release|Any CPU
		{D1E2F3A4-B5C6-4D7E-8F9A-0B1C2D3E4F5A}.Release|Any CPU.Build.0 = Release|Any CPU
		{D1E2F3A4-B5C6-4D7E-8F9A-0B1C2D3E4F5A}.Release|x64.ActiveCfg = Release|Any CPU
		{D1E2F3A4-B5C6-4D7E-8F9A-0B1C2D3E4F5A}.Release|x64.Build.0 = Release|Any CPU
		{D1E2F3A4-B5C6-4D7E-8F9A-0B1C2D3E4F5A}.Release|x86.ActiveCfg = Release|Any CPU
		{D1E2F3A4-B5C6-4D7E-8F9A-0B1C2D3E4F5A}.Release|x86.Build.0 = Release|Any CPU
		{E2F3A4B5-C6D7-4E8F-9A0B-1C2D3E4F5A6B}.Debug|Any CPU.ActiveCfg = Debug|Any CPU
		{E2F3A4B5-C6D7-4E8F-9A0B-1C2D3E4F5A6B}.Debug|Any CPU.Build.0 = Debug|Any CPU
		{E2F3A4B5-C6D7-4E8F-9A0B-1C2D3E4F5A6B}.Debug|x64.ActiveCfg = Debug|Any CPU
		{E2F3A4B5-C6D7-4E8F-9A0B-1C2D3E4F5A6B}.Debug|x64.Build.0 = Debug|Any CPU
		{E2F3A4B5-C6D7-4E8F-9A0B-1C2D3E4F5A6B}.Debug|x86.ActiveCfg = Debug|Any CPU
		{E2F3A4B5-C6D7-4E8F-9A0B-1C2D3E4F5A6B}.Debug|x86.Build.0 = Debug|Any CPU
		{E2F3A4B5-C6D7-4E8F-9A0B-1C2D3E4F5A6B}.Release|Any CPU.ActiveCfg = Release|Any CPU
		{E2F3A4B5-C6D7-4E8F-9A0B-1C2D3E4F5A6B}.Release|Any CPU.Build.0 = Release|Any CPU
		{E2F3A4B5-C6D7-4E8F-9A0B-1C2D3E4F5A6B}.Release|x64.ActiveCfg = Release|Any CPU
		{E2F3A4B5-C6D7-4E8F-9A0B-1C2D3E4F5A6B}.Release|x64.Build.0 = Release|Any CPU
		{E2F3A4B5-C6D7-4E8F-9A0B-1C2D3E4F5A6B}.Release|x86.ActiveCfg = Release|Any CPU
		{E2F3A4B5-C6D7-4E8F-9A0B-1C2D3E4F5A6B}.Release|x86.Build.0 = Release|Any CPU
		{F3A4B5C6-D7E8-4F9A-0B1C-2D3E4F5A6B7C}.Debug|Any CPU.ActiveCfg = Debug|Any CPU
		{F3A4B5C6-D7E8-4F9A-0B1C-2D3E4F5A6B7C}.Debug|Any CPU.Build.0 = Debug|Any CPU
		{F3A4B5C6-D7E8-4F9A-0B1C-2D3E4F5A6B7C}.Debug|x64.ActiveCfg = Debug|Any CPU
		{F3A4B5C6-D7E8-4F9A-0B1C-2D3E4F5A6B7C}.Debug|x64.Build.0 = Debug|Any CPU
		{F3A4B5C6-D7E8-4F9A-0B1C-2D3E4F5A6B7C}.Debug|x86.ActiveCfg = Debug|Any CPU
		{F3A4B5C6-D7E8-4F9A-0B1C-2D3E4F5A6B7C}.Debug|x86.Build.0 = Debug|Any CPU
		{F3A4B5C6-D7E8-4F9A-0B1C-2D3E4F5A6B7C}.Release|Any CPU.ActiveCfg = Release|Any CPU
		{F3A4B5C6-D7E8-4F9A-0B1C-2D3E4F5A6B7C}.Release|Any CPU.Build.0 = Release|Any CPU
		{F3A4B5C6-D7E8-4F9A-0B1C-2D3E4F5A6B7C}.Release|x64.ActiveCfg = Release|Any CPU
		{F3A4B5C6-D7E8-4F9A-0B1C-2D3E4F5A6B7C}.Release|x64.Build.0 = Release|Any CPU
		{F3A4B5C6-D7E8-4F9A-0B1C-2D3E4F5A6B7C}.Release|x86.ActiveCfg = Release|Any CPU
		{F3A4B5C6-D7E8-4F9A-0B1C-2D3E4F5A6B7C}.Release|x86.Build.0 = Release|Any CPU
		{4D5E6F7A-8B9C-4D0E-1F2A-3B4C5D6E7F8A}.Debug|Any CPU.ActiveCfg = Debug|Any CPU
		{4D5E6F7A-8B9C-4D0E-1F2A-3B4C5D6E7F8A}.Debug|Any CPU.Build.0 = Debug|Any CPU
		{4D5E6F7A-8B9C-4D0E-1F2A-3B4C5D6E7F8A}.Debug|x64.ActiveCfg = Debug|Any CPU
		{4D5E6F7A-8B9C-4D0E-1F2A-3B4C5D6E7F8A}.Debug|x64.Build.0 = Debug|Any CPU
		{4D5E6F7A-8B9C-4D0E-1F2A-3B4C5D6E7F8A}.Debug|x86.ActiveCfg = Debug|Any CPU
		{4D5E6F7A-8B9C-4D0E-1F2A-3B4C5D6E7F8A}.Debug|x86.Build.0 = Debug|Any CPU
		{4D5E6F7A-8B9C-4D0E-1F2A-3B4C5D6E7F8A}.Release|Any CPU.ActiveCfg = Release|Any CPU
		{4D5E6F7A-8B9C-4D0E-1F2A-3B4C5D6E7F8A}.Release|Any CPU.Build.0 = Release|Any CPU
		{4D5E6F7A-8B9C-4D0E-1F2A-3B4C5D6E7F8A}.Release|x64.ActiveCfg = Release|Any CPU
		{4D5E6F7A-8B9C-4D0E-1F2A-3B4C5D6E7F8A}.Release|x64.Build.0 = Release|Any CPU
		{4D5E6F7A-8B9C-4D0E-1F2A-3B4C5D6E7F8A}.Release|x86.ActiveCfg = Release|Any CPU
		{4D5E6F7A-8B9C-4D0E-1F2A-3B4C5D6E7F8A}.Release|x86.Build.0 = Release|Any CPU
		{3C4D5E6F-7A8B-4C9D-0E1F-2A3B4C5D6E7F}.Debug|Any CPU.ActiveCfg = Debug|Any CPU
		{3C4D5E6F-7A8B-4C9D-0E1F-2A3B4C5D6E7F}.Debug|Any CPU.Build.0 = Debug|Any CPU
		{3C4D5E6F-7A8B-4C9D-0E1F-2A3B4C5D6E7F}.Debug|x64.ActiveCfg = Debug|Any CPU
		{3C4D5E6F-7A8B-4C9D-0E1F-2A3B4C5D6E7F}.Debug|x64.Build.0 = Debug|Any CPU
		{3C4D5E6F-7A8B-4C9D-0E1F-2A3B4C5D6E7F}.Debug|x86.ActiveCfg = Debug|Any CPU
		{3C4D5E6F-7A8B-4C9D-0E1F-2A3B4C5D6E7F}.Debug|x86.Build.0 = Debug|Any CPU
		{3C4D5E6F-7A8B-4C9D-0E1F-2A3B4C5D6E7F}.Release|Any CPU.ActiveCfg = Release|Any CPU
		{3C4D5E6F-7A8B-4C9D-0E1F-2A3B4C5D6E7F}.Release|Any CPU.Build.0 = Release|Any CPU
		{3C4D5E6F-7A8B-4C9D-0E1F-2A3B4C5D6E7F}.Release|x64.ActiveCfg = Release|Any CPU
		{3C4D5E6F-7A8B-4C9D-0E1F-2A3B4C5D6E7F}.Release|x64.Build.0 = Release|Any CPU
		{3C4D5E6F-7A8B-4C9D-0E1F-2A3B4C5D6E7F}.Release|x86.ActiveCfg = Release|Any CPU
		{3C4D5E6F-7A8B-4C9D-0E1F-2A3B4C5D6E7F}.Release|x86.Build.0 = Release|Any CPU
		{B2C3D4E5-F6A7-4B8C-9D0E-1F2A3B4C5D6E}.Debug|Any CPU.ActiveCfg = Debug|Any CPU
		{B2C3D4E5-F6A7-4B8C-9D0E-1F2A3B4C5D6E}.Debug|Any CPU.Build.0 = Debug|Any CPU
		{B2C3D4E5-F6A7-4B8C-9D0E-1F2A3B4C5D6E}.Debug|x64.ActiveCfg = Debug|Any CPU
		{B2C3D4E5-F6A7-4B8C-9D0E-1F2A3B4C5D6E}.Debug|x64.Build.0 = Debug|Any CPU
		{B2C3D4E5-F6A7-4B8C-9D0E-1F2A3B4C5D6E}.Debug|x86.ActiveCfg = Debug|Any CPU
		{B2C3D4E5-F6A7-4B8C-9D0E-1F2A3B4C5D6E}.Debug|x86.Build.0 = Debug|Any CPU
		{B2C3D4E5-F6A7-4B8C-9D0E-1F2A3B4C5D6E}.Release|Any CPU.ActiveCfg = Release|Any CPU
		{B2C3D4E5-F6A7-4B8C-9D0E-1F2A3B4C5D6E}.Release|Any CPU.Build.0 = Release|Any CPU
		{B2C3D4E5-F6A7-4B8C-9D0E-1F2A3B4C5D6E}.Release|x64.ActiveCfg = Release|Any CPU
		{B2C3D4E5-F6A7-4B8C-9D0E-1F2A3B4C5D6E}.Release|x64.Build.0 = Release|Any CPU
		{B2C3D4E5-F6A7-4B8C-9D0E-1F2A3B4C5D6E}.Release|x86.ActiveCfg = Release|Any CPU
		{B2C3D4E5-F6A7-4B8C-9D0E-1F2A3B4C5D6E}.Release|x86.Build.0 = Release|Any CPU
		{C3D4E5F6-A7B8-4C9D-0E1F-2A3B4C5D6E7F}.Debug|Any CPU.ActiveCfg = Debug|Any CPU
		{C3D4E5F6-A7B8-4C9D-0E1F-2A3B4C5D6E7F}.Debug|Any CPU.Build.0 = Debug|Any CPU
		{C3D4E5F6-A7B8-4C9D-0E1F-2A3B4C5D6E7F}.Debug|x64.ActiveCfg = Debug|Any CPU
		{C3D4E5F6-A7B8-4C9D-0E1F-2A3B4C5D6E7F}.Debug|x64.Build.0 = Debug|Any CPU
		{C3D4E5F6-A7B8-4C9D-0E1F-2A3B4C5D6E7F}.Debug|x86.ActiveCfg = Debug|Any CPU
		{C3D4E5F6-A7B8-4C9D-0E1F-2A3B4C5D6E7F}.Debug|x86.Build.0 = Debug|Any CPU
		{C3D4E5F6-A7B8-4C9D-0E1F-2A3B4C5D6E7F}.Release|Any CPU.ActiveCfg = Release|Any CPU
		{C3D4E5F6-A7B8-4C9D-0E1F-2A3B4C5D6E7F}.Release|Any CPU.Build.0 = Release|Any CPU
		{C3D4E5F6-A7B8-4C9D-0E1F-2A3B4C5D6E7F}.Release|x64.ActiveCfg = Release|Any CPU
		{C3D4E5F6-A7B8-4C9D-0E1F-2A3B4C5D6E7F}.Release|x64.Build.0 = Release|Any CPU
		{C3D4E5F6-A7B8-4C9D-0E1F-2A3B4C5D6E7F}.Release|x86.ActiveCfg = Release|Any CPU
		{C3D4E5F6-A7B8-4C9D-0E1F-2A3B4C5D6E7F}.Release|x86.Build.0 = Release|Any CPU
		{3D0B8DC7-1462-471E-BAA3-67618AE2FFC6}.Debug|Any CPU.ActiveCfg = Debug|Any CPU
		{3D0B8DC7-1462-471E-BAA3-67618AE2FFC6}.Debug|Any CPU.Build.0 = Debug|Any CPU
		{3D0B8DC7-1462-471E-BAA3-67618AE2FFC6}.Debug|x64.ActiveCfg = Debug|Any CPU
		{3D0B8DC7-1462-471E-BAA3-67618AE2FFC6}.Debug|x64.Build.0 = Debug|Any CPU
		{3D0B8DC7-1462-471E-BAA3-67618AE2FFC6}.Debug|x86.ActiveCfg = Debug|Any CPU
		{3D0B8DC7-1462-471E-BAA3-67618AE2FFC6}.Debug|x86.Build.0 = Debug|Any CPU
		{3D0B8DC7-1462-471E-BAA3-67618AE2FFC6}.Release|Any CPU.ActiveCfg = Release|Any CPU
		{3D0B8DC7-1462-471E-BAA3-67618AE2FFC6}.Release|Any CPU.Build.0 = Release|Any CPU
		{3D0B8DC7-1462-471E-BAA3-67618AE2FFC6}.Release|x64.ActiveCfg = Release|Any CPU
		{3D0B8DC7-1462-471E-BAA3-67618AE2FFC6}.Release|x64.Build.0 = Release|Any CPU
		{3D0B8DC7-1462-471E-BAA3-67618AE2FFC6}.Release|x86.ActiveCfg = Release|Any CPU
		{3D0B8DC7-1462-471E-BAA3-67618AE2FFC6}.Release|x86.Build.0 = Release|Any CPU
		{3CB2CE0C-E8FA-45E4-AFD1-479C7EAA710F}.Debug|Any CPU.ActiveCfg = Debug|Any CPU
		{3CB2CE0C-E8FA-45E4-AFD1-479C7EAA710F}.Debug|Any CPU.Build.0 = Debug|Any CPU
		{3CB2CE0C-E8FA-45E4-AFD1-479C7EAA710F}.Debug|x64.ActiveCfg = Debug|Any CPU
		{3CB2CE0C-E8FA-45E4-AFD1-479C7EAA710F}.Debug|x64.Build.0 = Debug|Any CPU
		{3CB2CE0C-E8FA-45E4-AFD1-479C7EAA710F}.Debug|x86.ActiveCfg = Debug|Any CPU
		{3CB2CE0C-E8FA-45E4-AFD1-479C7EAA710F}.Debug|x86.Build.0 = Debug|Any CPU
		{3CB2CE0C-E8FA-45E4-AFD1-479C7EAA710F}.Release|Any CPU.ActiveCfg = Release|Any CPU
		{3CB2CE0C-E8FA-45E4-AFD1-479C7EAA710F}.Release|Any CPU.Build.0 = Release|Any CPU
		{3CB2CE0C-E8FA-45E4-AFD1-479C7EAA710F}.Release|x64.ActiveCfg = Release|Any CPU
		{3CB2CE0C-E8FA-45E4-AFD1-479C7EAA710F}.Release|x64.Build.0 = Release|Any CPU
		{3CB2CE0C-E8FA-45E4-AFD1-479C7EAA710F}.Release|x86.ActiveCfg = Release|Any CPU
		{3CB2CE0C-E8FA-45E4-AFD1-479C7EAA710F}.Release|x86.Build.0 = Release|Any CPU
		{F30A8B85-6BA8-4A40-A5DF-4099C3E1A2EF}.Debug|Any CPU.ActiveCfg = Debug|Any CPU
		{F30A8B85-6BA8-4A40-A5DF-4099C3E1A2EF}.Debug|Any CPU.Build.0 = Debug|Any CPU
		{F30A8B85-6BA8-4A40-A5DF-4099C3E1A2EF}.Debug|x64.ActiveCfg = Debug|Any CPU
		{F30A8B85-6BA8-4A40-A5DF-4099C3E1A2EF}.Debug|x64.Build.0 = Debug|Any CPU
		{F30A8B85-6BA8-4A40-A5DF-4099C3E1A2EF}.Debug|x86.ActiveCfg = Debug|Any CPU
		{F30A8B85-6BA8-4A40-A5DF-4099C3E1A2EF}.Debug|x86.Build.0 = Debug|Any CPU
		{F30A8B85-6BA8-4A40-A5DF-4099C3E1A2EF}.Release|Any CPU.ActiveCfg = Release|Any CPU
		{F30A8B85-6BA8-4A40-A5DF-4099C3E1A2EF}.Release|Any CPU.Build.0 = Release|Any CPU
		{F30A8B85-6BA8-4A40-A5DF-4099C3E1A2EF}.Release|x64.ActiveCfg = Release|Any CPU
		{F30A8B85-6BA8-4A40-A5DF-4099C3E1A2EF}.Release|x64.Build.0 = Release|Any CPU
		{F30A8B85-6BA8-4A40-A5DF-4099C3E1A2EF}.Release|x86.ActiveCfg = Release|Any CPU
		{F30A8B85-6BA8-4A40-A5DF-4099C3E1A2EF}.Release|x86.Build.0 = Release|Any CPU
		{61669234-4ED0-40A8-AF04-99D447760A49}.Debug|Any CPU.ActiveCfg = Debug|Any CPU
		{61669234-4ED0-40A8-AF04-99D447760A49}.Debug|Any CPU.Build.0 = Debug|Any CPU
		{61669234-4ED0-40A8-AF04-99D447760A49}.Debug|x64.ActiveCfg = Debug|Any CPU
		{61669234-4ED0-40A8-AF04-99D447760A49}.Debug|x64.Build.0 = Debug|Any CPU
		{61669234-4ED0-40A8-AF04-99D447760A49}.Debug|x86.ActiveCfg = Debug|Any CPU
		{61669234-4ED0-40A8-AF04-99D447760A49}.Debug|x86.Build.0 = Debug|Any CPU
		{61669234-4ED0-40A8-AF04-99D447760A49}.Release|Any CPU.ActiveCfg = Release|Any CPU
		{61669234-4ED0-40A8-AF04-99D447760A49}.Release|Any CPU.Build.0 = Release|Any CPU
		{61669234-4ED0-40A8-AF04-99D447760A49}.Release|x64.ActiveCfg = Release|Any CPU
		{61669234-4ED0-40A8-AF04-99D447760A49}.Release|x64.Build.0 = Release|Any CPU
		{61669234-4ED0-40A8-AF04-99D447760A49}.Release|x86.ActiveCfg = Release|Any CPU
		{61669234-4ED0-40A8-AF04-99D447760A49}.Release|x86.Build.0 = Release|Any CPU
		{F0FA6A5A-B6A0-40F4-A887-3ADCDE60A6FE}.Debug|Any CPU.ActiveCfg = Debug|Any CPU
		{F0FA6A5A-B6A0-40F4-A887-3ADCDE60A6FE}.Debug|Any CPU.Build.0 = Debug|Any CPU
		{F0FA6A5A-B6A0-40F4-A887-3ADCDE60A6FE}.Debug|x64.ActiveCfg = Debug|Any CPU
		{F0FA6A5A-B6A0-40F4-A887-3ADCDE60A6FE}.Debug|x64.Build.0 = Debug|Any CPU
		{F0FA6A5A-B6A0-40F4-A887-3ADCDE60A6FE}.Debug|x86.ActiveCfg = Debug|Any CPU
		{F0FA6A5A-B6A0-40F4-A887-3ADCDE60A6FE}.Debug|x86.Build.0 = Debug|Any CPU
		{F0FA6A5A-B6A0-40F4-A887-3ADCDE60A6FE}.Release|Any CPU.ActiveCfg = Release|Any CPU
		{F0FA6A5A-B6A0-40F4-A887-3ADCDE60A6FE}.Release|Any CPU.Build.0 = Release|Any CPU
		{F0FA6A5A-B6A0-40F4-A887-3ADCDE60A6FE}.Release|x64.ActiveCfg = Release|Any CPU
		{F0FA6A5A-B6A0-40F4-A887-3ADCDE60A6FE}.Release|x64.Build.0 = Release|Any CPU
		{F0FA6A5A-B6A0-40F4-A887-3ADCDE60A6FE}.Release|x86.ActiveCfg = Release|Any CPU
		{F0FA6A5A-B6A0-40F4-A887-3ADCDE60A6FE}.Release|x86.Build.0 = Release|Any CPU
		{15B86793-8D91-4124-A641-9CE774CAB5F8}.Debug|Any CPU.ActiveCfg = Debug|Any CPU
		{15B86793-8D91-4124-A641-9CE774CAB5F8}.Debug|Any CPU.Build.0 = Debug|Any CPU
		{15B86793-8D91-4124-A641-9CE774CAB5F8}.Debug|x64.ActiveCfg = Debug|Any CPU
		{15B86793-8D91-4124-A641-9CE774CAB5F8}.Debug|x64.Build.0 = Debug|Any CPU
		{15B86793-8D91-4124-A641-9CE774CAB5F8}.Debug|x86.ActiveCfg = Debug|Any CPU
		{15B86793-8D91-4124-A641-9CE774CAB5F8}.Debug|x86.Build.0 = Debug|Any CPU
		{15B86793-8D91-4124-A641-9CE774CAB5F8}.Release|Any CPU.ActiveCfg = Release|Any CPU
		{15B86793-8D91-4124-A641-9CE774CAB5F8}.Release|Any CPU.Build.0 = Release|Any CPU
		{15B86793-8D91-4124-A641-9CE774CAB5F8}.Release|x64.ActiveCfg = Release|Any CPU
		{15B86793-8D91-4124-A641-9CE774CAB5F8}.Release|x64.Build.0 = Release|Any CPU
		{15B86793-8D91-4124-A641-9CE774CAB5F8}.Release|x86.ActiveCfg = Release|Any CPU
		{15B86793-8D91-4124-A641-9CE774CAB5F8}.Release|x86.Build.0 = Release|Any CPU
	EndGlobalSection
	GlobalSection(SolutionProperties) = preSolution
		HideSolutionNode = FALSE
	EndGlobalSection
	GlobalSection(NestedProjects) = preSolution
		{D1E2F3A4-B5C6-4D7E-8F9A-0B1C2D3E4F5A} = {A1B2C3D4-E5F6-4A5B-8C9D-0E1F2A3B4C5D}
		{E2F3A4B5-C6D7-4E8F-9A0B-1C2D3E4F5A6B} = {A1B2C3D4-E5F6-4A5B-8C9D-0E1F2A3B4C5D}
		{F3A4B5C6-D7E8-4F9A-0B1C-2D3E4F5A6B7C} = {A1B2C3D4-E5F6-4A5B-8C9D-0E1F2A3B4C5D}
		{4D5E6F7A-8B9C-4D0E-1F2A-3B4C5D6E7F8A} = {7A8B9C0D-1E2F-4A3B-8C9D-0E1F2A3B4C5D}
		{3C4D5E6F-7A8B-4C9D-0E1F-2A3B4C5D6E7F} = {7A8B9C0D-1E2F-4A3B-8C9D-0E1F2A3B4C5D}
		{B2C3D4E5-F6A7-4B8C-9D0E-1F2A3B4C5D6E} = {8B9C0D1E-2F3A-4B5C-9D0E-1F2A3B4C5D6E}
		{C3D4E5F6-A7B8-4C9D-0E1F-2A3B4C5D6E7F} = {8B9C0D1E-2F3A-4B5C-9D0E-1F2A3B4C5D6E}
		{3D0B8DC7-1462-471E-BAA3-67618AE2FFC6} = {8B9C0D1E-2F3A-4B5C-9D0E-1F2A3B4C5D6E}
		{3CB2CE0C-E8FA-45E4-AFD1-479C7EAA710F} = {8B9C0D1E-2F3A-4B5C-9D0E-1F2A3B4C5D6E}
		{F30A8B85-6BA8-4A40-A5DF-4099C3E1A2EF} = {8B9C0D1E-2F3A-4B5C-9D0E-1F2A3B4C5D6E}
		{DABFCBC0-2140-9246-7A49-9C641327044F} = {827E0CD3-B72D-47B6-A68D-7590B98EB39B}
		{61669234-4ED0-40A8-AF04-99D447760A49} = {DABFCBC0-2140-9246-7A49-9C641327044F}
		{F0FA6A5A-B6A0-40F4-A887-3ADCDE60A6FE} = {DABFCBC0-2140-9246-7A49-9C641327044F}
		{15B86793-8D91-4124-A641-9CE774CAB5F8} = {DABFCBC0-2140-9246-7A49-9C641327044F}
	EndGlobalSection
EndGlobal
