
Microsoft Visual Studio Solution File, Format Version 12.00
Project("{FAE04EC0-301F-11D3-BF4B-00C04F79EFBC}") = "Inktide.API", "src\Inktide.API\Inktide.API.csproj", "{B1C2D3E4-F5A6-4B7C-8D9E-0F1A2B3C4D5E}"
EndProject
Project("{FAE04EC0-301F-11D3-BF4B-00C04F79EFBC}") = "Inktide.API.Core", "src\Inktide.API.Core\Inktide.API.Core.csproj", "{C2D3E4F5-A6B7-4C8D-9E0F-1A2B3C4D5E6F}"
EndProject
Project("{2150E333-8FDC-42A3-9474-1A3956D46DE8}") = "Inktide.API.Connector", "Inktide.API.Connector", "{A1B2C3D4-E5F6-4A5B-8C9D-0E1F2A3B4C5D}"
EndProject
Project("{FAE04EC0-301F-11D3-BF4B-00C04F79EFBC}") = "Inktide.API.Connector.Application", "src\Inktide.API.Connector\Inktide.API.Connector.Application\Inktide.API.Connector.Application.csproj", "{D1E2F3A4-B5C6-4D7E-8F9A-0B1C2D3E4F5A}"
EndProject
Project("{FAE04EC0-301F-11D3-BF4B-00C04F79EFBC}") = "Inktide.API.Connector.Infrastructure", "src\Inktide.API.Connector\Inktide.API.Connector.Infrastructure\Inktide.API.Connector.Infrastructure.csproj", "{E2F3A4B5-C6D7-4E8F-9A0B-1C2D3E4F5A6B}"
EndProject
Project("{FAE04EC0-301F-11D3-BF4B-00C04F79EFBC}") = "Inktide.API.Connector.Discord", "src\Inktide.API.Connector\Inktide.API.Connector.Discord\Inktide.API.Connector.Discord.csproj", "{F3A4B5C6-D7E8-4F9A-0B1C-2D3E4F5A6B7C}"
EndProject
Project("{2150E333-8FDC-42A3-9474-1A3956D46DE8}") = "Inktide.API.Synapse", "Inktide.API.Synapse", "{7A8B9C0D-1E2F-4A3B-8C9D-0E1F2A3B4C5D}"
EndProject
Project("{FAE04EC0-301F-11D3-BF4B-00C04F79EFBC}") = "Inktide.API.Synapse.Application", "src\Inktide.API.Synapse\Inktide.API.Synapse.Application\Inktide.API.Synapse.Application.csproj", "{4D5E6F7A-8B9C-4D0E-1F2A-3B4C5D6E7F8A}"
EndProject
Project("{FAE04EC0-301F-11D3-BF4B-00C04F79EFBC}") = "Inktide.API.Synapse.Infrastructure", "src\Inktide.API.Synapse\Inktide.API.Synapse.Infrastructure\Inktide.API.Synapse.Infrastructure.csproj", "{3C4D5E6F-7A8B-4C9D-0E1F-2A3B4C5D6E7F}"
EndProject
Project("{2150E333-8FDC-42A3-9474-1A3956D46DE8}") = "Inktide.API.Soul", "Inktide.API.Soul", "{8B9C0D1E-2F3A-4B5C-9D0E-1F2A3B4C5D6E}"
EndProject
Project("{FAE04EC0-301F-11D3-BF4B-00C04F79EFBC}") = "Inktide.API.Soul.Application", "src\Inktide.API.Soul\Inktide.API.Soul.Application\Inktide.API.Soul.Application.csproj", "{B2C3D4E5-F6A7-4B8C-9D0E-1F2A3B4C5D6E}"
EndProject
Project("{FAE04EC0-301F-11D3-BF4B-00C04F79EFBC}") = "Inktide.API.Soul.Infrastructure", "src\Inktide.API.Soul\Inktide.API.Soul.Infrastructure\Inktide.API.Soul.Infrastructure.csproj", "{C3D4E5F6-A7B8-4C9D-0E1F-2A3B4C5D6E7F}"
EndProject
Project("{FAE04EC0-301F-11D3-BF4B-00C04F79EFBC}") = "Inktide.API.Soul.Domain", "src\Inktide.API.Soul\Inktide.API.Soul.Domain\Inktide.API.Soul.Domain.csproj", "{3D0B8DC7-1462-471E-BAA3-67618AE2FFC6}"
EndProject
Project("{FAE04EC0-301F-11D3-BF4B-00C04F79EFBC}") = "Inktide.API.Soul.REST", "src\Inktide.API.Soul\Inktide.API.Soul.REST\Inktide.API.Soul.REST.csproj", "{3CB2CE0C-E8FA-45E4-AFD1-479C7EAA710F}"
EndProject
Project("{FAE04EC0-301F-11D3-BF4B-00C04F79EFBC}") = "Inktide.API.Soul.REST.Models", "src\Inktide.API.Soul\Inktide.API.Soul.REST.Models\Inktide.API.Soul.REST.Models.csproj", "{F30A8B85-6BA8-4A40-A5DF-4099C3E1A2EF}"
EndProject
Project("{FAE04EC0-301F-11D3-BF4B-00C04F79EFBC}") = "Inktide.API.Soul.Grpc.Contracts", "src\Inktide.API.Soul\Inktide.API.Soul.Grpc.Contracts\Inktide.API.Soul.Grpc.Contracts.csproj", "{61669234-4ED0-40A8-AF04-99D447760A49}"
EndProject
Project("{FAE04EC0-301F-11D3-BF4B-00C04F79EFBC}") = "Inktide.API.Soul.Grpc", "src\Inktide.API.Soul\Inktide.API.Soul.Grpc\Inktide.API.Soul.Grpc.csproj", "{F0FA6A5A-B6A0-40F4-A887-3ADCDE60A6FE}"
EndProject
Project("{FAE04EC0-301F-11D3-BF4B-00C04F79EFBC}") = "Inktide.API.Soul.Grpc.AiCards.Service", "src\Inktide.API.Soul\Inktide.API.Soul.Grpc.AiCards.Service\Inktide.API.Soul.Grpc.AiCards.Service.csproj", "{15B86793-8D91-4124-A641-9CE774CAB5F8}"
EndProject
Project("{2150E333-8FDC-42A3-9474-1A3956D46DE8}") = "Inktide.API.Profile", "Inktide.API.Profile", "{7F46405B-B06A-5290-96C5-DA37B58FA2E9}"
EndProject
Project("{FAE04EC0-301F-11D3-BF4B-00C04F79EFBC}") = "Inktide.API.Profile.Application", "src\Inktide.API.Profile\Inktide.API.Profile.Application\Inktide.API.Profile.Application.csproj", "{5BD7E99B-81B9-4FE9-9771-6A58AD6F6497}"
EndProject
Project("{FAE04EC0-301F-11D3-BF4B-00C04F79EFBC}") = "Inktide.API.Profile.Infrastructure", "src\Inktide.API.Profile\Inktide.API.Profile.Infrastructure\Inktide.API.Profile.Infrastructure.csproj", "{02409046-0FF9-4F62-B407-914AE8C85142}"
EndProject
Project("{FAE04EC0-301F-11D3-BF4B-00C04F79EFBC}") = "Inktide.API.Profile.REST", "src\Inktide.API.Profile\Inktide.API.Profile.REST\Inktide.API.Profile.REST.csproj", "{247329A3-E970-491C-9CA5-0C2010E3E1F6}"
EndProject
Project("{FAE04EC0-301F-11D3-BF4B-00C04F79EFBC}") = "Inktide.API.Domain", "src\Inktide.API.Domain\Inktide.API.Domain.csproj", "{4811C331-3320-46DB-9A2D-37F2713F74E7}"
EndProject
Project("{2150E333-8FDC-42A3-9474-1A3956D46DE8}") = "Inktide.API.TTS", "Inktide.API.TTS", "{3D5E29CA-D4DA-C4A9-6D0B-4120D18C32D1}"
EndProject
Project("{FAE04EC0-301F-11D3-BF4B-00C04F79EFBC}") = "Inktide.API.TTS.Domain", "src\Inktide.API.TTS\Inktide.API.TTS.Domain\Inktide.API.TTS.Domain.csproj", "{86742292-723F-4E8B-B140-A210590A408B}"
EndProject
Project("{FAE04EC0-301F-11D3-BF4B-00C04F79EFBC}") = "Inktide.API.TTS.Infrastructure", "src\Inktide.API.TTS\Inktide.API.TTS.Infrastructure\Inktide.API.TTS.Infrastructure.csproj", "{F700655E-7C55-4C20-935B-E0FEF222BEB4}"
EndProject
Project("{FAE04EC0-301F-11D3-BF4B-00C04F79EFBC}") = "Inktide.API.TTS.Application", "src\Inktide.API.TTS\Inktide.API.TTS.Application\Inktide.API.TTS.Application.csproj", "{AD751F14-1061-43E1-AE98-1B873D95671A}"
EndProject
Project("{FAE04EC0-301F-11D3-BF4B-00C04F79EFBC}") = "Inktide.API.TTS.REST.Models", "src\Inktide.API.TTS\Inktide.API.TTS.REST.Models\Inktide.API.TTS.REST.Models.csproj", "{56707AC5-EE38-4122-B411-D5F6FA23A8F1}"
EndProject
Project("{FAE04EC0-301F-11D3-BF4B-00C04F79EFBC}") = "Inktide.API.TTS.REST", "src\Inktide.API.TTS\Inktide.API.TTS.REST\Inktide.API.TTS.REST.csproj", "{157F64B3-669D-42AB-BDDC-ADC601B831BF}"
EndProject
Project("{2150E333-8FDC-42A3-9474-1A3956D46DE8}") = "Inktide.API.Memory", "Inktide.API.Memory", "{B8C9D0E1-F2A3-4B4C-8D5E-6F7A8B9C0D1E}"
EndProject
Project("{FAE04EC0-301F-11D3-BF4B-00C04F79EFBC}") = "Inktide.API.Memory.Domain", "src\Inktide.API.Memory\Inktide.API.Memory.Domain\Inktide.API.Memory.Domain.csproj", "{A3B4C5D6-E7F8-4A9B-0C1D-2E3F4A5B6C7D}"
EndProject
Project("{FAE04EC0-301F-11D3-BF4B-00C04F79EFBC}") = "Inktide.API.Memory.Application", "src\Inktide.API.Memory\Inktide.API.Memory.Application\Inktide.API.Memory.Application.csproj", "{B4C5D6E7-F8A9-4B0C-1D2E-3F4A5B6C7D8E}"
EndProject
Project("{FAE04EC0-301F-11D3-BF4B-00C04F79EFBC}") = "Inktide.API.Memory.Infrastructure", "src\Inktide.API.Memory\Inktide.API.Memory.Infrastructure\Inktide.API.Memory.Infrastructure.csproj", "{C5D6E7F8-A9B0-4C1D-2E3F-4A5B6C7D8E9F}"
EndProject
Project("{2150E333-8FDC-42A3-9474-1A3956D46DE8}") = "src", "src", "{827E0CD3-B72D-47B6-A68D-7590B98EB39B}"
EndProject
Project("{2150E333-8FDC-42A3-9474-1A3956D46DE8}") = "Inktide.API.Realtime", "Inktide.API.Realtime", "{CACA4936-B3D9-B8D6-16A7-18631A547AAB}"
EndProject
Project("{FAE04EC0-301F-11D3-BF4B-00C04F79EFBC}") = "Inktide.API.Realtime.Infrastructure", "src\Inktide.API.Realtime\Inktide.API.Realtime.Infrastructure\Inktide.API.Realtime.Infrastructure.csproj", "{B7EAAAEC-96A0-4735-A2B3-7982A62C9E63}"
EndProject
Project("{FAE04EC0-301F-11D3-BF4B-00C04F79EFBC}") = "Inktide.API.Connector.InktideChat", "src\Inktide.API.Connector\Inktide.API.Connector.InktideChat\Inktide.API.Connector.InktideChat.csproj", "{7CC3BFB2-B62F-4D24-BEE0-76ACAF475C98}"
EndProject
Project("{2150E333-8FDC-42A3-9474-1A3956D46DE8}") = "Inktide.API.Synapse", "Inktide.API.Synapse", "{9BE36F21-BAD4-09F1-A3BD-8A22DC23A967}"
EndProject
Project("{FAE04EC0-301F-11D3-BF4B-00C04F79EFBC}") = "Inktide.API.Synapse.REST", "src\Inktide.API.Synapse\Inktide.API.Synapse.REST\Inktide.API.Synapse.REST.csproj", "{6CC89232-1332-40E4-A615-4ED5AD283A43}"
EndProject
Project("{2150E333-8FDC-42A3-9474-1A3956D46DE8}") = "Inktide.API.Billing", "Inktide.API.Billing", "{535BF85F-718E-A817-CFEB-B5B7D45D1FD5}"
EndProject
Project("{FAE04EC0-301F-11D3-BF4B-00C04F79EFBC}") = "Inktide.API.Billing.Application", "src\Inktide.API.Billing\Inktide.API.Billing.Application\Inktide.API.Billing.Application.csproj", "{CA0BC349-27A6-4BB7-8879-3EBC2FAA086F}"
EndProject
Project("{FAE04EC0-301F-11D3-BF4B-00C04F79EFBC}") = "Inktide.API.Billing.Infrastructure", "src\Inktide.API.Billing\Inktide.API.Billing.Infrastructure\Inktide.API.Billing.Infrastructure.csproj", "{1F1C1052-6FDF-437B-B6AA-C6AB40B858C6}"
EndProject
Project("{FAE04EC0-301F-11D3-BF4B-00C04F79EFBC}") = "Inktide.API.Billing.REST", "src\Inktide.API.Billing\Inktide.API.Billing.REST\Inktide.API.Billing.REST.csproj", "{58340D9B-DB77-45FB-B56E-79DCE8576816}"
EndProject
Project("{2150E333-8FDC-42A3-9474-1A3956D46DE8}") = "Inktide.API.Graph", "Inktide.API.Graph", "{E3D10975-7923-E941-C391-0A4AF9BCE4A3}"
EndProject
Project("{FAE04EC0-301F-11D3-BF4B-00C04F79EFBC}") = "Inktide.API.Graph.Domain", "src\Inktide.API.Graph\Inktide.API.Graph.Domain\Inktide.API.Graph.Domain.csproj", "{EFFDDD26-6A04-43E7-AC44-CFACC35903A6}"
EndProject
Project("{FAE04EC0-301F-11D3-BF4B-00C04F79EFBC}") = "Inktide.API.Graph.Application", "src\Inktide.API.Graph\Inktide.API.Graph.Application\Inktide.API.Graph.Application.csproj", "{3248E1C7-B709-4E75-9BB8-26C054D08255}"
EndProject
Project("{FAE04EC0-301F-11D3-BF4B-00C04F79EFBC}") = "Inktide.API.Graph.Infrastructure", "src\Inktide.API.Graph\Inktide.API.Graph.Infrastructure\Inktide.API.Graph.Infrastructure.csproj", "{1B5D8489-9C0A-408B-B5D2-A72814CB98E7}"
EndProject
Project("{FAE04EC0-301F-11D3-BF4B-00C04F79EFBC}") = "Inktide.API.Graph.REST", "src\Inktide.API.Graph\Inktide.API.Graph.REST\Inktide.API.Graph.REST.csproj", "{9B068E21-85E6-4C2E-8510-C662AB8D73A8}"
EndProject
Project("{FAE04EC0-301F-11D3-BF4B-00C04F79EFBC}") = "Inktide.API.Project.Domain", "src\Inktide.API.Project\Inktide.API.Project.Domain\Inktide.API.Project.Domain.csproj", "{A1B2C3D4-E5F6-7890-ABCD-EF1234567891}"
EndProject
Project("{FAE04EC0-301F-11D3-BF4B-00C04F79EFBC}") = "Inktide.API.Project.Application", "src\Inktide.API.Project\Inktide.API.Project.Application\Inktide.API.Project.Application.csproj", "{A1B2C3D4-E5F6-7890-ABCD-EF1234567892}"
EndProject
Project("{FAE04EC0-301F-11D3-BF4B-00C04F79EFBC}") = "Inktide.API.Project.Infrastructure", "src\Inktide.API.Project\Inktide.API.Project.Infrastructure\Inktide.API.Project.Infrastructure.csproj", "{A1B2C3D4-E5F6-7890-ABCD-EF1234567893}"
EndProject
Project("{FAE04EC0-301F-11D3-BF4B-00C04F79EFBC}") = "Inktide.API.Project.REST.Models", "src\Inktide.API.Project\Inktide.API.Project.REST.Models\Inktide.API.Project.REST.Models.csproj", "{A1B2C3D4-E5F6-7890-ABCD-EF1234567894}"
EndProject
Project("{FAE04EC0-301F-11D3-BF4B-00C04F79EFBC}") = "Inktide.API.Project.REST", "src\Inktide.API.Project\Inktide.API.Project.REST\Inktide.API.Project.REST.csproj", "{A1B2C3D4-E5F6-7890-ABCD-EF1234567895}"
EndProject
Project("{2150E333-8FDC-42A3-9474-1A3956D46DE8}") = "Inktide.API.Organization", "Inktide.API.Organization", "{20F0AF15-009F-6AA0-48FA-041DEAFD6A18}"
EndProject
Project("{FAE04EC0-301F-11D3-BF4B-00C04F79EFBC}") = "Inktide.API.Organization.Application", "src\Inktide.API.Organization\Inktide.API.Organization.Application\Inktide.API.Organization.Application.csproj", "{B40548FB-BAE6-4EE1-AEDC-8B2702781E48}"
EndProject
Project("{FAE04EC0-301F-11D3-BF4B-00C04F79EFBC}") = "Inktide.API.Organization.Infrastructure", "src\Inktide.API.Organization\Inktide.API.Organization.Infrastructure\Inktide.API.Organization.Infrastructure.csproj", "{841BE90B-688A-488F-BD6B-3BC36C87C84A}"
EndProject
Project("{FAE04EC0-301F-11D3-BF4B-00C04F79EFBC}") = "Inktide.API.Organization.REST", "src\Inktide.API.Organization\Inktide.API.Organization.REST\Inktide.API.Organization.REST.csproj", "{1CF6D5F8-9C3F-4AC8-AE6A-EC2A974FDDA8}"
EndProject
Project("{2150E333-8FDC-42A3-9474-1A3956D46DE8}") = "Inktide.API.Connector", "Inktide.API.Connector", "{AA6DC115-3A68-29B8-1C38-55114B34ED51}"
EndProject
Project("{FAE04EC0-301F-11D3-BF4B-00C04F79EFBC}") = "Inktide.API.Connector.Telegram", "src\Inktide.API.Connector\Inktide.API.Connector.Telegram\Inktide.API.Connector.Telegram.csproj", "{2412D574-9807-4754-BD24-940F3D3B738E}"
EndProject
Project("{2150E333-8FDC-42A3-9474-1A3956D46DE8}") = "Inktide.API.Soul", "Inktide.API.Soul", "{BA27C4A3-2088-DCB8-9075-27070114458B}"
EndProject
Project("{2150E333-8FDC-42A3-9474-1A3956D46DE8}") = "Inktide.API.Marketplace", "Inktide.API.Marketplace", "{0C94E222-9C3C-F20C-9A76-C5B073B37C32}"
EndProject
Project("{FAE04EC0-301F-11D3-BF4B-00C04F79EFBC}") = "Inktide.API.Marketplace.Domain", "src\Inktide.API.Marketplace\Inktide.API.Marketplace.Domain\Inktide.API.Marketplace.Domain.csproj", "{52D30EDB-0774-489B-814D-2506EF9F0ED1}"
EndProject
Project("{FAE04EC0-301F-11D3-BF4B-00C04F79EFBC}") = "Inktide.API.Marketplace.Application", "src\Inktide.API.Marketplace\Inktide.API.Marketplace.Application\Inktide.API.Marketplace.Application.csproj", "{A07516BA-1F35-4C10-A220-C23FE95D60A9}"
EndProject
Project("{FAE04EC0-301F-11D3-BF4B-00C04F79EFBC}") = "Inktide.API.Marketplace.Infrastructure", "src\Inktide.API.Marketplace\Inktide.API.Marketplace.Infrastructure\Inktide.API.Marketplace.Infrastructure.csproj", "{17C6A843-CBA5-4DFC-AB77-CDB268B65419}"
EndProject
Project("{FAE04EC0-301F-11D3-BF4B-00C04F79EFBC}") = "Inktide.API.Marketplace.REST", "src\Inktide.API.Marketplace\Inktide.API.Marketplace.REST\Inktide.API.Marketplace.REST.csproj", "{EBDF63BF-ACA3-491F-9AED-6682D78DDCAC}"
EndProject
Project("{FAE04EC0-301F-11D3-BF4B-00C04F79EFBC}") = "Inktide.API.ScreenAwareness.Application", "src\Inktide.API.ScreenAwareness\Inktide.API.ScreenAwareness.Application\Inktide.API.ScreenAwareness.Application.csproj", "{A1B2C3D4-E5F6-7890-ABCD-EF1234567890}"
EndProject
Project("{FAE04EC0-301F-11D3-BF4B-00C04F79EFBC}") = "Inktide.API.ScreenAwareness.Infrastructure", "src\Inktide.API.ScreenAwareness\Inktide.API.ScreenAwareness.Infrastructure\Inktide.API.ScreenAwareness.Infrastructure.csproj", "{B2C3D4E5-F6A7-8901-BCDE-F12345678901}"
EndProject
Project("{FAE04EC0-301F-11D3-BF4B-00C04F79EFBC}") = "Inktide.API.ScreenAwareness.REST", "src\Inktide.API.ScreenAwareness\Inktide.API.ScreenAwareness.REST\Inktide.API.ScreenAwareness.REST.csproj", "{C3D4E5F6-A7B8-9012-CDEF-123456789012}"
EndProject
Project("{FAE04EC0-301F-11D3-BF4B-00C04F79EFBC}") = "Inktide.API.Project.Tests", "src\Inktide.API.Project.Tests\Inktide.API.Project.Tests.csproj", "{AF9B7ADF-FC31-42CF-B245-9BB232D2CA9F}"
EndProject
Project("{2150E333-8FDC-42A3-9474-1A3956D46DE8}") = "Inktide.API.Project", "Inktide.API.Project", "{F4C6E3C3-8191-B324-655C-CC04BE6A861C}"
EndProject
Project("{FAE04EC0-301F-11D3-BF4B-00C04F79EFBC}") = "Inktide.API.Billing.Tests", "src\Inktide.API.Billing\Inktide.API.Billing.Tests\Inktide.API.Billing.Tests.csproj", "{00BE77D7-8B7E-4845-8E92-BBA7826B7873}"
EndProject
Project("{FAE04EC0-301F-11D3-BF4B-00C04F79EFBC}") = "Inktide.API.Connector.Twitch", "src\Inktide.API.Connector\Inktide.API.Connector.Twitch\Inktide.API.Connector.Twitch.csproj", "{10A379D5-2C8B-49CA-9AA3-8E2BF364FFCC}"
EndProject
Global
	GlobalSection(SolutionConfigurationPlatforms) = preSolution
		Debug|Any CPU = Debug|Any CPU
		Debug|x64 = Debug|x64
		Debug|x86 = Debug|x86
		Release|Any CPU = Release|Any CPU
		Release|x64 = Release|x64
		Release|x86 = Release|x86
	EndGlobalSection
	GlobalSection(ProjectConfigurationPlatforms) = postSolution
		{B1C2D3E4-F5A6-4B7C-8D9E-0F1A2B3C4D5E}.Debug|Any CPU.ActiveCfg = Debug|Any CPU
		{B1C2D3E4-F5A6-4B7C-8D9E-0F1A2B3C4D5E}.Debug|Any CPU.Build.0 = Debug|Any CPU
		{B1C2D3E4-F5A6-4B7C-8D9E-0F1A2B3C4D5E}.Debug|x64.ActiveCfg = Debug|Any CPU
		{B1C2D3E4-F5A6-4B7C-8D9E-0F1A2B3C4D5E}.Debug|x64.Build.0 = Debug|Any CPU
		{B1C2D3E4-F5A6-4B7C-8D9E-0F1A2B3C4D5E}.Debug|x86.ActiveCfg = Debug|Any CPU
		{B1C2D3E4-F5A6-4B7C-8D9E-0F1A2B3C4D5E}.Debug|x86.Build.0 = Debug|Any CPU
		{B1C2D3E4-F5A6-4B7C-8D9E-0F1A2B3C4D5E}.Release|Any CPU.ActiveCfg = Release|Any CPU
		{B1C2D3E4-F5A6-4B7C-8D9E-0F1A2B3C4D5E}.Release|Any CPU.Build.0 = Release|Any CPU
		{B1C2D3E4-F5A6-4B7C-8D9E-0F1A2B3C4D5E}.Release|x64.ActiveCfg = Release|Any CPU
		{B1C2D3E4-F5A6-4B7C-8D9E-0F1A2B3C4D5E}.Release|x64.Build.0 = Release|Any CPU
		{B1C2D3E4-F5A6-4B7C-8D9E-0F1A2B3C4D5E}.Release|x86.ActiveCfg = Release|Any CPU
		{B1C2D3E4-F5A6-4B7C-8D9E-0F1A2B3C4D5E}.Release|x86.Build.0 = Release|Any CPU
		{C2D3E4F5-A6B7-4C8D-9E0F-1A2B3C4D5E6F}.Debug|Any CPU.ActiveCfg = Debug|Any CPU
		{C2D3E4F5-A6B7-4C8D-9E0F-1A2B3C4D5E6F}.Debug|Any CPU.Build.0 = Debug|Any CPU
		{C2D3E4F5-A6B7-4C8D-9E0F-1A2B3C4D5E6F}.Debug|x64.ActiveCfg = Debug|Any CPU
		{C2D3E4F5-A6B7-4C8D-9E0F-1A2B3C4D5E6F}.Debug|x64.Build.0 = Debug|Any CPU
		{C2D3E4F5-A6B7-4C8D-9E0F-1A2B3C4D5E6F}.Debug|x86.ActiveCfg = Debug|Any CPU
		{C2D3E4F5-A6B7-4C8D-9E0F-1A2B3C4D5E6F}.Debug|x86.Build.0 = Debug|Any CPU
		{C2D3E4F5-A6B7-4C8D-9E0F-1A2B3C4D5E6F}.Release|Any CPU.ActiveCfg = Release|Any CPU
		{C2D3E4F5-A6B7-4C8D-9E0F-1A2B3C4D5E6F}.Release|Any CPU.Build.0 = Release|Any CPU
		{C2D3E4F5-A6B7-4C8D-9E0F-1A2B3C4D5E6F}.Release|x64.ActiveCfg = Release|Any CPU
		{C2D3E4F5-A6B7-4C8D-9E0F-1A2B3C4D5E6F}.Release|x64.Build.0 = Release|Any CPU
		{C2D3E4F5-A6B7-4C8D-9E0F-1A2B3C4D5E6F}.Release|x86.ActiveCfg = Release|Any CPU
		{C2D3E4F5-A6B7-4C8D-9E0F-1A2B3C4D5E6F}.Release|x86.Build.0 = Release|Any CPU
		{D1E2F3A4-B5C6-4D7E-8F9A-0B1C2D3E4F5A}.Debug|Any CPU.ActiveCfg = Debug|Any CPU
		{D1E2F3A4-B5C6-4D7E-8F9A-0B1C2D3E4F5A}.Debug|Any CPU.Build.0 = Debug|Any CPU
		{D1E2F3A4-B5C6-4D7E-8F9A-0B1C2D3E4F5A}.Debug|x64.ActiveCfg = Debug|Any CPU
		{D1E2F3A4-B5C6-4D7E-8F9A-0B1C2D3E4F5A}.Debug|x64.Build.0 = Debug|Any CPU
		{D1E2F3A4-B5C6-4D7E-8F9A-0B1C2D3E4F5A}.Debug|x86.ActiveCfg = Debug|Any CPU
		{D1E2F3A4-B5C6-4D7E-8F9A-0B1C2D3E4F5A}.Debug|x86.Build.0 = Debug|Any CPU
		{D1E2F3A4-B5C6-4D7E-8F9A-0B1C2D3E4F5A}.Release|Any CPU.ActiveCfg = Release|Any CPU
		{D1E2F3A4-B5C6-4D7E-8F9A-0B1C2D3E4F5A}.Release|Any CPU.Build.0 = Release|Any CPU
		{D1E2F3A4-B5C6-4D7E-8F9A-0B1C2D3E4F5A}.Release|x64.ActiveCfg = Release|Any CPU
		{D1E2F3A4-B5C6-4D7E-8F9A-0B1C2D3E4F5A}.Release|x64.Build.0 = Release|Any CPU
		{D1E2F3A4-B5C6-4D7E-8F9A-0B1C2D3E4F5A}.Release|x86.ActiveCfg = Release|Any CPU
		{D1E2F3A4-B5C6-4D7E-8F9A-0B1C2D3E4F5A}.Release|x86.Build.0 = Release|Any CPU
		{E2F3A4B5-C6D7-4E8F-9A0B-1C2D3E4F5A6B}.Debug|Any CPU.ActiveCfg = Debug|Any CPU
		{E2F3A4B5-C6D7-4E8F-9A0B-1C2D3E4F5A6B}.Debug|Any CPU.Build.0 = Debug|Any CPU
		{E2F3A4B5-C6D7-4E8F-9A0B-1C2D3E4F5A6B}.Debug|x64.ActiveCfg = Debug|Any CPU
		{E2F3A4B5-C6D7-4E8F-9A0B-1C2D3E4F5A6B}.Debug|x64.Build.0 = Debug|Any CPU
		{E2F3A4B5-C6D7-4E8F-9A0B-1C2D3E4F5A6B}.Debug|x86.ActiveCfg = Debug|Any CPU
		{E2F3A4B5-C6D7-4E8F-9A0B-1C2D3E4F5A6B}.Debug|x86.Build.0 = Debug|Any CPU
		{E2F3A4B5-C6D7-4E8F-9A0B-1C2D3E4F5A6B}.Release|Any CPU.ActiveCfg = Release|Any CPU
		{E2F3A4B5-C6D7-4E8F-9A0B-1C2D3E4F5A6B}.Release|Any CPU.Build.0 = Release|Any CPU
		{E2F3A4B5-C6D7-4E8F-9A0B-1C2D3E4F5A6B}.Release|x64.ActiveCfg = Release|Any CPU
		{E2F3A4B5-C6D7-4E8F-9A0B-1C2D3E4F5A6B}.Release|x64.Build.0 = Release|Any CPU
		{E2F3A4B5-C6D7-4E8F-9A0B-1C2D3E4F5A6B}.Release|x86.ActiveCfg = Release|Any CPU
		{E2F3A4B5-C6D7-4E8F-9A0B-1C2D3E4F5A6B}.Release|x86.Build.0 = Release|Any CPU
		{F3A4B5C6-D7E8-4F9A-0B1C-2D3E4F5A6B7C}.Debug|Any CPU.ActiveCfg = Debug|Any CPU
		{F3A4B5C6-D7E8-4F9A-0B1C-2D3E4F5A6B7C}.Debug|Any CPU.Build.0 = Debug|Any CPU
		{F3A4B5C6-D7E8-4F9A-0B1C-2D3E4F5A6B7C}.Debug|x64.ActiveCfg = Debug|Any CPU
		{F3A4B5C6-D7E8-4F9A-0B1C-2D3E4F5A6B7C}.Debug|x64.Build.0 = Debug|Any CPU
		{F3A4B5C6-D7E8-4F9A-0B1C-2D3E4F5A6B7C}.Debug|x86.ActiveCfg = Debug|Any CPU
		{F3A4B5C6-D7E8-4F9A-0B1C-2D3E4F5A6B7C}.Debug|x86.Build.0 = Debug|Any CPU
		{F3A4B5C6-D7E8-4F9A-0B1C-2D3E4F5A6B7C}.Release|Any CPU.ActiveCfg = Release|Any CPU
		{F3A4B5C6-D7E8-4F9A-0B1C-2D3E4F5A6B7C}.Release|Any CPU.Build.0 = Release|Any CPU
		{F3A4B5C6-D7E8-4F9A-0B1C-2D3E4F5A6B7C}.Release|x64.ActiveCfg = Release|Any CPU
		{F3A4B5C6-D7E8-4F9A-0B1C-2D3E4F5A6B7C}.Release|x64.Build.0 = Release|Any CPU
		{F3A4B5C6-D7E8-4F9A-0B1C-2D3E4F5A6B7C}.Release|x86.ActiveCfg = Release|Any CPU
		{F3A4B5C6-D7E8-4F9A-0B1C-2D3E4F5A6B7C}.Release|x86.Build.0 = Release|Any CPU
		{4D5E6F7A-8B9C-4D0E-1F2A-3B4C5D6E7F8A}.Debug|Any CPU.ActiveCfg = Debug|Any CPU
		{4D5E6F7A-8B9C-4D0E-1F2A-3B4C5D6E7F8A}.Debug|Any CPU.Build.0 = Debug|Any CPU
		{4D5E6F7A-8B9C-4D0E-1F2A-3B4C5D6E7F8A}.Debug|x64.ActiveCfg = Debug|Any CPU
		{4D5E6F7A-8B9C-4D0E-1F2A-3B4C5D6E7F8A}.Debug|x64.Build.0 = Debug|Any CPU
		{4D5E6F7A-8B9C-4D0E-1F2A-3B4C5D6E7F8A}.Debug|x86.ActiveCfg = Debug|Any CPU
		{4D5E6F7A-8B9C-4D0E-1F2A-3B4C5D6E7F8A}.Debug|x86.Build.0 = Debug|Any CPU
		{4D5E6F7A-8B9C-4D0E-1F2A-3B4C5D6E7F8A}.Release|Any CPU.ActiveCfg = Release|Any CPU
		{4D5E6F7A-8B9C-4D0E-1F2A-3B4C5D6E7F8A}.Release|Any CPU.Build.0 = Release|Any CPU
		{4D5E6F7A-8B9C-4D0E-1F2A-3B4C5D6E7F8A}.Release|x64.ActiveCfg = Release|Any CPU
		{4D5E6F7A-8B9C-4D0E-1F2A-3B4C5D6E7F8A}.Release|x64.Build.0 = Release|Any CPU
		{4D5E6F7A-8B9C-4D0E-1F2A-3B4C5D6E7F8A}.Release|x86.ActiveCfg = Release|Any CPU
		{4D5E6F7A-8B9C-4D0E-1F2A-3B4C5D6E7F8A}.Release|x86.Build.0 = Release|Any CPU
		{3C4D5E6F-7A8B-4C9D-0E1F-2A3B4C5D6E7F}.Debug|Any CPU.ActiveCfg = Debug|Any CPU
		{3C4D5E6F-7A8B-4C9D-0E1F-2A3B4C5D6E7F}.Debug|Any CPU.Build.0 = Debug|Any CPU
		{3C4D5E6F-7A8B-4C9D-0E1F-2A3B4C5D6E7F}.Debug|x64.ActiveCfg = Debug|Any CPU
		{3C4D5E6F-7A8B-4C9D-0E1F-2A3B4C5D6E7F}.Debug|x64.Build.0 = Debug|Any CPU
		{3C4D5E6F-7A8B-4C9D-0E1F-2A3B4C5D6E7F}.Debug|x86.ActiveCfg = Debug|Any CPU
		{3C4D5E6F-7A8B-4C9D-0E1F-2A3B4C5D6E7F}.Debug|x86.Build.0 = Debug|Any CPU
		{3C4D5E6F-7A8B-4C9D-0E1F-2A3B4C5D6E7F}.Release|Any CPU.ActiveCfg = Release|Any CPU
		{3C4D5E6F-7A8B-4C9D-0E1F-2A3B4C5D6E7F}.Release|Any CPU.Build.0 = Release|Any CPU
		{3C4D5E6F-7A8B-4C9D-0E1F-2A3B4C5D6E7F}.Release|x64.ActiveCfg = Release|Any CPU
		{3C4D5E6F-7A8B-4C9D-0E1F-2A3B4C5D6E7F}.Release|x64.Build.0 = Release|Any CPU
		{3C4D5E6F-7A8B-4C9D-0E1F-2A3B4C5D6E7F}.Release|x86.ActiveCfg = Release|Any CPU
		{3C4D5E6F-7A8B-4C9D-0E1F-2A3B4C5D6E7F}.Release|x86.Build.0 = Release|Any CPU
		{B2C3D4E5-F6A7-4B8C-9D0E-1F2A3B4C5D6E}.Debug|Any CPU.ActiveCfg = Debug|Any CPU
		{B2C3D4E5-F6A7-4B8C-9D0E-1F2A3B4C5D6E}.Debug|Any CPU.Build.0 = Debug|Any CPU
		{B2C3D4E5-F6A7-4B8C-9D0E-1F2A3B4C5D6E}.Debug|x64.ActiveCfg = Debug|Any CPU
		{B2C3D4E5-F6A7-4B8C-9D0E-1F2A3B4C5D6E}.Debug|x64.Build.0 = Debug|Any CPU
		{B2C3D4E5-F6A7-4B8C-9D0E-1F2A3B4C5D6E}.Debug|x86.ActiveCfg = Debug|Any CPU
		{B2C3D4E5-F6A7-4B8C-9D0E-1F2A3B4C5D6E}.Debug|x86.Build.0 = Debug|Any CPU
		{B2C3D4E5-F6A7-4B8C-9D0E-1F2A3B4C5D6E}.Release|Any CPU.ActiveCfg = Release|Any CPU
		{B2C3D4E5-F6A7-4B8C-9D0E-1F2A3B4C5D6E}.Release|Any CPU.Build.0 = Release|Any CPU
		{B2C3D4E5-F6A7-4B8C-9D0E-1F2A3B4C5D6E}.Release|x64.ActiveCfg = Release|Any CPU
		{B2C3D4E5-F6A7-4B8C-9D0E-1F2A3B4C5D6E}.Release|x64.Build.0 = Release|Any CPU
		{B2C3D4E5-F6A7-4B8C-9D0E-1F2A3B4C5D6E}.Release|x86.ActiveCfg = Release|Any CPU
		{B2C3D4E5-F6A7-4B8C-9D0E-1F2A3B4C5D6E}.Release|x86.Build.0 = Release|Any CPU
		{C3D4E5F6-A7B8-4C9D-0E1F-2A3B4C5D6E7F}.Debug|Any CPU.ActiveCfg = Debug|Any CPU
		{C3D4E5F6-A7B8-4C9D-0E1F-2A3B4C5D6E7F}.Debug|Any CPU.Build.0 = Debug|Any CPU
		{C3D4E5F6-A7B8-4C9D-0E1F-2A3B4C5D6E7F}.Debug|x64.ActiveCfg = Debug|Any CPU
		{C3D4E5F6-A7B8-4C9D-0E1F-2A3B4C5D6E7F}.Debug|x64.Build.0 = Debug|Any CPU
		{C3D4E5F6-A7B8-4C9D-0E1F-2A3B4C5D6E7F}.Debug|x86.ActiveCfg = Debug|Any CPU
		{C3D4E5F6-A7B8-4C9D-0E1F-2A3B4C5D6E7F}.Debug|x86.Build.0 = Debug|Any CPU
		{C3D4E5F6-A7B8-4C9D-0E1F-2A3B4C5D6E7F}.Release|Any CPU.ActiveCfg = Release|Any CPU
		{C3D4E5F6-A7B8-4C9D-0E1F-2A3B4C5D6E7F}.Release|Any CPU.Build.0 = Release|Any CPU
		{C3D4E5F6-A7B8-4C9D-0E1F-2A3B4C5D6E7F}.Release|x64.ActiveCfg = Release|Any CPU
		{C3D4E5F6-A7B8-4C9D-0E1F-2A3B4C5D6E7F}.Release|x64.Build.0 = Release|Any CPU
		{C3D4E5F6-A7B8-4C9D-0E1F-2A3B4C5D6E7F}.Release|x86.ActiveCfg = Release|Any CPU
		{C3D4E5F6-A7B8-4C9D-0E1F-2A3B4C5D6E7F}.Release|x86.Build.0 = Release|Any CPU
		{3D0B8DC7-1462-471E-BAA3-67618AE2FFC6}.Debug|Any CPU.ActiveCfg = Debug|Any CPU
		{3D0B8DC7-1462-471E-BAA3-67618AE2FFC6}.Debug|Any CPU.Build.0 = Debug|Any CPU
		{3D0B8DC7-1462-471E-BAA3-67618AE2FFC6}.Debug|x64.ActiveCfg = Debug|Any CPU
		{3D0B8DC7-1462-471E-BAA3-67618AE2FFC6}.Debug|x64.Build.0 = Debug|Any CPU
		{3D0B8DC7-1462-471E-BAA3-67618AE2FFC6}.Debug|x86.ActiveCfg = Debug|Any CPU
		{3D0B8DC7-1462-471E-BAA3-67618AE2FFC6}.Debug|x86.Build.0 = Debug|Any CPU
		{3D0B8DC7-1462-471E-BAA3-67618AE2FFC6}.Release|Any CPU.ActiveCfg = Release|Any CPU
		{3D0B8DC7-1462-471E-BAA3-67618AE2FFC6}.Release|Any CPU.Build.0 = Release|Any CPU
		{3D0B8DC7-1462-471E-BAA3-67618AE2FFC6}.Release|x64.ActiveCfg = Release|Any CPU
		{3D0B8DC7-1462-471E-BAA3-67618AE2FFC6}.Release|x64.Build.0 = Release|Any CPU
		{3D0B8DC7-1462-471E-BAA3-67618AE2FFC6}.Release|x86.ActiveCfg = Release|Any CPU
		{3D0B8DC7-1462-471E-BAA3-67618AE2FFC6}.Release|x86.Build.0 = Release|Any CPU
		{3CB2CE0C-E8FA-45E4-AFD1-479C7EAA710F}.Debug|Any CPU.ActiveCfg = Debug|Any CPU
		{3CB2CE0C-E8FA-45E4-AFD1-479C7EAA710F}.Debug|Any CPU.Build.0 = Debug|Any CPU
		{3CB2CE0C-E8FA-45E4-AFD1-479C7EAA710F}.Debug|x64.ActiveCfg = Debug|Any CPU
		{3CB2CE0C-E8FA-45E4-AFD1-479C7EAA710F}.Debug|x64.Build.0 = Debug|Any CPU
		{3CB2CE0C-E8FA-45E4-AFD1-479C7EAA710F}.Debug|x86.ActiveCfg = Debug|Any CPU
		{3CB2CE0C-E8FA-45E4-AFD1-479C7EAA710F}.Debug|x86.Build.0 = Debug|Any CPU
		{3CB2CE0C-E8FA-45E4-AFD1-479C7EAA710F}.Release|Any CPU.ActiveCfg = Release|Any CPU
		{3CB2CE0C-E8FA-45E4-AFD1-479C7EAA710F}.Release|Any CPU.Build.0 = Release|Any CPU
		{3CB2CE0C-E8FA-45E4-AFD1-479C7EAA710F}.Release|x64.ActiveCfg = Release|Any CPU
		{3CB2CE0C-E8FA-45E4-AFD1-479C7EAA710F}.Release|x64.Build.0 = Release|Any CPU
		{3CB2CE0C-E8FA-45E4-AFD1-479C7EAA710F}.Release|x86.ActiveCfg = Release|Any CPU
		{3CB2CE0C-E8FA-45E4-AFD1-479C7EAA710F}.Release|x86.Build.0 = Release|Any CPU
		{F30A8B85-6BA8-4A40-A5DF-4099C3E1A2EF}.Debug|Any CPU.ActiveCfg = Debug|Any CPU
		{F30A8B85-6BA8-4A40-A5DF-4099C3E1A2EF}.Debug|Any CPU.Build.0 = Debug|Any CPU
		{F30A8B85-6BA8-4A40-A5DF-4099C3E1A2EF}.Debug|x64.ActiveCfg = Debug|Any CPU
		{F30A8B85-6BA8-4A40-A5DF-4099C3E1A2EF}.Debug|x64.Build.0 = Debug|Any CPU
		{F30A8B85-6BA8-4A40-A5DF-4099C3E1A2EF}.Debug|x86.ActiveCfg = Debug|Any CPU
		{F30A8B85-6BA8-4A40-A5DF-4099C3E1A2EF}.Debug|x86.Build.0 = Debug|Any CPU
		{F30A8B85-6BA8-4A40-A5DF-4099C3E1A2EF}.Release|Any CPU.ActiveCfg = Release|Any CPU
		{F30A8B85-6BA8-4A40-A5DF-4099C3E1A2EF}.Release|Any CPU.Build.0 = Release|Any CPU
		{F30A8B85-6BA8-4A40-A5DF-4099C3E1A2EF}.Release|x64.ActiveCfg = Release|Any CPU
		{F30A8B85-6BA8-4A40-A5DF-4099C3E1A2EF}.Release|x64.Build.0 = Release|Any CPU
		{F30A8B85-6BA8-4A40-A5DF-4099C3E1A2EF}.Release|x86.ActiveCfg = Release|Any CPU
		{F30A8B85-6BA8-4A40-A5DF-4099C3E1A2EF}.Release|x86.Build.0 = Release|Any CPU
		{61669234-4ED0-40A8-AF04-99D447760A49}.Debug|Any CPU.ActiveCfg = Debug|Any CPU
		{61669234-4ED0-40A8-AF04-99D447760A49}.Debug|Any CPU.Build.0 = Debug|Any CPU
		{61669234-4ED0-40A8-AF04-99D447760A49}.Debug|x64.ActiveCfg = Debug|Any CPU
		{61669234-4ED0-40A8-AF04-99D447760A49}.Debug|x64.Build.0 = Debug|Any CPU
		{61669234-4ED0-40A8-AF04-99D447760A49}.Debug|x86.ActiveCfg = Debug|Any CPU
		{61669234-4ED0-40A8-AF04-99D447760A49}.Debug|x86.Build.0 = Debug|Any CPU
		{61669234-4ED0-40A8-AF04-99D447760A49}.Release|Any CPU.ActiveCfg = Release|Any CPU
		{61669234-4ED0-40A8-AF04-99D447760A49}.Release|Any CPU.Build.0 = Release|Any CPU
		{61669234-4ED0-40A8-AF04-99D447760A49}.Release|x64.ActiveCfg = Release|Any CPU
		{61669234-4ED0-40A8-AF04-99D447760A49}.Release|x64.Build.0 = Release|Any CPU
		{61669234-4ED0-40A8-AF04-99D447760A49}.Release|x86.ActiveCfg = Release|Any CPU
		{61669234-4ED0-40A8-AF04-99D447760A49}.Release|x86.Build.0 = Release|Any CPU
		{F0FA6A5A-B6A0-40F4-A887-3ADCDE60A6FE}.Debug|Any CPU.ActiveCfg = Debug|Any CPU
		{F0FA6A5A-B6A0-40F4-A887-3ADCDE60A6FE}.Debug|Any CPU.Build.0 = Debug|Any CPU
		{F0FA6A5A-B6A0-40F4-A887-3ADCDE60A6FE}.Debug|x64.ActiveCfg = Debug|Any CPU
		{F0FA6A5A-B6A0-40F4-A887-3ADCDE60A6FE}.Debug|x64.Build.0 = Debug|Any CPU
		{F0FA6A5A-B6A0-40F4-A887-3ADCDE60A6FE}.Debug|x86.ActiveCfg = Debug|Any CPU
		{F0FA6A5A-B6A0-40F4-A887-3ADCDE60A6FE}.Debug|x86.Build.0 = Debug|Any CPU
		{F0FA6A5A-B6A0-40F4-A887-3ADCDE60A6FE}.Release|Any CPU.ActiveCfg = Release|Any CPU
		{F0FA6A5A-B6A0-40F4-A887-3ADCDE60A6FE}.Release|Any CPU.Build.0 = Release|Any CPU
		{F0FA6A5A-B6A0-40F4-A887-3ADCDE60A6FE}.Release|x64.ActiveCfg = Release|Any CPU
		{F0FA6A5A-B6A0-40F4-A887-3ADCDE60A6FE}.Release|x64.Build.0 = Release|Any CPU
		{F0FA6A5A-B6A0-40F4-A887-3ADCDE60A6FE}.Release|x86.ActiveCfg = Release|Any CPU
		{F0FA6A5A-B6A0-40F4-A887-3ADCDE60A6FE}.Release|x86.Build.0 = Release|Any CPU
		{15B86793-8D91-4124-A641-9CE774CAB5F8}.Debug|Any CPU.ActiveCfg = Debug|Any CPU
		{15B86793-8D91-4124-A641-9CE774CAB5F8}.Debug|Any CPU.Build.0 = Debug|Any CPU
		{15B86793-8D91-4124-A641-9CE774CAB5F8}.Debug|x64.ActiveCfg = Debug|Any CPU
		{15B86793-8D91-4124-A641-9CE774CAB5F8}.Debug|x64.Build.0 = Debug|Any CPU
		{15B86793-8D91-4124-A641-9CE774CAB5F8}.Debug|x86.ActiveCfg = Debug|Any CPU
		{15B86793-8D91-4124-A641-9CE774CAB5F8}.Debug|x86.Build.0 = Debug|Any CPU
		{15B86793-8D91-4124-A641-9CE774CAB5F8}.Release|Any CPU.ActiveCfg = Release|Any CPU
		{15B86793-8D91-4124-A641-9CE774CAB5F8}.Release|Any CPU.Build.0 = Release|Any CPU
		{15B86793-8D91-4124-A641-9CE774CAB5F8}.Release|x64.ActiveCfg = Release|Any CPU
		{15B86793-8D91-4124-A641-9CE774CAB5F8}.Release|x64.Build.0 = Release|Any CPU
		{15B86793-8D91-4124-A641-9CE774CAB5F8}.Release|x86.ActiveCfg = Release|Any CPU
		{15B86793-8D91-4124-A641-9CE774CAB5F8}.Release|x86.Build.0 = Release|Any CPU
		{5BD7E99B-81B9-4FE9-9771-6A58AD6F6497}.Debug|Any CPU.ActiveCfg = Debug|Any CPU
		{5BD7E99B-81B9-4FE9-9771-6A58AD6F6497}.Debug|Any CPU.Build.0 = Debug|Any CPU
		{5BD7E99B-81B9-4FE9-9771-6A58AD6F6497}.Debug|x64.ActiveCfg = Debug|Any CPU
		{5BD7E99B-81B9-4FE9-9771-6A58AD6F6497}.Debug|x64.Build.0 = Debug|Any CPU
		{5BD7E99B-81B9-4FE9-9771-6A58AD6F6497}.Debug|x86.ActiveCfg = Debug|Any CPU
		{5BD7E99B-81B9-4FE9-9771-6A58AD6F6497}.Debug|x86.Build.0 = Debug|Any CPU
		{5BD7E99B-81B9-4FE9-9771-6A58AD6F6497}.Release|Any CPU.ActiveCfg = Release|Any CPU
		{5BD7E99B-81B9-4FE9-9771-6A58AD6F6497}.Release|Any CPU.Build.0 = Release|Any CPU
		{5BD7E99B-81B9-4FE9-9771-6A58AD6F6497}.Release|x64.ActiveCfg = Release|Any CPU
		{5BD7E99B-81B9-4FE9-9771-6A58AD6F6497}.Release|x64.Build.0 = Release|Any CPU
		{5BD7E99B-81B9-4FE9-9771-6A58AD6F6497}.Release|x86.ActiveCfg = Release|Any CPU
		{5BD7E99B-81B9-4FE9-9771-6A58AD6F6497}.Release|x86.Build.0 = Release|Any CPU
		{02409046-0FF9-4F62-B407-914AE8C85142}.Debug|Any CPU.ActiveCfg = Debug|Any CPU
		{02409046-0FF9-4F62-B407-914AE8C85142}.Debug|Any CPU.Build.0 = Debug|Any CPU
		{02409046-0FF9-4F62-B407-914AE8C85142}.Debug|x64.ActiveCfg = Debug|Any CPU
		{02409046-0FF9-4F62-B407-914AE8C85142}.Debug|x64.Build.0 = Debug|Any CPU
		{02409046-0FF9-4F62-B407-914AE8C85142}.Debug|x86.ActiveCfg = Debug|Any CPU
		{02409046-0FF9-4F62-B407-914AE8C85142}.Debug|x86.Build.0 = Debug|Any CPU
		{02409046-0FF9-4F62-B407-914AE8C85142}.Release|Any CPU.ActiveCfg = Release|Any CPU
		{02409046-0FF9-4F62-B407-914AE8C85142}.Release|Any CPU.Build.0 = Release|Any CPU
		{02409046-0FF9-4F62-B407-914AE8C85142}.Release|x64.ActiveCfg = Release|Any CPU
		{02409046-0FF9-4F62-B407-914AE8C85142}.Release|x64.Build.0 = Release|Any CPU
		{02409046-0FF9-4F62-B407-914AE8C85142}.Release|x86.ActiveCfg = Release|Any CPU
		{02409046-0FF9-4F62-B407-914AE8C85142}.Release|x86.Build.0 = Release|Any CPU
		{247329A3-E970-491C-9CA5-0C2010E3E1F6}.Debug|Any CPU.ActiveCfg = Debug|Any CPU
		{247329A3-E970-491C-9CA5-0C2010E3E1F6}.Debug|Any CPU.Build.0 = Debug|Any CPU
		{247329A3-E970-491C-9CA5-0C2010E3E1F6}.Debug|x64.ActiveCfg = Debug|Any CPU
		{247329A3-E970-491C-9CA5-0C2010E3E1F6}.Debug|x64.Build.0 = Debug|Any CPU
		{247329A3-E970-491C-9CA5-0C2010E3E1F6}.Debug|x86.ActiveCfg = Debug|Any CPU
		{247329A3-E970-491C-9CA5-0C2010E3E1F6}.Debug|x86.Build.0 = Debug|Any CPU
		{247329A3-E970-491C-9CA5-0C2010E3E1F6}.Release|Any CPU.ActiveCfg = Release|Any CPU
		{247329A3-E970-491C-9CA5-0C2010E3E1F6}.Release|Any CPU.Build.0 = Release|Any CPU
		{247329A3-E970-491C-9CA5-0C2010E3E1F6}.Release|x64.ActiveCfg = Release|Any CPU
		{247329A3-E970-491C-9CA5-0C2010E3E1F6}.Release|x64.Build.0 = Release|Any CPU
		{247329A3-E970-491C-9CA5-0C2010E3E1F6}.Release|x86.ActiveCfg = Release|Any CPU
		{247329A3-E970-491C-9CA5-0C2010E3E1F6}.Release|x86.Build.0 = Release|Any CPU
		{4811C331-3320-46DB-9A2D-37F2713F74E7}.Debug|Any CPU.ActiveCfg = Debug|Any CPU
		{4811C331-3320-46DB-9A2D-37F2713F74E7}.Debug|Any CPU.Build.0 = Debug|Any CPU
		{4811C331-3320-46DB-9A2D-37F2713F74E7}.Debug|x64.ActiveCfg = Debug|Any CPU
		{4811C331-3320-46DB-9A2D-37F2713F74E7}.Debug|x64.Build.0 = Debug|Any CPU
		{4811C331-3320-46DB-9A2D-37F2713F74E7}.Debug|x86.ActiveCfg = Debug|Any CPU
		{4811C331-3320-46DB-9A2D-37F2713F74E7}.Debug|x86.Build.0 = Debug|Any CPU
		{4811C331-3320-46DB-9A2D-37F2713F74E7}.Release|Any CPU.ActiveCfg = Release|Any CPU
		{4811C331-3320-46DB-9A2D-37F2713F74E7}.Release|Any CPU.Build.0 = Release|Any CPU
		{4811C331-3320-46DB-9A2D-37F2713F74E7}.Release|x64.ActiveCfg = Release|Any CPU
		{4811C331-3320-46DB-9A2D-37F2713F74E7}.Release|x64.Build.0 = Release|Any CPU
		{4811C331-3320-46DB-9A2D-37F2713F74E7}.Release|x86.ActiveCfg = Release|Any CPU
		{4811C331-3320-46DB-9A2D-37F2713F74E7}.Release|x86.Build.0 = Release|Any CPU
		{86742292-723F-4E8B-B140-A210590A408B}.Debug|Any CPU.ActiveCfg = Debug|Any CPU
		{86742292-723F-4E8B-B140-A210590A408B}.Debug|Any CPU.Build.0 = Debug|Any CPU
		{86742292-723F-4E8B-B140-A210590A408B}.Debug|x64.ActiveCfg = Debug|Any CPU
		{86742292-723F-4E8B-B140-A210590A408B}.Debug|x64.Build.0 = Debug|Any CPU
		{86742292-723F-4E8B-B140-A210590A408B}.Debug|x86.ActiveCfg = Debug|Any CPU
		{86742292-723F-4E8B-B140-A210590A408B}.Debug|x86.Build.0 = Debug|Any CPU
		{86742292-723F-4E8B-B140-A210590A408B}.Release|Any CPU.ActiveCfg = Release|Any CPU
		{86742292-723F-4E8B-B140-A210590A408B}.Release|Any CPU.Build.0 = Release|Any CPU
		{86742292-723F-4E8B-B140-A210590A408B}.Release|x64.ActiveCfg = Release|Any CPU
		{86742292-723F-4E8B-B140-A210590A408B}.Release|x64.Build.0 = Release|Any CPU
		{86742292-723F-4E8B-B140-A210590A408B}.Release|x86.ActiveCfg = Release|Any CPU
		{86742292-723F-4E8B-B140-A210590A408B}.Release|x86.Build.0 = Release|Any CPU
		{F700655E-7C55-4C20-935B-E0FEF222BEB4}.Debug|Any CPU.ActiveCfg = Debug|Any CPU
		{F700655E-7C55-4C20-935B-E0FEF222BEB4}.Debug|Any CPU.Build.0 = Debug|Any CPU
		{F700655E-7C55-4C20-935B-E0FEF222BEB4}.Debug|x64.ActiveCfg = Debug|Any CPU
		{F700655E-7C55-4C20-935B-E0FEF222BEB4}.Debug|x64.Build.0 = Debug|Any CPU
		{F700655E-7C55-4C20-935B-E0FEF222BEB4}.Debug|x86.ActiveCfg = Debug|Any CPU
		{F700655E-7C55-4C20-935B-E0FEF222BEB4}.Debug|x86.Build.0 = Debug|Any CPU
		{F700655E-7C55-4C20-935B-E0FEF222BEB4}.Release|Any CPU.ActiveCfg = Release|Any CPU
		{F700655E-7C55-4C20-935B-E0FEF222BEB4}.Release|Any CPU.Build.0 = Release|Any CPU
		{F700655E-7C55-4C20-935B-E0FEF222BEB4}.Release|x64.ActiveCfg = Release|Any CPU
		{F700655E-7C55-4C20-935B-E0FEF222BEB4}.Release|x64.Build.0 = Release|Any CPU
		{F700655E-7C55-4C20-935B-E0FEF222BEB4}.Release|x86.ActiveCfg = Release|Any CPU
		{F700655E-7C55-4C20-935B-E0FEF222BEB4}.Release|x86.Build.0 = Release|Any CPU
		{AD751F14-1061-43E1-AE98-1B873D95671A}.Debug|Any CPU.ActiveCfg = Debug|Any CPU
		{AD751F14-1061-43E1-AE98-1B873D95671A}.Debug|Any CPU.Build.0 = Debug|Any CPU
		{AD751F14-1061-43E1-AE98-1B873D95671A}.Debug|x64.ActiveCfg = Debug|Any CPU
		{AD751F14-1061-43E1-AE98-1B873D95671A}.Debug|x64.Build.0 = Debug|Any CPU
		{AD751F14-1061-43E1-AE98-1B873D95671A}.Debug|x86.ActiveCfg = Debug|Any CPU
		{AD751F14-1061-43E1-AE98-1B873D95671A}.Debug|x86.Build.0 = Debug|Any CPU
		{AD751F14-1061-43E1-AE98-1B873D95671A}.Release|Any CPU.ActiveCfg = Release|Any CPU
		{AD751F14-1061-43E1-AE98-1B873D95671A}.Release|Any CPU.Build.0 = Release|Any CPU
		{AD751F14-1061-43E1-AE98-1B873D95671A}.Release|x64.ActiveCfg = Release|Any CPU
		{AD751F14-1061-43E1-AE98-1B873D95671A}.Release|x64.Build.0 = Release|Any CPU
		{AD751F14-1061-43E1-AE98-1B873D95671A}.Release|x86.ActiveCfg = Release|Any CPU
		{AD751F14-1061-43E1-AE98-1B873D95671A}.Release|x86.Build.0 = Release|Any CPU
		{56707AC5-EE38-4122-B411-D5F6FA23A8F1}.Debug|Any CPU.ActiveCfg = Debug|Any CPU
		{56707AC5-EE38-4122-B411-D5F6FA23A8F1}.Debug|Any CPU.Build.0 = Debug|Any CPU
		{56707AC5-EE38-4122-B411-D5F6FA23A8F1}.Debug|x64.ActiveCfg = Debug|Any CPU
		{56707AC5-EE38-4122-B411-D5F6FA23A8F1}.Debug|x64.Build.0 = Debug|Any CPU
		{56707AC5-EE38-4122-B411-D5F6FA23A8F1}.Debug|x86.ActiveCfg = Debug|Any CPU
		{56707AC5-EE38-4122-B411-D5F6FA23A8F1}.Debug|x86.Build.0 = Debug|Any CPU
		{56707AC5-EE38-4122-B411-D5F6FA23A8F1}.Release|Any CPU.ActiveCfg = Release|Any CPU
		{56707AC5-EE38-4122-B411-D5F6FA23A8F1}.Release|Any CPU.Build.0 = Release|Any CPU
		{56707AC5-EE38-4122-B411-D5F6FA23A8F1}.Release|x64.ActiveCfg = Release|Any CPU
		{56707AC5-EE38-4122-B411-D5F6FA23A8F1}.Release|x64.Build.0 = Release|Any CPU
		{56707AC5-EE38-4122-B411-D5F6FA23A8F1}.Release|x86.ActiveCfg = Release|Any CPU
		{56707AC5-EE38-4122-B411-D5F6FA23A8F1}.Release|x86.Build.0 = Release|Any CPU
		{157F64B3-669D-42AB-BDDC-ADC601B831BF}.Debug|Any CPU.ActiveCfg = Debug|Any CPU
		{157F64B3-669D-42AB-BDDC-ADC601B831BF}.Debug|Any CPU.Build.0 = Debug|Any CPU
		{157F64B3-669D-42AB-BDDC-ADC601B831BF}.Debug|x64.ActiveCfg = Debug|Any CPU
		{157F64B3-669D-42AB-BDDC-ADC601B831BF}.Debug|x64.Build.0 = Debug|Any CPU
		{157F64B3-669D-42AB-BDDC-ADC601B831BF}.Debug|x86.ActiveCfg = Debug|Any CPU
		{157F64B3-669D-42AB-BDDC-ADC601B831BF}.Debug|x86.Build.0 = Debug|Any CPU
		{157F64B3-669D-42AB-BDDC-ADC601B831BF}.Release|Any CPU.ActiveCfg = Release|Any CPU
		{157F64B3-669D-42AB-BDDC-ADC601B831BF}.Release|Any CPU.Build.0 = Release|Any CPU
		{157F64B3-669D-42AB-BDDC-ADC601B831BF}.Release|x64.ActiveCfg = Release|Any CPU
		{157F64B3-669D-42AB-BDDC-ADC601B831BF}.Release|x64.Build.0 = Release|Any CPU
		{157F64B3-669D-42AB-BDDC-ADC601B831BF}.Release|x86.ActiveCfg = Release|Any CPU
		{157F64B3-669D-42AB-BDDC-ADC601B831BF}.Release|x86.Build.0 = Release|Any CPU
		{A3B4C5D6-E7F8-4A9B-0C1D-2E3F4A5B6C7D}.Debug|Any CPU.ActiveCfg = Debug|Any CPU
		{A3B4C5D6-E7F8-4A9B-0C1D-2E3F4A5B6C7D}.Debug|Any CPU.Build.0 = Debug|Any CPU
		{A3B4C5D6-E7F8-4A9B-0C1D-2E3F4A5B6C7D}.Debug|x64.ActiveCfg = Debug|Any CPU
		{A3B4C5D6-E7F8-4A9B-0C1D-2E3F4A5B6C7D}.Debug|x64.Build.0 = Debug|Any CPU
		{A3B4C5D6-E7F8-4A9B-0C1D-2E3F4A5B6C7D}.Debug|x86.ActiveCfg = Debug|Any CPU
		{A3B4C5D6-E7F8-4A9B-0C1D-2E3F4A5B6C7D}.Debug|x86.Build.0 = Debug|Any CPU
		{A3B4C5D6-E7F8-4A9B-0C1D-2E3F4A5B6C7D}.Release|Any CPU.ActiveCfg = Release|Any CPU
		{A3B4C5D6-E7F8-4A9B-0C1D-2E3F4A5B6C7D}.Release|Any CPU.Build.0 = Release|Any CPU
		{A3B4C5D6-E7F8-4A9B-0C1D-2E3F4A5B6C7D}.Release|x64.ActiveCfg = Release|Any CPU
		{A3B4C5D6-E7F8-4A9B-0C1D-2E3F4A5B6C7D}.Release|x64.Build.0 = Release|Any CPU
		{A3B4C5D6-E7F8-4A9B-0C1D-2E3F4A5B6C7D}.Release|x86.ActiveCfg = Release|Any CPU
		{A3B4C5D6-E7F8-4A9B-0C1D-2E3F4A5B6C7D}.Release|x86.Build.0 = Release|Any CPU
		{B4C5D6E7-F8A9-4B0C-1D2E-3F4A5B6C7D8E}.Debug|Any CPU.ActiveCfg = Debug|Any CPU
		{B4C5D6E7-F8A9-4B0C-1D2E-3F4A5B6C7D8E}.Debug|Any CPU.Build.0 = Debug|Any CPU
		{B4C5D6E7-F8A9-4B0C-1D2E-3F4A5B6C7D8E}.Debug|x64.ActiveCfg = Debug|Any CPU
		{B4C5D6E7-F8A9-4B0C-1D2E-3F4A5B6C7D8E}.Debug|x64.Build.0 = Debug|Any CPU
		{B4C5D6E7-F8A9-4B0C-1D2E-3F4A5B6C7D8E}.Debug|x86.ActiveCfg = Debug|Any CPU
		{B4C5D6E7-F8A9-4B0C-1D2E-3F4A5B6C7D8E}.Debug|x86.Build.0 = Debug|Any CPU
		{B4C5D6E7-F8A9-4B0C-1D2E-3F4A5B6C7D8E}.Release|Any CPU.ActiveCfg = Release|Any CPU
		{B4C5D6E7-F8A9-4B0C-1D2E-3F4A5B6C7D8E}.Release|Any CPU.Build.0 = Release|Any CPU
		{B4C5D6E7-F8A9-4B0C-1D2E-3F4A5B6C7D8E}.Release|x64.ActiveCfg = Release|Any CPU
		{B4C5D6E7-F8A9-4B0C-1D2E-3F4A5B6C7D8E}.Release|x64.Build.0 = Release|Any CPU
		{B4C5D6E7-F8A9-4B0C-1D2E-3F4A5B6C7D8E}.Release|x86.ActiveCfg = Release|Any CPU
		{B4C5D6E7-F8A9-4B0C-1D2E-3F4A5B6C7D8E}.Release|x86.Build.0 = Release|Any CPU
		{C5D6E7F8-A9B0-4C1D-2E3F-4A5B6C7D8E9F}.Debug|Any CPU.ActiveCfg = Debug|Any CPU
		{C5D6E7F8-A9B0-4C1D-2E3F-4A5B6C7D8E9F}.Debug|Any CPU.Build.0 = Debug|Any CPU
		{C5D6E7F8-A9B0-4C1D-2E3F-4A5B6C7D8E9F}.Debug|x64.ActiveCfg = Debug|Any CPU
		{C5D6E7F8-A9B0-4C1D-2E3F-4A5B6C7D8E9F}.Debug|x64.Build.0 = Debug|Any CPU
		{C5D6E7F8-A9B0-4C1D-2E3F-4A5B6C7D8E9F}.Debug|x86.ActiveCfg = Debug|Any CPU
		{C5D6E7F8-A9B0-4C1D-2E3F-4A5B6C7D8E9F}.Debug|x86.Build.0 = Debug|Any CPU
		{C5D6E7F8-A9B0-4C1D-2E3F-4A5B6C7D8E9F}.Release|Any CPU.ActiveCfg = Release|Any CPU
		{C5D6E7F8-A9B0-4C1D-2E3F-4A5B6C7D8E9F}.Release|Any CPU.Build.0 = Release|Any CPU
		{C5D6E7F8-A9B0-4C1D-2E3F-4A5B6C7D8E9F}.Release|x64.ActiveCfg = Release|Any CPU
		{C5D6E7F8-A9B0-4C1D-2E3F-4A5B6C7D8E9F}.Release|x64.Build.0 = Release|Any CPU
		{C5D6E7F8-A9B0-4C1D-2E3F-4A5B6C7D8E9F}.Release|x86.ActiveCfg = Release|Any CPU
		{C5D6E7F8-A9B0-4C1D-2E3F-4A5B6C7D8E9F}.Release|x86.Build.0 = Release|Any CPU
		{B7EAAAEC-96A0-4735-A2B3-7982A62C9E63}.Debug|Any CPU.ActiveCfg = Debug|Any CPU
		{B7EAAAEC-96A0-4735-A2B3-7982A62C9E63}.Debug|Any CPU.Build.0 = Debug|Any CPU
		{B7EAAAEC-96A0-4735-A2B3-7982A62C9E63}.Debug|x64.ActiveCfg = Debug|Any CPU
		{B7EAAAEC-96A0-4735-A2B3-7982A62C9E63}.Debug|x64.Build.0 = Debug|Any CPU
		{B7EAAAEC-96A0-4735-A2B3-7982A62C9E63}.Debug|x86.ActiveCfg = Debug|Any CPU
		{B7EAAAEC-96A0-4735-A2B3-7982A62C9E63}.Debug|x86.Build.0 = Debug|Any CPU
		{B7EAAAEC-96A0-4735-A2B3-7982A62C9E63}.Release|Any CPU.ActiveCfg = Release|Any CPU
		{B7EAAAEC-96A0-4735-A2B3-7982A62C9E63}.Release|Any CPU.Build.0 = Release|Any CPU
		{B7EAAAEC-96A0-4735-A2B3-7982A62C9E63}.Release|x64.ActiveCfg = Release|Any CPU
		{B7EAAAEC-96A0-4735-A2B3-7982A62C9E63}.Release|x64.Build.0 = Release|Any CPU
		{B7EAAAEC-96A0-4735-A2B3-7982A62C9E63}.Release|x86.ActiveCfg = Release|Any CPU
		{B7EAAAEC-96A0-4735-A2B3-7982A62C9E63}.Release|x86.Build.0 = Release|Any CPU
		{7CC3BFB2-B62F-4D24-BEE0-76ACAF475C98}.Debug|Any CPU.ActiveCfg = Debug|Any CPU
		{7CC3BFB2-B62F-4D24-BEE0-76ACAF475C98}.Debug|Any CPU.Build.0 = Debug|Any CPU
		{7CC3BFB2-B62F-4D24-BEE0-76ACAF475C98}.Debug|x64.ActiveCfg = Debug|Any CPU
		{7CC3BFB2-B62F-4D24-BEE0-76ACAF475C98}.Debug|x64.Build.0 = Debug|Any CPU
		{7CC3BFB2-B62F-4D24-BEE0-76ACAF475C98}.Debug|x86.ActiveCfg = Debug|Any CPU
		{7CC3BFB2-B62F-4D24-BEE0-76ACAF475C98}.Debug|x86.Build.0 = Debug|Any CPU
		{7CC3BFB2-B62F-4D24-BEE0-76ACAF475C98}.Release|Any CPU.ActiveCfg = Release|Any CPU
		{7CC3BFB2-B62F-4D24-BEE0-76ACAF475C98}.Release|Any CPU.Build.0 = Release|Any CPU
		{7CC3BFB2-B62F-4D24-BEE0-76ACAF475C98}.Release|x64.ActiveCfg = Release|Any CPU
		{7CC3BFB2-B62F-4D24-BEE0-76ACAF475C98}.Release|x64.Build.0 = Release|Any CPU
		{7CC3BFB2-B62F-4D24-BEE0-76ACAF475C98}.Release|x86.ActiveCfg = Release|Any CPU
		{7CC3BFB2-B62F-4D24-BEE0-76ACAF475C98}.Release|x86.Build.0 = Release|Any CPU
		{6CC89232-1332-40E4-A615-4ED5AD283A43}.Debug|Any CPU.ActiveCfg = Debug|Any CPU
		{6CC89232-1332-40E4-A615-4ED5AD283A43}.Debug|Any CPU.Build.0 = Debug|Any CPU
		{6CC89232-1332-40E4-A615-4ED5AD283A43}.Debug|x64.ActiveCfg = Debug|Any CPU
		{6CC89232-1332-40E4-A615-4ED5AD283A43}.Debug|x64.Build.0 = Debug|Any CPU
		{6CC89232-1332-40E4-A615-4ED5AD283A43}.Debug|x86.ActiveCfg = Debug|Any CPU
		{6CC89232-1332-40E4-A615-4ED5AD283A43}.Debug|x86.Build.0 = Debug|Any CPU
		{6CC89232-1332-40E4-A615-4ED5AD283A43}.Release|Any CPU.ActiveCfg = Release|Any CPU
		{6CC89232-1332-40E4-A615-4ED5AD283A43}.Release|Any CPU.Build.0 = Release|Any CPU
		{6CC89232-1332-40E4-A615-4ED5AD283A43}.Release|x64.ActiveCfg = Release|Any CPU
		{6CC89232-1332-40E4-A615-4ED5AD283A43}.Release|x64.Build.0 = Release|Any CPU
		{6CC89232-1332-40E4-A615-4ED5AD283A43}.Release|x86.ActiveCfg = Release|Any CPU
		{6CC89232-1332-40E4-A615-4ED5AD283A43}.Release|x86.Build.0 = Release|Any CPU
		{CA0BC349-27A6-4BB7-8879-3EBC2FAA086F}.Debug|Any CPU.ActiveCfg = Debug|Any CPU
		{CA0BC349-27A6-4BB7-8879-3EBC2FAA086F}.Debug|Any CPU.Build.0 = Debug|Any CPU
		{CA0BC349-27A6-4BB7-8879-3EBC2FAA086F}.Debug|x64.ActiveCfg = Debug|Any CPU
		{CA0BC349-27A6-4BB7-8879-3EBC2FAA086F}.Debug|x64.Build.0 = Debug|Any CPU
		{CA0BC349-27A6-4BB7-8879-3EBC2FAA086F}.Debug|x86.ActiveCfg = Debug|Any CPU
		{CA0BC349-27A6-4BB7-8879-3EBC2FAA086F}.Debug|x86.Build.0 = Debug|Any CPU
		{CA0BC349-27A6-4BB7-8879-3EBC2FAA086F}.Release|Any CPU.ActiveCfg = Release|Any CPU
		{CA0BC349-27A6-4BB7-8879-3EBC2FAA086F}.Release|Any CPU.Build.0 = Release|Any CPU
		{CA0BC349-27A6-4BB7-8879-3EBC2FAA086F}.Release|x64.ActiveCfg = Release|Any CPU
		{CA0BC349-27A6-4BB7-8879-3EBC2FAA086F}.Release|x64.Build.0 = Release|Any CPU
		{CA0BC349-27A6-4BB7-8879-3EBC2FAA086F}.Release|x86.ActiveCfg = Release|Any CPU
		{CA0BC349-27A6-4BB7-8879-3EBC2FAA086F}.Release|x86.Build.0 = Release|Any CPU
		{1F1C1052-6FDF-437B-B6AA-C6AB40B858C6}.Debug|Any CPU.ActiveCfg = Debug|Any CPU
		{1F1C1052-6FDF-437B-B6AA-C6AB40B858C6}.Debug|Any CPU.Build.0 = Debug|Any CPU
		{1F1C1052-6FDF-437B-B6AA-C6AB40B858C6}.Debug|x64.ActiveCfg = Debug|Any CPU
		{1F1C1052-6FDF-437B-B6AA-C6AB40B858C6}.Debug|x64.Build.0 = Debug|Any CPU
		{1F1C1052-6FDF-437B-B6AA-C6AB40B858C6}.Debug|x86.ActiveCfg = Debug|Any CPU
		{1F1C1052-6FDF-437B-B6AA-C6AB40B858C6}.Debug|x86.Build.0 = Debug|Any CPU
		{1F1C1052-6FDF-437B-B6AA-C6AB40B858C6}.Release|Any CPU.ActiveCfg = Release|Any CPU
		{1F1C1052-6FDF-437B-B6AA-C6AB40B858C6}.Release|Any CPU.Build.0 = Release|Any CPU
		{1F1C1052-6FDF-437B-B6AA-C6AB40B858C6}.Release|x64.ActiveCfg = Release|Any CPU
		{1F1C1052-6FDF-437B-B6AA-C6AB40B858C6}.Release|x64.Build.0 = Release|Any CPU
		{1F1C1052-6FDF-437B-B6AA-C6AB40B858C6}.Release|x86.ActiveCfg = Release|Any CPU
		{1F1C1052-6FDF-437B-B6AA-C6AB40B858C6}.Release|x86.Build.0 = Release|Any CPU
		{58340D9B-DB77-45FB-B56E-79DCE8576816}.Debug|Any CPU.ActiveCfg = Debug|Any CPU
		{58340D9B-DB77-45FB-B56E-79DCE8576816}.Debug|Any CPU.Build.0 = Debug|Any CPU
		{58340D9B-DB77-45FB-B56E-79DCE8576816}.Debug|x64.ActiveCfg = Debug|Any CPU
		{58340D9B-DB77-45FB-B56E-79DCE8576816}.Debug|x64.Build.0 = Debug|Any CPU
		{58340D9B-DB77-45FB-B56E-79DCE8576816}.Debug|x86.ActiveCfg = Debug|Any CPU
		{58340D9B-DB77-45FB-B56E-79DCE8576816}.Debug|x86.Build.0 = Debug|Any CPU
		{58340D9B-DB77-45FB-B56E-79DCE8576816}.Release|Any CPU.ActiveCfg = Release|Any CPU
		{58340D9B-DB77-45FB-B56E-79DCE8576816}.Release|Any CPU.Build.0 = Release|Any CPU
		{58340D9B-DB77-45FB-B56E-79DCE8576816}.Release|x64.ActiveCfg = Release|Any CPU
		{58340D9B-DB77-45FB-B56E-79DCE8576816}.Release|x64.Build.0 = Release|Any CPU
		{58340D9B-DB77-45FB-B56E-79DCE8576816}.Release|x86.ActiveCfg = Release|Any CPU
		{58340D9B-DB77-45FB-B56E-79DCE8576816}.Release|x86.Build.0 = Release|Any CPU
		{EFFDDD26-6A04-43E7-AC44-CFACC35903A6}.Debug|Any CPU.ActiveCfg = Debug|Any CPU
		{EFFDDD26-6A04-43E7-AC44-CFACC35903A6}.Debug|Any CPU.Build.0 = Debug|Any CPU
		{EFFDDD26-6A04-43E7-AC44-CFACC35903A6}.Debug|x64.ActiveCfg = Debug|Any CPU
		{EFFDDD26-6A04-43E7-AC44-CFACC35903A6}.Debug|x64.Build.0 = Debug|Any CPU
		{EFFDDD26-6A04-43E7-AC44-CFACC35903A6}.Debug|x86.ActiveCfg = Debug|Any CPU
		{EFFDDD26-6A04-43E7-AC44-CFACC35903A6}.Debug|x86.Build.0 = Debug|Any CPU
		{EFFDDD26-6A04-43E7-AC44-CFACC35903A6}.Release|Any CPU.ActiveCfg = Release|Any CPU
		{EFFDDD26-6A04-43E7-AC44-CFACC35903A6}.Release|Any CPU.Build.0 = Release|Any CPU
		{EFFDDD26-6A04-43E7-AC44-CFACC35903A6}.Release|x64.ActiveCfg = Release|Any CPU
		{EFFDDD26-6A04-43E7-AC44-CFACC35903A6}.Release|x64.Build.0 = Release|Any CPU
		{EFFDDD26-6A04-43E7-AC44-CFACC35903A6}.Release|x86.ActiveCfg = Release|Any CPU
		{EFFDDD26-6A04-43E7-AC44-CFACC35903A6}.Release|x86.Build.0 = Release|Any CPU
		{3248E1C7-B709-4E75-9BB8-26C054D08255}.Debug|Any CPU.ActiveCfg = Debug|Any CPU
		{3248E1C7-B709-4E75-9BB8-26C054D08255}.Debug|Any CPU.Build.0 = Debug|Any CPU
		{3248E1C7-B709-4E75-9BB8-26C054D08255}.Debug|x64.ActiveCfg = Debug|Any CPU
		{3248E1C7-B709-4E75-9BB8-26C054D08255}.Debug|x64.Build.0 = Debug|Any CPU
		{3248E1C7-B709-4E75-9BB8-26C054D08255}.Debug|x86.ActiveCfg = Debug|Any CPU
		{3248E1C7-B709-4E75-9BB8-26C054D08255}.Debug|x86.Build.0 = Debug|Any CPU
		{3248E1C7-B709-4E75-9BB8-26C054D08255}.Release|Any CPU.ActiveCfg = Release|Any CPU
		{3248E1C7-B709-4E75-9BB8-26C054D08255}.Release|Any CPU.Build.0 = Release|Any CPU
		{3248E1C7-B709-4E75-9BB8-26C054D08255}.Release|x64.ActiveCfg = Release|Any CPU
		{3248E1C7-B709-4E75-9BB8-26C054D08255}.Release|x64.Build.0 = Release|Any CPU
		{3248E1C7-B709-4E75-9BB8-26C054D08255}.Release|x86.ActiveCfg = Release|Any CPU
		{3248E1C7-B709-4E75-9BB8-26C054D08255}.Release|x86.Build.0 = Release|Any CPU
		{1B5D8489-9C0A-408B-B5D2-A72814CB98E7}.Debug|Any CPU.ActiveCfg = Debug|Any CPU
		{1B5D8489-9C0A-408B-B5D2-A72814CB98E7}.Debug|Any CPU.Build.0 = Debug|Any CPU
		{1B5D8489-9C0A-408B-B5D2-A72814CB98E7}.Debug|x64.ActiveCfg = Debug|Any CPU
		{1B5D8489-9C0A-408B-B5D2-A72814CB98E7}.Debug|x64.Build.0 = Debug|Any CPU
		{1B5D8489-9C0A-408B-B5D2-A72814CB98E7}.Debug|x86.ActiveCfg = Debug|Any CPU
		{1B5D8489-9C0A-408B-B5D2-A72814CB98E7}.Debug|x86.Build.0 = Debug|Any CPU
		{1B5D8489-9C0A-408B-B5D2-A72814CB98E7}.Release|Any CPU.ActiveCfg = Release|Any CPU
		{1B5D8489-9C0A-408B-B5D2-A72814CB98E7}.Release|Any CPU.Build.0 = Release|Any CPU
		{1B5D8489-9C0A-408B-B5D2-A72814CB98E7}.Release|x64.ActiveCfg = Release|Any CPU
		{1B5D8489-9C0A-408B-B5D2-A72814CB98E7}.Release|x64.Build.0 = Release|Any CPU
		{1B5D8489-9C0A-408B-B5D2-A72814CB98E7}.Release|x86.ActiveCfg = Release|Any CPU
		{1B5D8489-9C0A-408B-B5D2-A72814CB98E7}.Release|x86.Build.0 = Release|Any CPU
		{9B068E21-85E6-4C2E-8510-C662AB8D73A8}.Debug|Any CPU.ActiveCfg = Debug|Any CPU
		{9B068E21-85E6-4C2E-8510-C662AB8D73A8}.Debug|Any CPU.Build.0 = Debug|Any CPU
		{9B068E21-85E6-4C2E-8510-C662AB8D73A8}.Debug|x64.ActiveCfg = Debug|Any CPU
		{9B068E21-85E6-4C2E-8510-C662AB8D73A8}.Debug|x64.Build.0 = Debug|Any CPU
		{9B068E21-85E6-4C2E-8510-C662AB8D73A8}.Debug|x86.ActiveCfg = Debug|Any CPU
		{9B068E21-85E6-4C2E-8510-C662AB8D73A8}.Debug|x86.Build.0 = Debug|Any CPU
		{9B068E21-85E6-4C2E-8510-C662AB8D73A8}.Release|Any CPU.ActiveCfg = Release|Any CPU
		{9B068E21-85E6-4C2E-8510-C662AB8D73A8}.Release|Any CPU.Build.0 = Release|Any CPU
		{9B068E21-85E6-4C2E-8510-C662AB8D73A8}.Release|x64.ActiveCfg = Release|Any CPU
		{9B068E21-85E6-4C2E-8510-C662AB8D73A8}.Release|x64.Build.0 = Release|Any CPU
		{9B068E21-85E6-4C2E-8510-C662AB8D73A8}.Release|x86.ActiveCfg = Release|Any CPU
		{9B068E21-85E6-4C2E-8510-C662AB8D73A8}.Release|x86.Build.0 = Release|Any CPU
		{B40548FB-BAE6-4EE1-AEDC-8B2702781E48}.Debug|Any CPU.ActiveCfg = Debug|Any CPU
		{B40548FB-BAE6-4EE1-AEDC-8B2702781E48}.Debug|Any CPU.Build.0 = Debug|Any CPU
		{B40548FB-BAE6-4EE1-AEDC-8B2702781E48}.Debug|x64.ActiveCfg = Debug|Any CPU
		{B40548FB-BAE6-4EE1-AEDC-8B2702781E48}.Debug|x64.Build.0 = Debug|Any CPU
		{B40548FB-BAE6-4EE1-AEDC-8B2702781E48}.Debug|x86.ActiveCfg = Debug|Any CPU
		{B40548FB-BAE6-4EE1-AEDC-8B2702781E48}.Debug|x86.Build.0 = Debug|Any CPU
		{B40548FB-BAE6-4EE1-AEDC-8B2702781E48}.Release|Any CPU.ActiveCfg = Release|Any CPU
		{B40548FB-BAE6-4EE1-AEDC-8B2702781E48}.Release|Any CPU.Build.0 = Release|Any CPU
		{B40548FB-BAE6-4EE1-AEDC-8B2702781E48}.Release|x64.ActiveCfg = Release|Any CPU
		{B40548FB-BAE6-4EE1-AEDC-8B2702781E48}.Release|x64.Build.0 = Release|Any CPU
		{B40548FB-BAE6-4EE1-AEDC-8B2702781E48}.Release|x86.ActiveCfg = Release|Any CPU
		{B40548FB-BAE6-4EE1-AEDC-8B2702781E48}.Release|x86.Build.0 = Release|Any CPU
		{841BE90B-688A-488F-BD6B-3BC36C87C84A}.Debug|Any CPU.ActiveCfg = Debug|Any CPU
		{841BE90B-688A-488F-BD6B-3BC36C87C84A}.Debug|Any CPU.Build.0 = Debug|Any CPU
		{841BE90B-688A-488F-BD6B-3BC36C87C84A}.Debug|x64.ActiveCfg = Debug|Any CPU
		{841BE90B-688A-488F-BD6B-3BC36C87C84A}.Debug|x64.Build.0 = Debug|Any CPU
		{841BE90B-688A-488F-BD6B-3BC36C87C84A}.Debug|x86.ActiveCfg = Debug|Any CPU
		{841BE90B-688A-488F-BD6B-3BC36C87C84A}.Debug|x86.Build.0 = Debug|Any CPU
		{841BE90B-688A-488F-BD6B-3BC36C87C84A}.Release|Any CPU.ActiveCfg = Release|Any CPU
		{841BE90B-688A-488F-BD6B-3BC36C87C84A}.Release|Any CPU.Build.0 = Release|Any CPU
		{841BE90B-688A-488F-BD6B-3BC36C87C84A}.Release|x64.ActiveCfg = Release|Any CPU
		{841BE90B-688A-488F-BD6B-3BC36C87C84A}.Release|x64.Build.0 = Release|Any CPU
		{841BE90B-688A-488F-BD6B-3BC36C87C84A}.Release|x86.ActiveCfg = Release|Any CPU
		{841BE90B-688A-488F-BD6B-3BC36C87C84A}.Release|x86.Build.0 = Release|Any CPU
		{1CF6D5F8-9C3F-4AC8-AE6A-EC2A974FDDA8}.Debug|Any CPU.ActiveCfg = Debug|Any CPU
		{1CF6D5F8-9C3F-4AC8-AE6A-EC2A974FDDA8}.Debug|Any CPU.Build.0 = Debug|Any CPU
		{1CF6D5F8-9C3F-4AC8-AE6A-EC2A974FDDA8}.Debug|x64.ActiveCfg = Debug|Any CPU
		{1CF6D5F8-9C3F-4AC8-AE6A-EC2A974FDDA8}.Debug|x64.Build.0 = Debug|Any CPU
		{1CF6D5F8-9C3F-4AC8-AE6A-EC2A974FDDA8}.Debug|x86.ActiveCfg = Debug|Any CPU
		{1CF6D5F8-9C3F-4AC8-AE6A-EC2A974FDDA8}.Debug|x86.Build.0 = Debug|Any CPU
		{1CF6D5F8-9C3F-4AC8-AE6A-EC2A974FDDA8}.Release|Any CPU.ActiveCfg = Release|Any CPU
		{1CF6D5F8-9C3F-4AC8-AE6A-EC2A974FDDA8}.Release|Any CPU.Build.0 = Release|Any CPU
		{1CF6D5F8-9C3F-4AC8-AE6A-EC2A974FDDA8}.Release|x64.ActiveCfg = Release|Any CPU
		{1CF6D5F8-9C3F-4AC8-AE6A-EC2A974FDDA8}.Release|x64.Build.0 = Release|Any CPU
		{1CF6D5F8-9C3F-4AC8-AE6A-EC2A974FDDA8}.Release|x86.ActiveCfg = Release|Any CPU
		{1CF6D5F8-9C3F-4AC8-AE6A-EC2A974FDDA8}.Release|x86.Build.0 = Release|Any CPU
		{2412D574-9807-4754-BD24-940F3D3B738E}.Debug|Any CPU.ActiveCfg = Debug|Any CPU
		{2412D574-9807-4754-BD24-940F3D3B738E}.Debug|Any CPU.Build.0 = Debug|Any CPU
		{2412D574-9807-4754-BD24-940F3D3B738E}.Debug|x64.ActiveCfg = Debug|Any CPU
		{2412D574-9807-4754-BD24-940F3D3B738E}.Debug|x64.Build.0 = Debug|Any CPU
		{2412D574-9807-4754-BD24-940F3D3B738E}.Debug|x86.ActiveCfg = Debug|Any CPU
		{2412D574-9807-4754-BD24-940F3D3B738E}.Debug|x86.Build.0 = Debug|Any CPU
		{2412D574-9807-4754-BD24-940F3D3B738E}.Release|Any CPU.ActiveCfg = Release|Any CPU
		{2412D574-9807-4754-BD24-940F3D3B738E}.Release|Any CPU.Build.0 = Release|Any CPU
		{2412D574-9807-4754-BD24-940F3D3B738E}.Release|x64.ActiveCfg = Release|Any CPU
		{2412D574-9807-4754-BD24-940F3D3B738E}.Release|x64.Build.0 = Release|Any CPU
		{2412D574-9807-4754-BD24-940F3D3B738E}.Release|x86.ActiveCfg = Release|Any CPU
		{2412D574-9807-4754-BD24-940F3D3B738E}.Release|x86.Build.0 = Release|Any CPU
		{52D30EDB-0774-489B-814D-2506EF9F0ED1}.Debug|Any CPU.ActiveCfg = Debug|Any CPU
		{52D30EDB-0774-489B-814D-2506EF9F0ED1}.Debug|Any CPU.Build.0 = Debug|Any CPU
		{52D30EDB-0774-489B-814D-2506EF9F0ED1}.Debug|x64.ActiveCfg = Debug|Any CPU
		{52D30EDB-0774-489B-814D-2506EF9F0ED1}.Debug|x64.Build.0 = Debug|Any CPU
		{52D30EDB-0774-489B-814D-2506EF9F0ED1}.Debug|x86.ActiveCfg = Debug|Any CPU
		{52D30EDB-0774-489B-814D-2506EF9F0ED1}.Debug|x86.Build.0 = Debug|Any CPU
		{52D30EDB-0774-489B-814D-2506EF9F0ED1}.Release|Any CPU.ActiveCfg = Release|Any CPU
		{52D30EDB-0774-489B-814D-2506EF9F0ED1}.Release|Any CPU.Build.0 = Release|Any CPU
		{52D30EDB-0774-489B-814D-2506EF9F0ED1}.Release|x64.ActiveCfg = Release|Any CPU
		{52D30EDB-0774-489B-814D-2506EF9F0ED1}.Release|x64.Build.0 = Release|Any CPU
		{52D30EDB-0774-489B-814D-2506EF9F0ED1}.Release|x86.ActiveCfg = Release|Any CPU
		{52D30EDB-0774-489B-814D-2506EF9F0ED1}.Release|x86.Build.0 = Release|Any CPU
		{A07516BA-1F35-4C10-A220-C23FE95D60A9}.Debug|Any CPU.ActiveCfg = Debug|Any CPU
		{A07516BA-1F35-4C10-A220-C23FE95D60A9}.Debug|Any CPU.Build.0 = Debug|Any CPU
		{A07516BA-1F35-4C10-A220-C23FE95D60A9}.Debug|x64.ActiveCfg = Debug|Any CPU
		{A07516BA-1F35-4C10-A220-C23FE95D60A9}.Debug|x64.Build.0 = Debug|Any CPU
		{A07516BA-1F35-4C10-A220-C23FE95D60A9}.Debug|x86.ActiveCfg = Debug|Any CPU
		{A07516BA-1F35-4C10-A220-C23FE95D60A9}.Debug|x86.Build.0 = Debug|Any CPU
		{A07516BA-1F35-4C10-A220-C23FE95D60A9}.Release|Any CPU.ActiveCfg = Release|Any CPU
		{A07516BA-1F35-4C10-A220-C23FE95D60A9}.Release|Any CPU.Build.0 = Release|Any CPU
		{A07516BA-1F35-4C10-A220-C23FE95D60A9}.Release|x64.ActiveCfg = Release|Any CPU
		{A07516BA-1F35-4C10-A220-C23FE95D60A9}.Release|x64.Build.0 = Release|Any CPU
		{A07516BA-1F35-4C10-A220-C23FE95D60A9}.Release|x86.ActiveCfg = Release|Any CPU
		{A07516BA-1F35-4C10-A220-C23FE95D60A9}.Release|x86.Build.0 = Release|Any CPU
		{17C6A843-CBA5-4DFC-AB77-CDB268B65419}.Debug|Any CPU.ActiveCfg = Debug|Any CPU
		{17C6A843-CBA5-4DFC-AB77-CDB268B65419}.Debug|Any CPU.Build.0 = Debug|Any CPU
		{17C6A843-CBA5-4DFC-AB77-CDB268B65419}.Debug|x64.ActiveCfg = Debug|Any CPU
		{17C6A843-CBA5-4DFC-AB77-CDB268B65419}.Debug|x64.Build.0 = Debug|Any CPU
		{17C6A843-CBA5-4DFC-AB77-CDB268B65419}.Debug|x86.ActiveCfg = Debug|Any CPU
		{17C6A843-CBA5-4DFC-AB77-CDB268B65419}.Debug|x86.Build.0 = Debug|Any CPU
		{17C6A843-CBA5-4DFC-AB77-CDB268B65419}.Release|Any CPU.ActiveCfg = Release|Any CPU
		{17C6A843-CBA5-4DFC-AB77-CDB268B65419}.Release|Any CPU.Build.0 = Release|Any CPU
		{17C6A843-CBA5-4DFC-AB77-CDB268B65419}.Release|x64.ActiveCfg = Release|Any CPU
		{17C6A843-CBA5-4DFC-AB77-CDB268B65419}.Release|x64.Build.0 = Release|Any CPU
		{17C6A843-CBA5-4DFC-AB77-CDB268B65419}.Release|x86.ActiveCfg = Release|Any CPU
		{17C6A843-CBA5-4DFC-AB77-CDB268B65419}.Release|x86.Build.0 = Release|Any CPU
		{EBDF63BF-ACA3-491F-9AED-6682D78DDCAC}.Debug|Any CPU.ActiveCfg = Debug|Any CPU
		{EBDF63BF-ACA3-491F-9AED-6682D78DDCAC}.Debug|Any CPU.Build.0 = Debug|Any CPU
		{EBDF63BF-ACA3-491F-9AED-6682D78DDCAC}.Debug|x64.ActiveCfg = Debug|Any CPU
		{EBDF63BF-ACA3-491F-9AED-6682D78DDCAC}.Debug|x64.Build.0 = Debug|Any CPU
		{EBDF63BF-ACA3-491F-9AED-6682D78DDCAC}.Debug|x86.ActiveCfg = Debug|Any CPU
		{EBDF63BF-ACA3-491F-9AED-6682D78DDCAC}.Debug|x86.Build.0 = Debug|Any CPU
		{EBDF63BF-ACA3-491F-9AED-6682D78DDCAC}.Release|Any CPU.ActiveCfg = Release|Any CPU
		{EBDF63BF-ACA3-491F-9AED-6682D78DDCAC}.Release|Any CPU.Build.0 = Release|Any CPU
		{EBDF63BF-ACA3-491F-9AED-6682D78DDCAC}.Release|x64.ActiveCfg = Release|Any CPU
		{EBDF63BF-ACA3-491F-9AED-6682D78DDCAC}.Release|x64.Build.0 = Release|Any CPU
		{EBDF63BF-ACA3-491F-9AED-6682D78DDCAC}.Release|x86.ActiveCfg = Release|Any CPU
		{EBDF63BF-ACA3-491F-9AED-6682D78DDCAC}.Release|x86.Build.0 = Release|Any CPU
		{A1B2C3D4-E5F6-7890-ABCD-EF1234567890}.Debug|Any CPU.ActiveCfg = Debug|Any CPU
		{A1B2C3D4-E5F6-7890-ABCD-EF1234567890}.Debug|Any CPU.Build.0 = Debug|Any CPU
		{A1B2C3D4-E5F6-7890-ABCD-EF1234567890}.Debug|x64.ActiveCfg = Debug|Any CPU
		{A1B2C3D4-E5F6-7890-ABCD-EF1234567890}.Debug|x64.Build.0 = Debug|Any CPU
		{A1B2C3D4-E5F6-7890-ABCD-EF1234567890}.Debug|x86.ActiveCfg = Debug|Any CPU
		{A1B2C3D4-E5F6-7890-ABCD-EF1234567890}.Debug|x86.Build.0 = Debug|Any CPU
		{A1B2C3D4-E5F6-7890-ABCD-EF1234567890}.Release|Any CPU.ActiveCfg = Release|Any CPU
		{A1B2C3D4-E5F6-7890-ABCD-EF1234567890}.Release|Any CPU.Build.0 = Release|Any CPU
		{A1B2C3D4-E5F6-7890-ABCD-EF1234567890}.Release|x64.ActiveCfg = Release|Any CPU
		{A1B2C3D4-E5F6-7890-ABCD-EF1234567890}.Release|x64.Build.0 = Release|Any CPU
		{A1B2C3D4-E5F6-7890-ABCD-EF1234567890}.Release|x86.ActiveCfg = Release|Any CPU
		{A1B2C3D4-E5F6-7890-ABCD-EF1234567890}.Release|x86.Build.0 = Release|Any CPU
		{B2C3D4E5-F6A7-8901-BCDE-F12345678901}.Debug|Any CPU.ActiveCfg = Debug|Any CPU
		{B2C3D4E5-F6A7-8901-BCDE-F12345678901}.Debug|Any CPU.Build.0 = Debug|Any CPU
		{B2C3D4E5-F6A7-8901-BCDE-F12345678901}.Debug|x64.ActiveCfg = Debug|Any CPU
		{B2C3D4E5-F6A7-8901-BCDE-F12345678901}.Debug|x64.Build.0 = Debug|Any CPU
		{B2C3D4E5-F6A7-8901-BCDE-F12345678901}.Debug|x86.ActiveCfg = Debug|Any CPU
		{B2C3D4E5-F6A7-8901-BCDE-F12345678901}.Debug|x86.Build.0 = Debug|Any CPU
		{B2C3D4E5-F6A7-8901-BCDE-F12345678901}.Release|Any CPU.ActiveCfg = Release|Any CPU
		{B2C3D4E5-F6A7-8901-BCDE-F12345678901}.Release|Any CPU.Build.0 = Release|Any CPU
		{B2C3D4E5-F6A7-8901-BCDE-F12345678901}.Release|x64.ActiveCfg = Release|Any CPU
		{B2C3D4E5-F6A7-8901-BCDE-F12345678901}.Release|x64.Build.0 = Release|Any CPU
		{B2C3D4E5-F6A7-8901-BCDE-F12345678901}.Release|x86.ActiveCfg = Release|Any CPU
		{B2C3D4E5-F6A7-8901-BCDE-F12345678901}.Release|x86.Build.0 = Release|Any CPU
		{C3D4E5F6-A7B8-9012-CDEF-123456789012}.Debug|Any CPU.ActiveCfg = Debug|Any CPU
		{C3D4E5F6-A7B8-9012-CDEF-123456789012}.Debug|Any CPU.Build.0 = Debug|Any CPU
		{C3D4E5F6-A7B8-9012-CDEF-123456789012}.Debug|x64.ActiveCfg = Debug|Any CPU
		{C3D4E5F6-A7B8-9012-CDEF-123456789012}.Debug|x64.Build.0 = Debug|Any CPU
		{C3D4E5F6-A7B8-9012-CDEF-123456789012}.Debug|x86.ActiveCfg = Debug|Any CPU
		{C3D4E5F6-A7B8-9012-CDEF-123456789012}.Debug|x86.Build.0 = Debug|Any CPU
		{C3D4E5F6-A7B8-9012-CDEF-123456789012}.Release|Any CPU.ActiveCfg = Release|Any CPU
		{C3D4E5F6-A7B8-9012-CDEF-123456789012}.Release|Any CPU.Build.0 = Release|Any CPU
		{C3D4E5F6-A7B8-9012-CDEF-123456789012}.Release|x64.ActiveCfg = Release|Any CPU
		{C3D4E5F6-A7B8-9012-CDEF-123456789012}.Release|x64.Build.0 = Release|Any CPU
		{C3D4E5F6-A7B8-9012-CDEF-123456789012}.Release|x86.ActiveCfg = Release|Any CPU
		{C3D4E5F6-A7B8-9012-CDEF-123456789012}.Release|x86.Build.0 = Release|Any CPU
		{AF9B7ADF-FC31-42CF-B245-9BB232D2CA9F}.Debug|Any CPU.ActiveCfg = Debug|Any CPU
		{AF9B7ADF-FC31-42CF-B245-9BB232D2CA9F}.Debug|Any CPU.Build.0 = Debug|Any CPU
		{AF9B7ADF-FC31-42CF-B245-9BB232D2CA9F}.Debug|x64.ActiveCfg = Debug|Any CPU
		{AF9B7ADF-FC31-42CF-B245-9BB232D2CA9F}.Debug|x64.Build.0 = Debug|Any CPU
		{AF9B7ADF-FC31-42CF-B245-9BB232D2CA9F}.Debug|x86.ActiveCfg = Debug|Any CPU
		{AF9B7ADF-FC31-42CF-B245-9BB232D2CA9F}.Debug|x86.Build.0 = Debug|Any CPU
		{AF9B7ADF-FC31-42CF-B245-9BB232D2CA9F}.Release|Any CPU.ActiveCfg = Release|Any CPU
		{AF9B7ADF-FC31-42CF-B245-9BB232D2CA9F}.Release|Any CPU.Build.0 = Release|Any CPU
		{AF9B7ADF-FC31-42CF-B245-9BB232D2CA9F}.Release|x64.ActiveCfg = Release|Any CPU
		{AF9B7ADF-FC31-42CF-B245-9BB232D2CA9F}.Release|x64.Build.0 = Release|Any CPU
		{AF9B7ADF-FC31-42CF-B245-9BB232D2CA9F}.Release|x86.ActiveCfg = Release|Any CPU
		{AF9B7ADF-FC31-42CF-B245-9BB232D2CA9F}.Release|x86.Build.0 = Release|Any CPU
		{00BE77D7-8B7E-4845-8E92-BBA7826B7873}.Debug|Any CPU.ActiveCfg = Debug|Any CPU
		{00BE77D7-8B7E-4845-8E92-BBA7826B7873}.Debug|Any CPU.Build.0 = Debug|Any CPU
		{00BE77D7-8B7E-4845-8E92-BBA7826B7873}.Debug|x64.ActiveCfg = Debug|Any CPU
		{00BE77D7-8B7E-4845-8E92-BBA7826B7873}.Debug|x64.Build.0 = Debug|Any CPU
		{00BE77D7-8B7E-4845-8E92-BBA7826B7873}.Debug|x86.ActiveCfg = Debug|Any CPU
		{00BE77D7-8B7E-4845-8E92-BBA7826B7873}.Debug|x86.Build.0 = Debug|Any CPU
		{00BE77D7-8B7E-4845-8E92-BBA7826B7873}.Release|Any CPU.ActiveCfg = Release|Any CPU
		{00BE77D7-8B7E-4845-8E92-BBA7826B7873}.Release|Any CPU.Build.0 = Release|Any CPU
		{00BE77D7-8B7E-4845-8E92-BBA7826B7873}.Release|x64.ActiveCfg = Release|Any CPU
		{00BE77D7-8B7E-4845-8E92-BBA7826B7873}.Release|x64.Build.0 = Release|Any CPU
		{00BE77D7-8B7E-4845-8E92-BBA7826B7873}.Release|x86.ActiveCfg = Release|Any CPU
		{00BE77D7-8B7E-4845-8E92-BBA7826B7873}.Release|x86.Build.0 = Release|Any CPU
		{10A379D5-2C8B-49CA-9AA3-8E2BF364FFCC}.Debug|Any CPU.ActiveCfg = Debug|Any CPU
		{10A379D5-2C8B-49CA-9AA3-8E2BF364FFCC}.Debug|Any CPU.Build.0 = Debug|Any CPU
		{10A379D5-2C8B-49CA-9AA3-8E2BF364FFCC}.Debug|x64.ActiveCfg = Debug|Any CPU
		{10A379D5-2C8B-49CA-9AA3-8E2BF364FFCC}.Debug|x64.Build.0 = Debug|Any CPU
		{10A379D5-2C8B-49CA-9AA3-8E2BF364FFCC}.Debug|x86.ActiveCfg = Debug|Any CPU
		{10A379D5-2C8B-49CA-9AA3-8E2BF364FFCC}.Debug|x86.Build.0 = Debug|Any CPU
		{10A379D5-2C8B-49CA-9AA3-8E2BF364FFCC}.Release|Any CPU.ActiveCfg = Release|Any CPU
		{10A379D5-2C8B-49CA-9AA3-8E2BF364FFCC}.Release|Any CPU.Build.0 = Release|Any CPU
		{10A379D5-2C8B-49CA-9AA3-8E2BF364FFCC}.Release|x64.ActiveCfg = Release|Any CPU
		{10A379D5-2C8B-49CA-9AA3-8E2BF364FFCC}.Release|x64.Build.0 = Release|Any CPU
		{10A379D5-2C8B-49CA-9AA3-8E2BF364FFCC}.Release|x86.ActiveCfg = Release|Any CPU
		{10A379D5-2C8B-49CA-9AA3-8E2BF364FFCC}.Release|x86.Build.0 = Release|Any CPU
	EndGlobalSection
	GlobalSection(SolutionProperties) = preSolution
		HideSolutionNode = FALSE
	EndGlobalSection
	GlobalSection(NestedProjects) = preSolution
		{D1E2F3A4-B5C6-4D7E-8F9A-0B1C2D3E4F5A} = {A1B2C3D4-E5F6-4A5B-8C9D-0E1F2A3B4C5D}
		{E2F3A4B5-C6D7-4E8F-9A0B-1C2D3E4F5A6B} = {A1B2C3D4-E5F6-4A5B-8C9D-0E1F2A3B4C5D}
		{F3A4B5C6-D7E8-4F9A-0B1C-2D3E4F5A6B7C} = {A1B2C3D4-E5F6-4A5B-8C9D-0E1F2A3B4C5D}
		{4D5E6F7A-8B9C-4D0E-1F2A-3B4C5D6E7F8A} = {7A8B9C0D-1E2F-4A3B-8C9D-0E1F2A3B4C5D}
		{3C4D5E6F-7A8B-4C9D-0E1F-2A3B4C5D6E7F} = {7A8B9C0D-1E2F-4A3B-8C9D-0E1F2A3B4C5D}
		{B2C3D4E5-F6A7-4B8C-9D0E-1F2A3B4C5D6E} = {8B9C0D1E-2F3A-4B5C-9D0E-1F2A3B4C5D6E}
		{C3D4E5F6-A7B8-4C9D-0E1F-2A3B4C5D6E7F} = {8B9C0D1E-2F3A-4B5C-9D0E-1F2A3B4C5D6E}
		{3D0B8DC7-1462-471E-BAA3-67618AE2FFC6} = {8B9C0D1E-2F3A-4B5C-9D0E-1F2A3B4C5D6E}
		{3CB2CE0C-E8FA-45E4-AFD1-479C7EAA710F} = {8B9C0D1E-2F3A-4B5C-9D0E-1F2A3B4C5D6E}
		{F30A8B85-6BA8-4A40-A5DF-4099C3E1A2EF} = {8B9C0D1E-2F3A-4B5C-9D0E-1F2A3B4C5D6E}
		{61669234-4ED0-40A8-AF04-99D447760A49} = {8B9C0D1E-2F3A-4B5C-9D0E-1F2A3B4C5D6E}
		{F0FA6A5A-B6A0-40F4-A887-3ADCDE60A6FE} = {8B9C0D1E-2F3A-4B5C-9D0E-1F2A3B4C5D6E}
		{15B86793-8D91-4124-A641-9CE774CAB5F8} = {8B9C0D1E-2F3A-4B5C-9D0E-1F2A3B4C5D6E}
		{5BD7E99B-81B9-4FE9-9771-6A58AD6F6497} = {7F46405B-B06A-5290-96C5-DA37B58FA2E9}
		{02409046-0FF9-4F62-B407-914AE8C85142} = {7F46405B-B06A-5290-96C5-DA37B58FA2E9}
		{247329A3-E970-491C-9CA5-0C2010E3E1F6} = {7F46405B-B06A-5290-96C5-DA37B58FA2E9}
		{86742292-723F-4E8B-B140-A210590A408B} = {3D5E29CA-D4DA-C4A9-6D0B-4120D18C32D1}
		{F700655E-7C55-4C20-935B-E0FEF222BEB4} = {3D5E29CA-D4DA-C4A9-6D0B-4120D18C32D1}
		{AD751F14-1061-43E1-AE98-1B873D95671A} = {3D5E29CA-D4DA-C4A9-6D0B-4120D18C32D1}
		{56707AC5-EE38-4122-B411-D5F6FA23A8F1} = {3D5E29CA-D4DA-C4A9-6D0B-4120D18C32D1}
		{157F64B3-669D-42AB-BDDC-ADC601B831BF} = {3D5E29CA-D4DA-C4A9-6D0B-4120D18C32D1}
		{A3B4C5D6-E7F8-4A9B-0C1D-2E3F4A5B6C7D} = {B8C9D0E1-F2A3-4B4C-8D5E-6F7A8B9C0D1E}
		{B4C5D6E7-F8A9-4B0C-1D2E-3F4A5B6C7D8E} = {B8C9D0E1-F2A3-4B4C-8D5E-6F7A8B9C0D1E}
		{C5D6E7F8-A9B0-4C1D-2E3F-4A5B6C7D8E9F} = {B8C9D0E1-F2A3-4B4C-8D5E-6F7A8B9C0D1E}
		{CACA4936-B3D9-B8D6-16A7-18631A547AAB} = {827E0CD3-B72D-47B6-A68D-7590B98EB39B}
		{B7EAAAEC-96A0-4735-A2B3-7982A62C9E63} = {CACA4936-B3D9-B8D6-16A7-18631A547AAB}
		{7CC3BFB2-B62F-4D24-BEE0-76ACAF475C98} = {A1B2C3D4-E5F6-4A5B-8C9D-0E1F2A3B4C5D}
		{9BE36F21-BAD4-09F1-A3BD-8A22DC23A967} = {827E0CD3-B72D-47B6-A68D-7590B98EB39B}
		{6CC89232-1332-40E4-A615-4ED5AD283A43} = {9BE36F21-BAD4-09F1-A3BD-8A22DC23A967}
		{535BF85F-718E-A817-CFEB-B5B7D45D1FD5} = {827E0CD3-B72D-47B6-A68D-7590B98EB39B}
		{CA0BC349-27A6-4BB7-8879-3EBC2FAA086F} = {535BF85F-718E-A817-CFEB-B5B7D45D1FD5}
		{1F1C1052-6FDF-437B-B6AA-C6AB40B858C6} = {535BF85F-718E-A817-CFEB-B5B7D45D1FD5}
		{58340D9B-DB77-45FB-B56E-79DCE8576816} = {535BF85F-718E-A817-CFEB-B5B7D45D1FD5}
		{E3D10975-7923-E941-C391-0A4AF9BCE4A3} = {827E0CD3-B72D-47B6-A68D-7590B98EB39B}
		{EFFDDD26-6A04-43E7-AC44-CFACC35903A6} = {E3D10975-7923-E941-C391-0A4AF9BCE4A3}
		{3248E1C7-B709-4E75-9BB8-26C054D08255} = {E3D10975-7923-E941-C391-0A4AF9BCE4A3}
		{1B5D8489-9C0A-408B-B5D2-A72814CB98E7} = {E3D10975-7923-E941-C391-0A4AF9BCE4A3}
		{9B068E21-85E6-4C2E-8510-C662AB8D73A8} = {E3D10975-7923-E941-C391-0A4AF9BCE4A3}
		{B40548FB-BAE6-4EE1-AEDC-8B2702781E48} = {20F0AF15-009F-6AA0-48FA-041DEAFD6A18}
		{841BE90B-688A-488F-BD6B-3BC36C87C84A} = {20F0AF15-009F-6AA0-48FA-041DEAFD6A18}
		{1CF6D5F8-9C3F-4AC8-AE6A-EC2A974FDDA8} = {20F0AF15-009F-6AA0-48FA-041DEAFD6A18}
		{AA6DC115-3A68-29B8-1C38-55114B34ED51} = {827E0CD3-B72D-47B6-A68D-7590B98EB39B}
		{2412D574-9807-4754-BD24-940F3D3B738E} = {AA6DC115-3A68-29B8-1C38-55114B34ED51}
		{BA27C4A3-2088-DCB8-9075-27070114458B} = {827E0CD3-B72D-47B6-A68D-7590B98EB39B}
		{0C94E222-9C3C-F20C-9A76-C5B073B37C32} = {827E0CD3-B72D-47B6-A68D-7590B98EB39B}
		{52D30EDB-0774-489B-814D-2506EF9F0ED1} = {0C94E222-9C3C-F20C-9A76-C5B073B37C32}
		{A07516BA-1F35-4C10-A220-C23FE95D60A9} = {0C94E222-9C3C-F20C-9A76-C5B073B37C32}
		{17C6A843-CBA5-4DFC-AB77-CDB268B65419} = {0C94E222-9C3C-F20C-9A76-C5B073B37C32}
		{EBDF63BF-ACA3-491F-9AED-6682D78DDCAC} = {0C94E222-9C3C-F20C-9A76-C5B073B37C32}
		{AF9B7ADF-FC31-42CF-B245-9BB232D2CA9F} = {827E0CD3-B72D-47B6-A68D-7590B98EB39B}
		{F4C6E3C3-8191-B324-655C-CC04BE6A861C} = {827E0CD3-B72D-47B6-A68D-7590B98EB39B}
		{00BE77D7-8B7E-4845-8E92-BBA7826B7873} = {535BF85F-718E-A817-CFEB-B5B7D45D1FD5}
		{10A379D5-2C8B-49CA-9AA3-8E2BF364FFCC} = {AA6DC115-3A68-29B8-1C38-55114B34ED51}
	EndGlobalSection
EndGlobal
