
Microsoft Visual Studio Solution File, Format Version 12.00
Project("{FAE04EC0-301F-11D3-BF4B-00C04F79EFBC}") = "Chimera.ApiGateway", "Chimera.ApiGateway\Chimera.ApiGateway.csproj", "{A52B7C07-914D-40CE-BF80-D7973C65D681}"
EndProject
Project("{FAE04EC0-301F-11D3-BF4B-00C04F79EFBC}") = "Chimera.ApiGateway.Core", "Chimera.ApiGateway.Core\Chimera.ApiGateway.Core.csproj", "{BF119C8B-7896-46DB-8824-2B778B89996A}"
EndProject
Project("{FAE04EC0-301F-11D3-BF4B-00C04F79EFBC}") = "Chimera.ApiGateway.REST.API", "Chimera.ApiGateway.REST.API\Chimera.ApiGateway.REST.API.csproj", "{18F098E9-8633-4406-8600-89671160D3E9}"
EndProject
Project("{FAE04EC0-301F-11D3-BF4B-00C04F79EFBC}") = "Chimera.ApiGateway.REST.API.Models", "Chimera.ApiGateway.REST.API.Models\Chimera.ApiGateway.REST.API.Models.csproj", "{8DC8AC81-ADCC-474A-9B34-46702C5D3295}"
EndProject
Project("{FAE04EC0-301F-11D3-BF4B-00C04F79EFBC}") = "Chimera.ApiGateway.Application", "Chimera.ApiGateway.Application\Chimera.ApiGateway.Application.csproj", "{D1AB9C49-1EBB-41DD-86E1-28D6AE40A1A7}"
EndProject
Project("{FAE04EC0-301F-11D3-BF4B-00C04F79EFBC}") = "Chimera.ApiGateway.Domain", "Chimera.ApiGateway.Domain\Chimera.ApiGateway.Domain.csproj", "{389BFCED-1539-4C0D-B5A6-0F44C3DBFECD}"
EndProject
Project("{FAE04EC0-301F-11D3-BF4B-00C04F79EFBC}") = "Chimera.ApiGateway.Infrastructure", "Chimera.ApiGateway.Infrastructure\Chimera.ApiGateway.Infrastructure.csproj", "{E7F1A2B3-4C5D-6E7F-8A9B-0C1D2E3F4A5B}"
EndProject
Project("{FAE04EC0-301F-11D3-BF4B-00C04F79EFBC}") = "Chimera.ApiGateway.Grpc.Contracts", "Chimera.ApiGateway.Grpc.Contracts\Chimera.ApiGateway.Grpc.Contracts.csproj", "{F1A2B3C4-D5E6-4F7A-8B9C-0D1E2F3A4B5C}"
EndProject
Project("{FAE04EC0-301F-11D3-BF4B-00C04F79EFBC}") = "Chimera.ApiGateway.Grpc.Auth", "Chimera.ApiGateway.Grpc.Auth\Chimera.ApiGateway.Grpc.Auth.csproj", "{A1B2C3D4-E5F6-4A7B-8C9D-0E1F2A3B4C5D}"
EndProject
Project("{FAE04EC0-301F-11D3-BF4B-00C04F79EFBC}") = "Chimera.ApiGateway.Grpc", "Chimera.ApiGateway.Grpc\Chimera.ApiGateway.Grpc.csproj", "{B2C3D4E5-F6A7-4B8C-9D0E-1F2A3B4C5D6E}"
EndProject
Project("{FAE04EC0-301F-11D3-BF4B-00C04F79EFBC}") = "Chimera.ApiGateway.Twitch", "Chimera.ApiGateway.Twitch\Chimera.ApiGateway.Twitch.csproj", "{C3D4E5F6-A7B8-4C9D-0E1F-2A3B4C5D6E7F}"
EndProject
Project("{FAE04EC0-301F-11D3-BF4B-00C04F79EFBC}") = "Chimera.ApiGateway.Discord", "Chimera.ApiGateway.Discord\Chimera.ApiGateway.Discord.csproj", "{D4E5F6A7-B8C9-4D0E-1F2A-3B4C5D6E7F80}"
EndProject
Global
	GlobalSection(SolutionConfigurationPlatforms) = preSolution
		Debug|Any CPU = Debug|Any CPU
		Release|Any CPU = Release|Any CPU
	EndGlobalSection
	GlobalSection(ProjectConfigurationPlatforms) = postSolution
		{A52B7C07-914D-40CE-BF80-D7973C65D681}.Debug|Any CPU.ActiveCfg = Debug|Any CPU
		{A52B7C07-914D-40CE-BF80-D7973C65D681}.Debug|Any CPU.Build.0 = Debug|Any CPU
		{A52B7C07-914D-40CE-BF80-D7973C65D681}.Release|Any CPU.ActiveCfg = Release|Any CPU
		{A52B7C07-914D-40CE-BF80-D7973C65D681}.Release|Any CPU.Build.0 = Release|Any CPU
		{BF119C8B-7896-46DB-8824-2B778B89996A}.Debug|Any CPU.ActiveCfg = Debug|Any CPU
		{BF119C8B-7896-46DB-8824-2B778B89996A}.Debug|Any CPU.Build.0 = Debug|Any CPU
		{BF119C8B-7896-46DB-8824-2B778B89996A}.Release|Any CPU.ActiveCfg = Release|Any CPU
		{BF119C8B-7896-46DB-8824-2B778B89996A}.Release|Any CPU.Build.0 = Release|Any CPU
		{18F098E9-8633-4406-8600-89671160D3E9}.Debug|Any CPU.ActiveCfg = Debug|Any CPU
		{18F098E9-8633-4406-8600-89671160D3E9}.Debug|Any CPU.Build.0 = Debug|Any CPU
		{18F098E9-8633-4406-8600-89671160D3E9}.Release|Any CPU.ActiveCfg = Release|Any CPU
		{18F098E9-8633-4406-8600-89671160D3E9}.Release|Any CPU.Build.0 = Release|Any CPU
		{8DC8AC81-ADCC-474A-9B34-46702C5D3295}.Debug|Any CPU.ActiveCfg = Debug|Any CPU
		{8DC8AC81-ADCC-474A-9B34-46702C5D3295}.Debug|Any CPU.Build.0 = Debug|Any CPU
		{8DC8AC81-ADCC-474A-9B34-46702C5D3295}.Release|Any CPU.ActiveCfg = Release|Any CPU
		{8DC8AC81-ADCC-474A-9B34-46702C5D3295}.Release|Any CPU.Build.0 = Release|Any CPU
		{D1AB9C49-1EBB-41DD-86E1-28D6AE40A1A7}.Debug|Any CPU.ActiveCfg = Debug|Any CPU
		{D1AB9C49-1EBB-41DD-86E1-28D6AE40A1A7}.Debug|Any CPU.Build.0 = Debug|Any CPU
		{D1AB9C49-1EBB-41DD-86E1-28D6AE40A1A7}.Release|Any CPU.ActiveCfg = Release|Any CPU
		{D1AB9C49-1EBB-41DD-86E1-28D6AE40A1A7}.Release|Any CPU.Build.0 = Release|Any CPU
		{389BFCED-1539-4C0D-B5A6-0F44C3DBFECD}.Debug|Any CPU.ActiveCfg = Debug|Any CPU
		{389BFCED-1539-4C0D-B5A6-0F44C3DBFECD}.Debug|Any CPU.Build.0 = Debug|Any CPU
		{389BFCED-1539-4C0D-B5A6-0F44C3DBFECD}.Release|Any CPU.ActiveCfg = Release|Any CPU
		{389BFCED-1539-4C0D-B5A6-0F44C3DBFECD}.Release|Any CPU.Build.0 = Release|Any CPU
		{E7F1A2B3-4C5D-6E7F-8A9B-0C1D2E3F4A5B}.Debug|Any CPU.ActiveCfg = Debug|Any CPU
		{E7F1A2B3-4C5D-6E7F-8A9B-0C1D2E3F4A5B}.Debug|Any CPU.Build.0 = Debug|Any CPU
		{E7F1A2B3-4C5D-6E7F-8A9B-0C1D2E3F4A5B}.Release|Any CPU.ActiveCfg = Release|Any CPU
		{E7F1A2B3-4C5D-6E7F-8A9B-0C1D2E3F4A5B}.Release|Any CPU.Build.0 = Release|Any CPU
		{F1A2B3C4-D5E6-4F7A-8B9C-0D1E2F3A4B5C}.Debug|Any CPU.ActiveCfg = Debug|Any CPU
		{F1A2B3C4-D5E6-4F7A-8B9C-0D1E2F3A4B5C}.Debug|Any CPU.Build.0 = Debug|Any CPU
		{F1A2B3C4-D5E6-4F7A-8B9C-0D1E2F3A4B5C}.Release|Any CPU.ActiveCfg = Release|Any CPU
		{F1A2B3C4-D5E6-4F7A-8B9C-0D1E2F3A4B5C}.Release|Any CPU.Build.0 = Release|Any CPU
		{A1B2C3D4-E5F6-4A7B-8C9D-0E1F2A3B4C5D}.Debug|Any CPU.ActiveCfg = Debug|Any CPU
		{A1B2C3D4-E5F6-4A7B-8C9D-0E1F2A3B4C5D}.Debug|Any CPU.Build.0 = Debug|Any CPU
		{A1B2C3D4-E5F6-4A7B-8C9D-0E1F2A3B4C5D}.Release|Any CPU.ActiveCfg = Release|Any CPU
		{A1B2C3D4-E5F6-4A7B-8C9D-0E1F2A3B4C5D}.Release|Any CPU.Build.0 = Release|Any CPU
		{B2C3D4E5-F6A7-4B8C-9D0E-1F2A3B4C5D6E}.Debug|Any CPU.ActiveCfg = Debug|Any CPU
		{B2C3D4E5-F6A7-4B8C-9D0E-1F2A3B4C5D6E}.Debug|Any CPU.Build.0 = Debug|Any CPU
		{B2C3D4E5-F6A7-4B8C-9D0E-1F2A3B4C5D6E}.Release|Any CPU.ActiveCfg = Release|Any CPU
		{B2C3D4E5-F6A7-4B8C-9D0E-1F2A3B4C5D6E}.Release|Any CPU.Build.0 = Release|Any CPU
		{C3D4E5F6-A7B8-4C9D-0E1F-2A3B4C5D6E7F}.Debug|Any CPU.ActiveCfg = Debug|Any CPU
		{C3D4E5F6-A7B8-4C9D-0E1F-2A3B4C5D6E7F}.Debug|Any CPU.Build.0 = Debug|Any CPU
		{C3D4E5F6-A7B8-4C9D-0E1F-2A3B4C5D6E7F}.Release|Any CPU.ActiveCfg = Release|Any CPU
		{C3D4E5F6-A7B8-4C9D-0E1F-2A3B4C5D6E7F}.Release|Any CPU.Build.0 = Release|Any CPU
		{D4E5F6A7-B8C9-4D0E-1F2A-3B4C5D6E7F80}.Debug|Any CPU.ActiveCfg = Debug|Any CPU
		{D4E5F6A7-B8C9-4D0E-1F2A-3B4C5D6E7F80}.Debug|Any CPU.Build.0 = Debug|Any CPU
		{D4E5F6A7-B8C9-4D0E-1F2A-3B4C5D6E7F80}.Release|Any CPU.ActiveCfg = Release|Any CPU
		{D4E5F6A7-B8C9-4D0E-1F2A-3B4C5D6E7F80}.Release|Any CPU.Build.0 = Release|Any CPU
	EndGlobalSection
EndGlobal
